// !$*UTF8*$!
{
	archiveVersion = 1;
	classes = {
	};
	objectVersion = 55;
	objects = {

/* Begin PBXBuildFile section */
		A303930F27AADED800E2A3D4 /* PGLCompactPresentationController.swift in Sources */ = {isa = PBXBuildFile; fileRef = A303930E27AADED800E2A3D4 /* PGLCompactPresentationController.swift */; };
		A308939F251E977400F244D6 /* Launch Screen.storyboard in Resources */ = {isa = PBXBuildFile; fileRef = A308939E251E977400F244D6 /* Launch Screen.storyboard */; };
		A316B9E425D9AD25000C8299 /* PGLDataStoreTests.swift in Sources */ = {isa = PBXBuildFile; fileRef = A316B9E325D9AD25000C8299 /* PGLDataStoreTests.swift */; };
		A3181C042974C84F00834D89 /* PGLNeedsRedraw.swift in Sources */ = {isa = PBXBuildFile; fileRef = A3181C032974C84F00834D89 /* PGLNeedsRedraw.swift */; };
		A31FAF9F28F5E619002DCFEA /* PGLSequenceDissolve.swift in Sources */ = {isa = PBXBuildFile; fileRef = A31FAF9E28F5E619002DCFEA /* PGLSequenceDissolve.swift */; };
		A320F6262669550E008F6090 /* PGLInfoPrivacyController.swift in Sources */ = {isa = PBXBuildFile; fileRef = A320F6252669550E008F6090 /* PGLInfoPrivacyController.swift */; };
		A320F62A26699FA8008F6090 /* PrivacyPolicy.rtf in Resources */ = {isa = PBXBuildFile; fileRef = A320F62926699FA7008F6090 /* PrivacyPolicy.rtf */; };
		A3249AB025BC728D00F7FAC2 /* PGLDemo.swift in Sources */ = {isa = PBXBuildFile; fileRef = A3249AAF25BC728D00F7FAC2 /* PGLDemo.swift */; };
		A327122229775C30007DF04A /* MetalFilters.swift in Sources */ = {isa = PBXBuildFile; fileRef = A327122129775C30007DF04A /* MetalFilters.swift */; };
		A32F2137283BB93C006C026F /* PGLNavStackImageController.swift in Sources */ = {isa = PBXBuildFile; fileRef = A32F2136283BB93C006C026F /* PGLNavStackImageController.swift */; };
		A32F2139283BBA83006C026F /* PGLNavSecondaryController.swift in Sources */ = {isa = PBXBuildFile; fileRef = A32F2138283BBA83006C026F /* PGLNavSecondaryController.swift */; };
		A32F213B283BBAF1006C026F /* PGLNavPrimaryController.swift in Sources */ = {isa = PBXBuildFile; fileRef = A32F213A283BBAF1006C026F /* PGLNavPrimaryController.swift */; };
		A32F213D283BBF3A006C026F /* PGLFilterImageContainerController.swift in Sources */ = {isa = PBXBuildFile; fileRef = A32F213C283BBF3A006C026F /* PGLFilterImageContainerController.swift */; };
		A33BD1B129626597007D3527 /* PGLButtonCellUI.swift in Sources */ = {isa = PBXBuildFile; fileRef = A33BD1B029626597007D3527 /* PGLButtonCellUI.swift */; };
		A33C441D28E8D4E50096E7EE /* PGLSequencedFilters.swift in Sources */ = {isa = PBXBuildFile; fileRef = A33C441C28E8D4E50096E7EE /* PGLSequencedFilters.swift */; };
		A341186425C300F300587590 /* CloudKit.framework in Frameworks */ = {isa = PBXBuildFile; fileRef = A341186325C300F300587590 /* CloudKit.framework */; };
		A342AE3026C333BA00D14ECB /* PGLRandomFilterAction.swift in Sources */ = {isa = PBXBuildFile; fileRef = A342AE2F26C333BA00D14ECB /* PGLRandomFilterAction.swift */; };
		A34BB8BE295E4834007BFBA7 /* PGLAttributeWeightsVector.swift in Sources */ = {isa = PBXBuildFile; fileRef = A34BB8BD295E4834007BFBA7 /* PGLAttributeWeightsVector.swift */; };
		A34DE10D25D050AF005DC3DD /* PGLHelpSinglePage.swift in Sources */ = {isa = PBXBuildFile; fileRef = A34DE10C25D050AF005DC3DD /* PGLHelpSinglePage.swift */; };
		A353130F28E31BD5001F2C87 /* PGLCISequenced.swift in Sources */ = {isa = PBXBuildFile; fileRef = A353130E28E31BD5001F2C87 /* PGLCISequenced.swift */; };
		A353131128E37613001F2C87 /* PGLSequenceStack.swift in Sources */ = {isa = PBXBuildFile; fileRef = A353131028E37613001F2C87 /* PGLSequenceStack.swift */; };
		A35506EC26BF376A00BAC9BD /* PGLUserDefaultKeys.swift in Sources */ = {isa = PBXBuildFile; fileRef = A35506EB26BF376A00BAC9BD /* PGLUserDefaultKeys.swift */; };
		A3552BEA29463170002FBC72 /* PGLColorVectorNumeric.swift in Sources */ = {isa = PBXBuildFile; fileRef = A3552BE929463170002FBC72 /* PGLColorVectorNumeric.swift */; };
		A3552BEC29463C10002FBC72 /* PGLAttributeVectorNumericUI.swift in Sources */ = {isa = PBXBuildFile; fileRef = A3552BEB29463C10002FBC72 /* PGLAttributeVectorNumericUI.swift */; };
		A3552BEE2946AA7D002FBC72 /* PGLAttributeVectorNumeric.swift in Sources */ = {isa = PBXBuildFile; fileRef = A3552BED2946AA7D002FBC72 /* PGLAttributeVectorNumeric.swift */; };
		A357B17C2950F60D00331980 /* CGAffineTransform.swift in Sources */ = {isa = PBXBuildFile; fileRef = A357B17B2950F60D00331980 /* CGAffineTransform.swift */; };
		A35BADAC2614C8FF00C8B2AA /* PGLPopUpFilterInfo.swift in Sources */ = {isa = PBXBuildFile; fileRef = A35BADAB2614C8FF00C8B2AA /* PGLPopUpFilterInfo.swift */; };
		A35D412D294B678B00EDEB4E /* PGLVectorBasedFilter.swift in Sources */ = {isa = PBXBuildFile; fileRef = A35D412C294B678B00EDEB4E /* PGLVectorBasedFilter.swift */; };
		A35FF77926DC316400D78252 /* PGLCoreDataStack.swift in Sources */ = {isa = PBXBuildFile; fileRef = A35FF77826DC316400D78252 /* PGLCoreDataStack.swift */; };
		A35FF77C26DC324E00D78252 /* CoreDataSampleLicense.txt in Resources */ = {isa = PBXBuildFile; fileRef = A35FF77B26DC324E00D78252 /* CoreDataSampleLicense.txt */; };
		A35FF77E26DC346200D78252 /* PGLCoreData+Defns.swift in Sources */ = {isa = PBXBuildFile; fileRef = A35FF77D26DC346200D78252 /* PGLCoreData+Defns.swift */; };
		A36324E825B247F7003F4C0F /* PGLExcludeFilters.swift in Sources */ = {isa = PBXBuildFile; fileRef = A36324E725B247F7003F4C0F /* PGLExcludeFilters.swift */; };
		A3651FA32A9BD4E1006F50F6 /* PGLStackAlbumHeader.swift in Sources */ = {isa = PBXBuildFile; fileRef = A3651FA12A9BD4E1006F50F6 /* PGLStackAlbumHeader.swift */; };
		A3651FA42A9BD4E1006F50F6 /* PGLStackAlbumHeader.xib in Resources */ = {isa = PBXBuildFile; fileRef = A3651FA22A9BD4E1006F50F6 /* PGLStackAlbumHeader.xib */; };
		A3712BFD2908628400993C5E /* CDStoredFilter+CoreDataClass.swift in Sources */ = {isa = PBXBuildFile; fileRef = A3712BFB2908628400993C5E /* CDStoredFilter+CoreDataClass.swift */; };
		A3712BFE2908628400993C5E /* CDStoredFilter+CoreDataProperties.swift in Sources */ = {isa = PBXBuildFile; fileRef = A3712BFC2908628400993C5E /* CDStoredFilter+CoreDataProperties.swift */; };
		A3719FA628233D5B009A9DBE /* PGLCommonParmController.swift in Sources */ = {isa = PBXBuildFile; fileRef = A3719FA528233D5B009A9DBE /* PGLCommonParmController.swift */; };
		A375F25F26DFE47E00721D3A /* PGLStackProvider.swift in Sources */ = {isa = PBXBuildFile; fileRef = A375F25E26DFE47E00721D3A /* PGLStackProvider.swift */; };
		A37D23AE2825C27D00EE3723 /* PGLTwoContainerController.swift in Sources */ = {isa = PBXBuildFile; fileRef = A37D23AD2825C27D00EE3723 /* PGLTwoContainerController.swift */; };
		A38F9D76250442B800B58F6B /* CVPixelBufferExtension.swift in Sources */ = {isa = PBXBuildFile; fileRef = A38F9D75250442B800B58F6B /* CVPixelBufferExtension.swift */; };
		A392D5EE26C3EBDA00688952 /* PGLRandomFilterMaker.swift in Sources */ = {isa = PBXBuildFile; fileRef = A392D5ED26C3EBDA00688952 /* PGLRandomFilterMaker.swift */; };
		A39466802832DFDD00A67319 /* PGLStackImageContainerController.swift in Sources */ = {isa = PBXBuildFile; fileRef = A394667F2832DFDD00A67319 /* PGLStackImageContainerController.swift */; };
		A39466822832E30A00A67319 /* PGLSupplementNavController.swift in Sources */ = {isa = PBXBuildFile; fileRef = A39466812832E30A00A67319 /* PGLSupplementNavController.swift */; };
		A39632D8250049F000F02CEC /* PGLDisparityFilter.swift in Sources */ = {isa = PBXBuildFile; fileRef = A39632D7250049F000F02CEC /* PGLDisparityFilter.swift */; };
		A39F88022A4C7368000AE342 /* PGLLibraryController.swift in Sources */ = {isa = PBXBuildFile; fileRef = A39F88012A4C7368000AE342 /* PGLLibraryController.swift */; };
		A39F88042A4C7E6F000AE342 /* PGLLibraryCell.swift in Sources */ = {isa = PBXBuildFile; fileRef = A39F88032A4C7E6F000AE342 /* PGLLibraryCell.swift */; };
		A39F88062A4C7F5C000AE342 /* PGLLibraryPropertiesView.swift in Sources */ = {isa = PBXBuildFile; fileRef = A39F88052A4C7F5C000AE342 /* PGLLibraryPropertiesView.swift */; };
		A39F88082A4C7FF2000AE342 /* PGLAppearance.swift in Sources */ = {isa = PBXBuildFile; fileRef = A39F88072A4C7FF2000AE342 /* PGLAppearance.swift */; };
		A39F880B2A4CA38B000AE342 /* PGLSectionBackgroundDecorationView.swift in Sources */ = {isa = PBXBuildFile; fileRef = A39F880A2A4CA38B000AE342 /* PGLSectionBackgroundDecorationView.swift */; };
		A3AF392C25B61D850035A5FF /* PGLSaliencyBlur.swift in Sources */ = {isa = PBXBuildFile; fileRef = A3AF392B25B61D850035A5FF /* PGLSaliencyBlur.swift */; };
		A3B5A1412922753B003DBE92 /* AAPLShaders.metal in Sources */ = {isa = PBXBuildFile; fileRef = A3B5A1402922753B003DBE92 /* AAPLShaders.metal */; };
		A3BF503224D3299100CD5114 /* SurrealityUITests.swift in Sources */ = {isa = PBXBuildFile; fileRef = A3BF503124D3299100CD5114 /* SurrealityUITests.swift */; };
		A3BF50D224D32A3400CD5114 /* PGLResultsController.swift in Sources */ = {isa = PBXBuildFile; fileRef = A3BF504124D32A3400CD5114 /* PGLResultsController.swift */; };
		A3BF50DB24D32A3400CD5114 /* PGL-CDFilterStack.swift in Sources */ = {isa = PBXBuildFile; fileRef = A3BF504B24D32A3400CD5114 /* PGL-CDFilterStack.swift */; };
		A3BF50DC24D32A3400CD5114 /* PGLBumpBlend.swift in Sources */ = {isa = PBXBuildFile; fileRef = A3BF504C24D32A3400CD5114 /* PGLBumpBlend.swift */; };
		A3BF50E024D32A3400CD5114 /* TiltShift.swift in Sources */ = {isa = PBXBuildFile; fileRef = A3BF505024D32A3400CD5114 /* TiltShift.swift */; };
		A3BF50E124D32A3400CD5114 /* PGLOpenStackController.swift in Sources */ = {isa = PBXBuildFile; fileRef = A3BF505124D32A3400CD5114 /* PGLOpenStackController.swift */; };
		A3BF50E224D32A3400CD5114 /* PGLRectangleController.swift in Sources */ = {isa = PBXBuildFile; fileRef = A3BF505224D32A3400CD5114 /* PGLRectangleController.swift */; };
		A3BF50E324D32A3400CD5114 /* PGLStackController.swift in Sources */ = {isa = PBXBuildFile; fileRef = A3BF505324D32A3400CD5114 /* PGLStackController.swift */; };
		A3BF50E424D32A3400CD5114 /* PGLFilterAttributeNumber.swift in Sources */ = {isa = PBXBuildFile; fileRef = A3BF505424D32A3400CD5114 /* PGLFilterAttributeNumber.swift */; };
		A3BF50E524D32A3400CD5114 /* PGLFilterCategoryIndex.swift in Sources */ = {isa = PBXBuildFile; fileRef = A3BF505524D32A3400CD5114 /* PGLFilterCategoryIndex.swift */; };
		A3BF50E724D32A3400CD5114 /* PGLMetalController.swift in Sources */ = {isa = PBXBuildFile; fileRef = A3BF505724D32A3400CD5114 /* PGLMetalController.swift */; };
		A3BF50E924D32A3400CD5114 /* PGLTableCellAction.swift in Sources */ = {isa = PBXBuildFile; fileRef = A3BF505A24D32A3400CD5114 /* PGLTableCellAction.swift */; };
		A3BF50EA24D32A3400CD5114 /* PGLFilterChange.swift in Sources */ = {isa = PBXBuildFile; fileRef = A3BF505B24D32A3400CD5114 /* PGLFilterChange.swift */; };
		A3BF50EB24D32A3400CD5114 /* PGLVisionDetection.swift in Sources */ = {isa = PBXBuildFile; fileRef = A3BF505C24D32A3400CD5114 /* PGLVisionDetection.swift */; };
		A3BF50EC24D32A3400CD5114 /* PGLVisionProtocol.swift in Sources */ = {isa = PBXBuildFile; fileRef = A3BF505D24D32A3400CD5114 /* PGLVisionProtocol.swift */; };
		A3BF50EE24D32A3400CD5114 /* PGLFilterDescriptor.swift in Sources */ = {isa = PBXBuildFile; fileRef = A3BF505F24D32A3400CD5114 /* PGLFilterDescriptor.swift */; };
		A3BF50EF24D32A3400CD5114 /* PGLMainFilterController.swift in Sources */ = {isa = PBXBuildFile; fileRef = A3BF506024D32A3400CD5114 /* PGLMainFilterController.swift */; };
		A3BF50F024D32A3400CD5114 /* TableCell.xib in Resources */ = {isa = PBXBuildFile; fileRef = A3BF506124D32A3400CD5114 /* TableCell.xib */; };
		A3BF50F124D32A3400CD5114 /* Assets.xcassets in Resources */ = {isa = PBXBuildFile; fileRef = A3BF506224D32A3400CD5114 /* Assets.xcassets */; };
		A3BF50F224D32A3400CD5114 /* ListCell.swift in Sources */ = {isa = PBXBuildFile; fileRef = A3BF506424D32A3400CD5114 /* ListCell.swift */; };
		A3BF50F324D32A3400CD5114 /* BadgeSupplementrayView.swift in Sources */ = {isa = PBXBuildFile; fileRef = A3BF506524D32A3400CD5114 /* BadgeSupplementrayView.swift */; };
		A3BF50F424D32A3400CD5114 /* TextCell.swift in Sources */ = {isa = PBXBuildFile; fileRef = A3BF506624D32A3400CD5114 /* TextCell.swift */; };
		A3BF50F524D32A3400CD5114 /* OutlineItemCell.swift in Sources */ = {isa = PBXBuildFile; fileRef = A3BF506724D32A3400CD5114 /* OutlineItemCell.swift */; };
		A3BF50F724D32A3400CD5114 /* TitleSupplementaryView.swift in Sources */ = {isa = PBXBuildFile; fileRef = A3BF506924D32A3400CD5114 /* TitleSupplementaryView.swift */; };
		A3BF50F824D32A3400CD5114 /* StackDataCell.swift in Sources */ = {isa = PBXBuildFile; fileRef = A3BF506A24D32A3400CD5114 /* StackDataCell.swift */; };
		A3BF50FA24D32A3400CD5114 /* PGLBumpFaceCIFilter.swift in Sources */ = {isa = PBXBuildFile; fileRef = A3BF506C24D32A3400CD5114 /* PGLBumpFaceCIFilter.swift */; };
		A3BF50FD24D32A3400CD5114 /* PGLFilterCategory.swift in Sources */ = {isa = PBXBuildFile; fileRef = A3BF507024D32A3400CD5114 /* PGLFilterCategory.swift */; };
		A3BF50FF24D32A3400CD5114 /* PGLAttributeUI.swift in Sources */ = {isa = PBXBuildFile; fileRef = A3BF507324D32A3400CD5114 /* PGLAttributeUI.swift */; };
		A3BF510124D32A3400CD5114 /* PGLFaceTiltShift.swift in Sources */ = {isa = PBXBuildFile; fileRef = A3BF507524D32A3400CD5114 /* PGLFaceTiltShift.swift */; };
		A3BF510224D32A3400CD5114 /* Main.storyboard in Resources */ = {isa = PBXBuildFile; fileRef = A3BF507624D32A3400CD5114 /* Main.storyboard */; };
		A3BF510524D32A3400CD5114 /* PGLDynamicDragBehavior.swift in Sources */ = {isa = PBXBuildFile; fileRef = A3BF507924D32A3400CD5114 /* PGLDynamicDragBehavior.swift */; };
		A3BF510624D32A3400CD5114 /* PGLSplitViewController.swift in Sources */ = {isa = PBXBuildFile; fileRef = A3BF507A24D32A3400CD5114 /* PGLSplitViewController.swift */; };
		A3BF510724D32A3400CD5114 /* PGLTextFilter.swift in Sources */ = {isa = PBXBuildFile; fileRef = A3BF507B24D32A3400CD5114 /* PGLTextFilter.swift */; };
		A3BF510824D32A3400CD5114 /* PGLFilterClasses.swift in Sources */ = {isa = PBXBuildFile; fileRef = A3BF507C24D32A3400CD5114 /* PGLFilterClasses.swift */; };
		A3BF510924D32A3400CD5114 /* CIImage.swift in Sources */ = {isa = PBXBuildFile; fileRef = A3BF507D24D32A3400CD5114 /* CIImage.swift */; };
		A3BF510E24D32A3400CD5114 /* PGLImageCIFilter.swift in Sources */ = {isa = PBXBuildFile; fileRef = A3BF508424D32A3400CD5114 /* PGLImageCIFilter.swift */; };
		A3BF511024D32A3400CD5114 /* PGLAppStack.swift in Sources */ = {isa = PBXBuildFile; fileRef = A3BF508624D32A3400CD5114 /* PGLAppStack.swift */; };
		A3BF511124D32A3400CD5114 /* PGLFaceCIFilter.swift in Sources */ = {isa = PBXBuildFile; fileRef = A3BF508724D32A3400CD5114 /* PGLFaceCIFilter.swift */; };
		A3BF511224D32A3400CD5114 /* PGLFeatureTransitionFilter.swift in Sources */ = {isa = PBXBuildFile; fileRef = A3BF508824D32A3400CD5114 /* PGLFeatureTransitionFilter.swift */; };
		A3BF511324D32A3400CD5114 /* PGLFilterAttributeAttributedString.swift in Sources */ = {isa = PBXBuildFile; fileRef = A3BF508924D32A3400CD5114 /* PGLFilterAttributeAttributedString.swift */; };
		A3BF511424D32A3400CD5114 /* CIFilterExtensions.swift in Sources */ = {isa = PBXBuildFile; fileRef = A3BF508A24D32A3400CD5114 /* CIFilterExtensions.swift */; };
		A3BF511924D32A3400CD5114 /* RiftEffects.xcdatamodeld in Sources */ = {isa = PBXBuildFile; fileRef = A3BF509024D32A3400CD5114 /* RiftEffects.xcdatamodeld */; };
		A3BF512124D32A3400CD5114 /* AppDelegate.swift in Sources */ = {isa = PBXBuildFile; fileRef = A3BF509924D32A3400CD5114 /* AppDelegate.swift */; };
		A3BF512424D32A3400CD5114 /* PGLImageList.swift in Sources */ = {isa = PBXBuildFile; fileRef = A3BF509C24D32A3400CD5114 /* PGLImageList.swift */; };
		A3BF512824D32A3400CD5114 /* PGLFilterStack.swift in Sources */ = {isa = PBXBuildFile; fileRef = A3BF50A024D32A3400CD5114 /* PGLFilterStack.swift */; };
		A3BF512A24D32A3400CD5114 /* PGLTransitionFilter.swift in Sources */ = {isa = PBXBuildFile; fileRef = A3BF50A224D32A3400CD5114 /* PGLTransitionFilter.swift */; };
		A3BF512B24D32A3400CD5114 /* PGLSelectParmController.swift in Sources */ = {isa = PBXBuildFile; fileRef = A3BF50A324D32A3400CD5114 /* PGLSelectParmController.swift */; };
		A3BF512C24D32A3400CD5114 /* StackCell.xib in Resources */ = {isa = PBXBuildFile; fileRef = A3BF50A424D32A3400CD5114 /* StackCell.xib */; };
		A3BF512D24D32A3400CD5114 /* PGLImageSourcePath.swift in Sources */ = {isa = PBXBuildFile; fileRef = A3BF50A524D32A3400CD5114 /* PGLImageSourcePath.swift */; };
		A3BF512F24D32A3400CD5114 /* PGLFilterAttribute.swift in Sources */ = {isa = PBXBuildFile; fileRef = A3BF50A724D32A3400CD5114 /* PGLFilterAttribute.swift */; };
		A3BF513124D32A3400CD5114 /* Renderer.swift in Sources */ = {isa = PBXBuildFile; fileRef = A3BF50A924D32A3400CD5114 /* Renderer.swift */; };
		A3BF513224D32A3400CD5114 /* PGLDataSource.swift in Sources */ = {isa = PBXBuildFile; fileRef = A3BF50AF24D32A3400CD5114 /* PGLDataSource.swift */; };
		A3BF513324D32A3400CD5114 /* PGLAssetController.swift in Sources */ = {isa = PBXBuildFile; fileRef = A3BF50B024D32A3400CD5114 /* PGLAssetController.swift */; };
		A3BF513424D32A3400CD5114 /* PGLPhotoLists.swift in Sources */ = {isa = PBXBuildFile; fileRef = A3BF50B124D32A3400CD5114 /* PGLPhotoLists.swift */; };
		A3BF513524D32A3400CD5114 /* PGLImagesSelectContainer.swift in Sources */ = {isa = PBXBuildFile; fileRef = A3BF50B224D32A3400CD5114 /* PGLImagesSelectContainer.swift */; };
		A3BF513624D32A3400CD5114 /* PGLAssetCollection.swift in Sources */ = {isa = PBXBuildFile; fileRef = A3BF50B324D32A3400CD5114 /* PGLAssetCollection.swift */; };
		A3BF513724D32A3400CD5114 /* PGLDiffableDataSource.swift in Sources */ = {isa = PBXBuildFile; fileRef = A3BF50B424D32A3400CD5114 /* PGLDiffableDataSource.swift */; };
		A3BF513824D32A3400CD5114 /* PGLAssetGridController.swift in Sources */ = {isa = PBXBuildFile; fileRef = A3BF50B524D32A3400CD5114 /* PGLAssetGridController.swift */; };
		A3BF513924D32A3400CD5114 /* PGLUserAssetSelection.swift in Sources */ = {isa = PBXBuildFile; fileRef = A3BF50B624D32A3400CD5114 /* PGLUserAssetSelection.swift */; };
		A3BF513B24D32A3400CD5114 /* GridViewCell.swift in Sources */ = {isa = PBXBuildFile; fileRef = A3BF50B824D32A3400CD5114 /* GridViewCell.swift */; };
		A3BF513C24D32A3400CD5114 /* PGLAssetSequenceController.swift in Sources */ = {isa = PBXBuildFile; fileRef = A3BF50B924D32A3400CD5114 /* PGLAssetSequenceController.swift */; };
		A3BF513D24D32A3400CD5114 /* PGLImageCollectionMasterController.swift in Sources */ = {isa = PBXBuildFile; fileRef = A3BF50BA24D32A3400CD5114 /* PGLImageCollectionMasterController.swift */; };
		A3BF514724D32A3400CD5114 /* PGLFilterCIAbstract.swift in Sources */ = {isa = PBXBuildFile; fileRef = A3BF50C924D32A3400CD5114 /* PGLFilterCIAbstract.swift */; };
		A3BF514824D32A3400CD5114 /* PGLTabsController.swift in Sources */ = {isa = PBXBuildFile; fileRef = A3BF50CA24D32A3400CD5114 /* PGLTabsController.swift */; };
		A3BF515024D32D3400CD5114 /* PGLSourceFilterTests.swift in Sources */ = {isa = PBXBuildFile; fileRef = A3BF514A24D32D3400CD5114 /* PGLSourceFilterTests.swift */; };
		A3BF515124D32D3400CD5114 /* PGLFilterDescriptorTests.swift in Sources */ = {isa = PBXBuildFile; fileRef = A3BF514B24D32D3400CD5114 /* PGLFilterDescriptorTests.swift */; };
		A3BF515224D32D3400CD5114 /* PGLFilterStackTests.swift in Sources */ = {isa = PBXBuildFile; fileRef = A3BF514C24D32D3400CD5114 /* PGLFilterStackTests.swift */; };
		A3BF515424D32D3400CD5114 /* GlanceTests.swift in Sources */ = {isa = PBXBuildFile; fileRef = A3BF514E24D32D3400CD5114 /* GlanceTests.swift */; };
		A3BF515924D32D7400CD5114 /* GlanceUITests.swift in Sources */ = {isa = PBXBuildFile; fileRef = A3BF515724D32D7400CD5114 /* GlanceUITests.swift */; };
		A3C11A8B29E9D9F5001D0831 /* PGLPersonSegmentation.swift in Sources */ = {isa = PBXBuildFile; fileRef = A3C11A8A29E9D9F5001D0831 /* PGLPersonSegmentation.swift */; };
		A3CA2BFF295A01FD00502A8A /* PGLConvolutionFilter.swift in Sources */ = {isa = PBXBuildFile; fileRef = A3CA2BFE295A01FD00502A8A /* PGLConvolutionFilter.swift */; };
		A3CE5B2E24DB5DA80062A98C /* PGLCategorySurvey.swift in Sources */ = {isa = PBXBuildFile; fileRef = A3CE5B2D24DB5DA80062A98C /* PGLCategorySurvey.swift */; };
		A3D04B142A8444A300E6DB16 /* PGLStackInfoHeader.swift in Sources */ = {isa = PBXBuildFile; fileRef = A3D04B122A8444A300E6DB16 /* PGLStackInfoHeader.swift */; };
		A3D04B152A8444A300E6DB16 /* PGLStackInfoHeader.xib in Resources */ = {isa = PBXBuildFile; fileRef = A3D04B132A8444A300E6DB16 /* PGLStackInfoHeader.xib */; };
		A3D9FF09292A9EFE00BAE158 /* VertexDescriptor.swift in Sources */ = {isa = PBXBuildFile; fileRef = A3D9FF08292A9EFE00BAE158 /* VertexDescriptor.swift */; };
		A3D9FF0B292A9F1400BAE158 /* Quad.swift in Sources */ = {isa = PBXBuildFile; fileRef = A3D9FF0A292A9F1400BAE158 /* Quad.swift */; };
		A3DC264F2698FD83003E48C2 /* PGLImageController.swift in Sources */ = {isa = PBXBuildFile; fileRef = A3DC264E2698FD83003E48C2 /* PGLImageController.swift */; };
		A3DC3DE227B17EF500E4C111 /* PGLCompactImageController.swift in Sources */ = {isa = PBXBuildFile; fileRef = A3DC3DE127B17EF500E4C111 /* PGLCompactImageController.swift */; };
		A3DD2BD82919964700295DF1 /* PGLPopUpOpenStack.swift in Sources */ = {isa = PBXBuildFile; fileRef = A3DD2BD72919964700295DF1 /* PGLPopUpOpenStack.swift */; };
		A3DD328725CC999C00ABEE61 /* PGLHelpPageController.swift in Sources */ = {isa = PBXBuildFile; fileRef = A3DD328625CC999C00ABEE61 /* PGLHelpPageController.swift */; };
		A3DDDEE729D85EF1003B8545 /* PGLFilterAttrChildStack.swift in Sources */ = {isa = PBXBuildFile; fileRef = A3DDDEE629D85EF1003B8545 /* PGLFilterAttrChildStack.swift */; };
		A3E0A22B2649DE6100C43D69 /* PGLScalingFilter.swift in Sources */ = {isa = PBXBuildFile; fileRef = A3E0A22A2649DE6100C43D69 /* PGLScalingFilter.swift */; };
		A3E17A1B29F5DBB2006A39A6 /* PGLFilterStackDemo.swift in Sources */ = {isa = PBXBuildFile; fileRef = A3E17A1A29F5DBB2006A39A6 /* PGLFilterStackDemo.swift */; };
		A3E593B32541F0FD0001EDF9 /* PGLFilterCDDataTransformer.swift in Sources */ = {isa = PBXBuildFile; fileRef = A3E593B22541F0FD0001EDF9 /* PGLFilterCDDataTransformer.swift */; };
		A3E6243D2691261A0017372F /* Settings.bundle in Resources */ = {isa = PBXBuildFile; fileRef = A3E6243C2691261A0017372F /* Settings.bundle */; };
		A3EBFB0C29EF2336005E4852 /* CIFilterToPGLFilter.swift in Sources */ = {isa = PBXBuildFile; fileRef = A3EBFB0B29EF2336005E4852 /* CIFilterToPGLFilter.swift */; };
		A3EF3EF4294AA3A900AD0B10 /* PGLAttributeVectorExpand.swift in Sources */ = {isa = PBXBuildFile; fileRef = A3EF3EF3294AA3A900AD0B10 /* PGLAttributeVectorExpand.swift */; };
		A3F64FCE24E85ACB00BB38BD /* PGLOffScreenRender.swift in Sources */ = {isa = PBXBuildFile; fileRef = A3F64FCD24E85ACB00BB38BD /* PGLOffScreenRender.swift */; };
		A3F8E97D295B55B900A1E014 /* PGLNumericSliderUI.swift in Sources */ = {isa = PBXBuildFile; fileRef = A3F8E97C295B55B900A1E014 /* PGLNumericSliderUI.swift */; };
		A3FB765C28D7AF6500595461 /* PGLWindowSceneDelegate.swift in Sources */ = {isa = PBXBuildFile; fileRef = A3FB765B28D7AF6500595461 /* PGLWindowSceneDelegate.swift */; };
/* End PBXBuildFile section */

/* Begin PBXContainerItemProxy section */
		A3BF502324D3299100CD5114 /* PBXContainerItemProxy */ = {
			isa = PBXContainerItemProxy;
			containerPortal = A3BF500124D3298F00CD5114 /* Project object */;
			proxyType = 1;
			remoteGlobalIDString = A3BF500824D3298F00CD5114;
			remoteInfo = Surreality;
		};
		A3BF502E24D3299100CD5114 /* PBXContainerItemProxy */ = {
			isa = PBXContainerItemProxy;
			containerPortal = A3BF500124D3298F00CD5114 /* Project object */;
			proxyType = 1;
			remoteGlobalIDString = A3BF500824D3298F00CD5114;
			remoteInfo = Surreality;
		};
/* End PBXContainerItemProxy section */

/* Begin PBXFileReference section */
		A303930E27AADED800E2A3D4 /* PGLCompactPresentationController.swift */ = {isa = PBXFileReference; lastKnownFileType = sourcecode.swift; path = PGLCompactPresentationController.swift; sourceTree = "<group>"; };
		A308939E251E977400F244D6 /* Launch Screen.storyboard */ = {isa = PBXFileReference; lastKnownFileType = file.storyboard; path = "Launch Screen.storyboard"; sourceTree = "<group>"; };
		A316B9E325D9AD25000C8299 /* PGLDataStoreTests.swift */ = {isa = PBXFileReference; fileEncoding = 4; lastKnownFileType = sourcecode.swift; path = PGLDataStoreTests.swift; sourceTree = "<group>"; };
		A3181C032974C84F00834D89 /* PGLNeedsRedraw.swift */ = {isa = PBXFileReference; lastKnownFileType = sourcecode.swift; path = PGLNeedsRedraw.swift; sourceTree = "<group>"; };
		A31FAF9E28F5E619002DCFEA /* PGLSequenceDissolve.swift */ = {isa = PBXFileReference; lastKnownFileType = sourcecode.swift; path = PGLSequenceDissolve.swift; sourceTree = "<group>"; };
		A320F6252669550E008F6090 /* PGLInfoPrivacyController.swift */ = {isa = PBXFileReference; lastKnownFileType = sourcecode.swift; path = PGLInfoPrivacyController.swift; sourceTree = "<group>"; };
		A320F62926699FA7008F6090 /* PrivacyPolicy.rtf */ = {isa = PBXFileReference; fileEncoding = 4; lastKnownFileType = text.rtf; path = PrivacyPolicy.rtf; sourceTree = "<group>"; };
		A3249AAF25BC728D00F7FAC2 /* PGLDemo.swift */ = {isa = PBXFileReference; lastKnownFileType = sourcecode.swift; path = PGLDemo.swift; sourceTree = "<group>"; };
		A327122129775C30007DF04A /* MetalFilters.swift */ = {isa = PBXFileReference; fileEncoding = 4; lastKnownFileType = sourcecode.swift; path = MetalFilters.swift; sourceTree = "<group>"; };
		A32F2136283BB93C006C026F /* PGLNavStackImageController.swift */ = {isa = PBXFileReference; lastKnownFileType = sourcecode.swift; path = PGLNavStackImageController.swift; sourceTree = "<group>"; };
		A32F2138283BBA83006C026F /* PGLNavSecondaryController.swift */ = {isa = PBXFileReference; lastKnownFileType = sourcecode.swift; path = PGLNavSecondaryController.swift; sourceTree = "<group>"; };
		A32F213A283BBAF1006C026F /* PGLNavPrimaryController.swift */ = {isa = PBXFileReference; lastKnownFileType = sourcecode.swift; path = PGLNavPrimaryController.swift; sourceTree = "<group>"; };
		A32F213C283BBF3A006C026F /* PGLFilterImageContainerController.swift */ = {isa = PBXFileReference; lastKnownFileType = sourcecode.swift; path = PGLFilterImageContainerController.swift; sourceTree = "<group>"; };
		A33BD1B029626597007D3527 /* PGLButtonCellUI.swift */ = {isa = PBXFileReference; lastKnownFileType = sourcecode.swift; path = PGLButtonCellUI.swift; sourceTree = "<group>"; };
		A33C441C28E8D4E50096E7EE /* PGLSequencedFilters.swift */ = {isa = PBXFileReference; lastKnownFileType = sourcecode.swift; path = PGLSequencedFilters.swift; sourceTree = "<group>"; };
		A341185E25C3008100587590 /* RiftEffects.entitlements */ = {isa = PBXFileReference; lastKnownFileType = text.plist.entitlements; path = RiftEffects.entitlements; sourceTree = "<group>"; };
		A341186325C300F300587590 /* CloudKit.framework */ = {isa = PBXFileReference; lastKnownFileType = wrapper.framework; name = CloudKit.framework; path = System/Library/Frameworks/CloudKit.framework; sourceTree = SDKROOT; };
		A342AE2F26C333BA00D14ECB /* PGLRandomFilterAction.swift */ = {isa = PBXFileReference; lastKnownFileType = sourcecode.swift; path = PGLRandomFilterAction.swift; sourceTree = "<group>"; };
		A34BB8BD295E4834007BFBA7 /* PGLAttributeWeightsVector.swift */ = {isa = PBXFileReference; lastKnownFileType = sourcecode.swift; path = PGLAttributeWeightsVector.swift; sourceTree = "<group>"; };
		A34DE10C25D050AF005DC3DD /* PGLHelpSinglePage.swift */ = {isa = PBXFileReference; fileEncoding = 4; lastKnownFileType = sourcecode.swift; path = PGLHelpSinglePage.swift; sourceTree = "<group>"; };
		A353130E28E31BD5001F2C87 /* PGLCISequenced.swift */ = {isa = PBXFileReference; lastKnownFileType = sourcecode.swift; path = PGLCISequenced.swift; sourceTree = "<group>"; };
		A353131028E37613001F2C87 /* PGLSequenceStack.swift */ = {isa = PBXFileReference; lastKnownFileType = sourcecode.swift; path = PGLSequenceStack.swift; sourceTree = "<group>"; };
		A35506EB26BF376A00BAC9BD /* PGLUserDefaultKeys.swift */ = {isa = PBXFileReference; lastKnownFileType = sourcecode.swift; path = PGLUserDefaultKeys.swift; sourceTree = "<group>"; };
		A3552BE929463170002FBC72 /* PGLColorVectorNumeric.swift */ = {isa = PBXFileReference; lastKnownFileType = sourcecode.swift; path = PGLColorVectorNumeric.swift; sourceTree = "<group>"; };
		A3552BEB29463C10002FBC72 /* PGLAttributeVectorNumericUI.swift */ = {isa = PBXFileReference; lastKnownFileType = sourcecode.swift; path = PGLAttributeVectorNumericUI.swift; sourceTree = "<group>"; };
		A3552BED2946AA7D002FBC72 /* PGLAttributeVectorNumeric.swift */ = {isa = PBXFileReference; lastKnownFileType = sourcecode.swift; path = PGLAttributeVectorNumeric.swift; sourceTree = "<group>"; };
		A357B17B2950F60D00331980 /* CGAffineTransform.swift */ = {isa = PBXFileReference; lastKnownFileType = sourcecode.swift; path = CGAffineTransform.swift; sourceTree = "<group>"; };
		A35BADAB2614C8FF00C8B2AA /* PGLPopUpFilterInfo.swift */ = {isa = PBXFileReference; lastKnownFileType = sourcecode.swift; path = PGLPopUpFilterInfo.swift; sourceTree = "<group>"; };
		A35C39A025DD61F500ADC02D /* TestPlan.xctestplan */ = {isa = PBXFileReference; lastKnownFileType = text; path = TestPlan.xctestplan; sourceTree = "<group>"; };
		A35D412C294B678B00EDEB4E /* PGLVectorBasedFilter.swift */ = {isa = PBXFileReference; lastKnownFileType = sourcecode.swift; path = PGLVectorBasedFilter.swift; sourceTree = "<group>"; };
		A35FF77826DC316400D78252 /* PGLCoreDataStack.swift */ = {isa = PBXFileReference; lastKnownFileType = sourcecode.swift; path = PGLCoreDataStack.swift; sourceTree = "<group>"; };
		A35FF77B26DC324E00D78252 /* CoreDataSampleLicense.txt */ = {isa = PBXFileReference; lastKnownFileType = text; path = CoreDataSampleLicense.txt; sourceTree = "<group>"; };
		A35FF77D26DC346200D78252 /* PGLCoreData+Defns.swift */ = {isa = PBXFileReference; lastKnownFileType = sourcecode.swift; path = "PGLCoreData+Defns.swift"; sourceTree = "<group>"; };
		A36324E725B247F7003F4C0F /* PGLExcludeFilters.swift */ = {isa = PBXFileReference; lastKnownFileType = sourcecode.swift; path = PGLExcludeFilters.swift; sourceTree = "<group>"; };
		A3651FA12A9BD4E1006F50F6 /* PGLStackAlbumHeader.swift */ = {isa = PBXFileReference; lastKnownFileType = sourcecode.swift; name = PGLStackAlbumHeader.swift; path = "cell xib/PGLStackAlbumHeader.swift"; sourceTree = "<group>"; };
		A3651FA22A9BD4E1006F50F6 /* PGLStackAlbumHeader.xib */ = {isa = PBXFileReference; lastKnownFileType = file.xib; path = PGLStackAlbumHeader.xib; sourceTree = "<group>"; };
		A3712BFB2908628400993C5E /* CDStoredFilter+CoreDataClass.swift */ = {isa = PBXFileReference; lastKnownFileType = sourcecode.swift; name = "CDStoredFilter+CoreDataClass.swift"; path = "RiftEffects/StoredData support/CDStoredFilter+CoreDataClass.swift"; sourceTree = "<group>"; };
		A3712BFC2908628400993C5E /* CDStoredFilter+CoreDataProperties.swift */ = {isa = PBXFileReference; lastKnownFileType = sourcecode.swift; name = "CDStoredFilter+CoreDataProperties.swift"; path = "RiftEffects/StoredData support/CDStoredFilter+CoreDataProperties.swift"; sourceTree = "<group>"; };
		A3719FA528233D5B009A9DBE /* PGLCommonParmController.swift */ = {isa = PBXFileReference; lastKnownFileType = sourcecode.swift; path = PGLCommonParmController.swift; sourceTree = "<group>"; };
		A375F25E26DFE47E00721D3A /* PGLStackProvider.swift */ = {isa = PBXFileReference; lastKnownFileType = sourcecode.swift; path = PGLStackProvider.swift; sourceTree = "<group>"; };
		A37D23AD2825C27D00EE3723 /* PGLTwoContainerController.swift */ = {isa = PBXFileReference; lastKnownFileType = sourcecode.swift; path = PGLTwoContainerController.swift; sourceTree = "<group>"; };
		A38F9D75250442B800B58F6B /* CVPixelBufferExtension.swift */ = {isa = PBXFileReference; fileEncoding = 4; lastKnownFileType = sourcecode.swift; path = CVPixelBufferExtension.swift; sourceTree = "<group>"; };
		A392D5ED26C3EBDA00688952 /* PGLRandomFilterMaker.swift */ = {isa = PBXFileReference; lastKnownFileType = sourcecode.swift; path = PGLRandomFilterMaker.swift; sourceTree = "<group>"; };
		A394667F2832DFDD00A67319 /* PGLStackImageContainerController.swift */ = {isa = PBXFileReference; lastKnownFileType = sourcecode.swift; path = PGLStackImageContainerController.swift; sourceTree = "<group>"; };
		A39466812832E30A00A67319 /* PGLSupplementNavController.swift */ = {isa = PBXFileReference; lastKnownFileType = sourcecode.swift; path = PGLSupplementNavController.swift; sourceTree = "<group>"; };
		A39632D7250049F000F02CEC /* PGLDisparityFilter.swift */ = {isa = PBXFileReference; lastKnownFileType = sourcecode.swift; path = PGLDisparityFilter.swift; sourceTree = "<group>"; };
		A39F88012A4C7368000AE342 /* PGLLibraryController.swift */ = {isa = PBXFileReference; lastKnownFileType = sourcecode.swift; path = PGLLibraryController.swift; sourceTree = "<group>"; };
		A39F88032A4C7E6F000AE342 /* PGLLibraryCell.swift */ = {isa = PBXFileReference; lastKnownFileType = sourcecode.swift; path = PGLLibraryCell.swift; sourceTree = "<group>"; };
		A39F88052A4C7F5C000AE342 /* PGLLibraryPropertiesView.swift */ = {isa = PBXFileReference; lastKnownFileType = sourcecode.swift; path = PGLLibraryPropertiesView.swift; sourceTree = "<group>"; };
		A39F88072A4C7FF2000AE342 /* PGLAppearance.swift */ = {isa = PBXFileReference; lastKnownFileType = sourcecode.swift; path = PGLAppearance.swift; sourceTree = "<group>"; };
		A39F880A2A4CA38B000AE342 /* PGLSectionBackgroundDecorationView.swift */ = {isa = PBXFileReference; lastKnownFileType = sourcecode.swift; path = PGLSectionBackgroundDecorationView.swift; sourceTree = "<group>"; };
		A3AF392B25B61D850035A5FF /* PGLSaliencyBlur.swift */ = {isa = PBXFileReference; lastKnownFileType = sourcecode.swift; path = PGLSaliencyBlur.swift; sourceTree = "<group>"; };
		A3B5A13F2922753B003DBE92 /* AAPLShaderTypes.h */ = {isa = PBXFileReference; fileEncoding = 4; lastKnownFileType = sourcecode.c.h; path = AAPLShaderTypes.h; sourceTree = "<group>"; };
		A3B5A1402922753B003DBE92 /* AAPLShaders.metal */ = {isa = PBXFileReference; fileEncoding = 4; lastKnownFileType = sourcecode.metal; path = AAPLShaders.metal; sourceTree = "<group>"; };
		A3BDD3CC290D95D000842B51 /* RiftEffects 2.2.xcdatamodel */ = {isa = PBXFileReference; lastKnownFileType = wrapper.xcdatamodel; path = "RiftEffects 2.2.xcdatamodel"; sourceTree = "<group>"; };
		A3BF500924D3298F00CD5114 /* RiftEffects.app */ = {isa = PBXFileReference; explicitFileType = wrapper.application; includeInIndex = 0; path = RiftEffects.app; sourceTree = BUILT_PRODUCTS_DIR; };
		A3BF502224D3299100CD5114 /* RiftEffectsTests.xctest */ = {isa = PBXFileReference; explicitFileType = wrapper.cfbundle; includeInIndex = 0; path = RiftEffectsTests.xctest; sourceTree = BUILT_PRODUCTS_DIR; };
		A3BF502824D3299100CD5114 /* Info.plist */ = {isa = PBXFileReference; lastKnownFileType = text.plist.xml; path = Info.plist; sourceTree = "<group>"; };
		A3BF502D24D3299100CD5114 /* RiftEffectsUITests.xctest */ = {isa = PBXFileReference; explicitFileType = wrapper.cfbundle; includeInIndex = 0; path = RiftEffectsUITests.xctest; sourceTree = BUILT_PRODUCTS_DIR; };
		A3BF503124D3299100CD5114 /* SurrealityUITests.swift */ = {isa = PBXFileReference; lastKnownFileType = sourcecode.swift; path = SurrealityUITests.swift; sourceTree = "<group>"; };
		A3BF503324D3299100CD5114 /* Info.plist */ = {isa = PBXFileReference; lastKnownFileType = text.plist.xml; path = Info.plist; sourceTree = "<group>"; };
		A3BF504124D32A3400CD5114 /* PGLResultsController.swift */ = {isa = PBXFileReference; fileEncoding = 4; lastKnownFileType = sourcecode.swift; path = PGLResultsController.swift; sourceTree = "<group>"; };
		A3BF504B24D32A3400CD5114 /* PGL-CDFilterStack.swift */ = {isa = PBXFileReference; fileEncoding = 4; lastKnownFileType = sourcecode.swift; path = "PGL-CDFilterStack.swift"; sourceTree = "<group>"; };
		A3BF504C24D32A3400CD5114 /* PGLBumpBlend.swift */ = {isa = PBXFileReference; fileEncoding = 4; lastKnownFileType = sourcecode.swift; path = PGLBumpBlend.swift; sourceTree = "<group>"; };
		A3BF505024D32A3400CD5114 /* TiltShift.swift */ = {isa = PBXFileReference; fileEncoding = 4; lastKnownFileType = sourcecode.swift; path = TiltShift.swift; sourceTree = "<group>"; };
		A3BF505124D32A3400CD5114 /* PGLOpenStackController.swift */ = {isa = PBXFileReference; fileEncoding = 4; lastKnownFileType = sourcecode.swift; path = PGLOpenStackController.swift; sourceTree = "<group>"; };
		A3BF505224D32A3400CD5114 /* PGLRectangleController.swift */ = {isa = PBXFileReference; fileEncoding = 4; lastKnownFileType = sourcecode.swift; path = PGLRectangleController.swift; sourceTree = "<group>"; };
		A3BF505324D32A3400CD5114 /* PGLStackController.swift */ = {isa = PBXFileReference; fileEncoding = 4; lastKnownFileType = sourcecode.swift; path = PGLStackController.swift; sourceTree = "<group>"; };
		A3BF505424D32A3400CD5114 /* PGLFilterAttributeNumber.swift */ = {isa = PBXFileReference; fileEncoding = 4; lastKnownFileType = sourcecode.swift; path = PGLFilterAttributeNumber.swift; sourceTree = "<group>"; };
		A3BF505524D32A3400CD5114 /* PGLFilterCategoryIndex.swift */ = {isa = PBXFileReference; fileEncoding = 4; lastKnownFileType = sourcecode.swift; path = PGLFilterCategoryIndex.swift; sourceTree = "<group>"; };
		A3BF505724D32A3400CD5114 /* PGLMetalController.swift */ = {isa = PBXFileReference; fileEncoding = 4; lastKnownFileType = sourcecode.swift; path = PGLMetalController.swift; sourceTree = "<group>"; };
		A3BF505A24D32A3400CD5114 /* PGLTableCellAction.swift */ = {isa = PBXFileReference; fileEncoding = 4; lastKnownFileType = sourcecode.swift; path = PGLTableCellAction.swift; sourceTree = "<group>"; };
		A3BF505B24D32A3400CD5114 /* PGLFilterChange.swift */ = {isa = PBXFileReference; fileEncoding = 4; lastKnownFileType = sourcecode.swift; path = PGLFilterChange.swift; sourceTree = "<group>"; };
		A3BF505C24D32A3400CD5114 /* PGLVisionDetection.swift */ = {isa = PBXFileReference; fileEncoding = 4; lastKnownFileType = sourcecode.swift; path = PGLVisionDetection.swift; sourceTree = "<group>"; };
		A3BF505D24D32A3400CD5114 /* PGLVisionProtocol.swift */ = {isa = PBXFileReference; fileEncoding = 4; lastKnownFileType = sourcecode.swift; path = PGLVisionProtocol.swift; sourceTree = "<group>"; };
		A3BF505F24D32A3400CD5114 /* PGLFilterDescriptor.swift */ = {isa = PBXFileReference; fileEncoding = 4; lastKnownFileType = sourcecode.swift; path = PGLFilterDescriptor.swift; sourceTree = "<group>"; };
		A3BF506024D32A3400CD5114 /* PGLMainFilterController.swift */ = {isa = PBXFileReference; fileEncoding = 4; lastKnownFileType = sourcecode.swift; path = PGLMainFilterController.swift; sourceTree = "<group>"; };
		A3BF506124D32A3400CD5114 /* TableCell.xib */ = {isa = PBXFileReference; fileEncoding = 4; lastKnownFileType = file.xib; path = TableCell.xib; sourceTree = "<group>"; };
		A3BF506224D32A3400CD5114 /* Assets.xcassets */ = {isa = PBXFileReference; lastKnownFileType = folder.assetcatalog; path = Assets.xcassets; sourceTree = "<group>"; };
		A3BF506424D32A3400CD5114 /* ListCell.swift */ = {isa = PBXFileReference; fileEncoding = 4; lastKnownFileType = sourcecode.swift; path = ListCell.swift; sourceTree = "<group>"; };
		A3BF506524D32A3400CD5114 /* BadgeSupplementrayView.swift */ = {isa = PBXFileReference; fileEncoding = 4; lastKnownFileType = sourcecode.swift; path = BadgeSupplementrayView.swift; sourceTree = "<group>"; };
		A3BF506624D32A3400CD5114 /* TextCell.swift */ = {isa = PBXFileReference; fileEncoding = 4; lastKnownFileType = sourcecode.swift; path = TextCell.swift; sourceTree = "<group>"; };
		A3BF506724D32A3400CD5114 /* OutlineItemCell.swift */ = {isa = PBXFileReference; fileEncoding = 4; lastKnownFileType = sourcecode.swift; path = OutlineItemCell.swift; sourceTree = "<group>"; };
		A3BF506924D32A3400CD5114 /* TitleSupplementaryView.swift */ = {isa = PBXFileReference; fileEncoding = 4; lastKnownFileType = sourcecode.swift; path = TitleSupplementaryView.swift; sourceTree = "<group>"; };
		A3BF506A24D32A3400CD5114 /* StackDataCell.swift */ = {isa = PBXFileReference; fileEncoding = 4; lastKnownFileType = sourcecode.swift; path = StackDataCell.swift; sourceTree = "<group>"; };
		A3BF506B24D32A3400CD5114 /* LICENSE.txt */ = {isa = PBXFileReference; fileEncoding = 4; lastKnownFileType = text; path = LICENSE.txt; sourceTree = "<group>"; };
		A3BF506C24D32A3400CD5114 /* PGLBumpFaceCIFilter.swift */ = {isa = PBXFileReference; fileEncoding = 4; lastKnownFileType = sourcecode.swift; path = PGLBumpFaceCIFilter.swift; sourceTree = "<group>"; };
		A3BF507024D32A3400CD5114 /* PGLFilterCategory.swift */ = {isa = PBXFileReference; fileEncoding = 4; lastKnownFileType = sourcecode.swift; path = PGLFilterCategory.swift; sourceTree = "<group>"; };
		A3BF507324D32A3400CD5114 /* PGLAttributeUI.swift */ = {isa = PBXFileReference; fileEncoding = 4; lastKnownFileType = sourcecode.swift; path = PGLAttributeUI.swift; sourceTree = "<group>"; };
		A3BF507524D32A3400CD5114 /* PGLFaceTiltShift.swift */ = {isa = PBXFileReference; fileEncoding = 4; lastKnownFileType = sourcecode.swift; path = PGLFaceTiltShift.swift; sourceTree = "<group>"; };
		A3BF507624D32A3400CD5114 /* Main.storyboard */ = {isa = PBXFileReference; fileEncoding = 4; lastKnownFileType = file.storyboard; path = Main.storyboard; sourceTree = "<group>"; };
		A3BF507924D32A3400CD5114 /* PGLDynamicDragBehavior.swift */ = {isa = PBXFileReference; fileEncoding = 4; lastKnownFileType = sourcecode.swift; path = PGLDynamicDragBehavior.swift; sourceTree = "<group>"; };
		A3BF507A24D32A3400CD5114 /* PGLSplitViewController.swift */ = {isa = PBXFileReference; fileEncoding = 4; lastKnownFileType = sourcecode.swift; path = PGLSplitViewController.swift; sourceTree = "<group>"; };
		A3BF507B24D32A3400CD5114 /* PGLTextFilter.swift */ = {isa = PBXFileReference; fileEncoding = 4; lastKnownFileType = sourcecode.swift; path = PGLTextFilter.swift; sourceTree = "<group>"; };
		A3BF507C24D32A3400CD5114 /* PGLFilterClasses.swift */ = {isa = PBXFileReference; fileEncoding = 4; lastKnownFileType = sourcecode.swift; path = PGLFilterClasses.swift; sourceTree = "<group>"; };
		A3BF507D24D32A3400CD5114 /* CIImage.swift */ = {isa = PBXFileReference; fileEncoding = 4; lastKnownFileType = sourcecode.swift; path = CIImage.swift; sourceTree = "<group>"; };
		A3BF508424D32A3400CD5114 /* PGLImageCIFilter.swift */ = {isa = PBXFileReference; fileEncoding = 4; lastKnownFileType = sourcecode.swift; path = PGLImageCIFilter.swift; sourceTree = "<group>"; };
		A3BF508624D32A3400CD5114 /* PGLAppStack.swift */ = {isa = PBXFileReference; fileEncoding = 4; lastKnownFileType = sourcecode.swift; path = PGLAppStack.swift; sourceTree = "<group>"; };
		A3BF508724D32A3400CD5114 /* PGLFaceCIFilter.swift */ = {isa = PBXFileReference; fileEncoding = 4; lastKnownFileType = sourcecode.swift; path = PGLFaceCIFilter.swift; sourceTree = "<group>"; };
		A3BF508824D32A3400CD5114 /* PGLFeatureTransitionFilter.swift */ = {isa = PBXFileReference; fileEncoding = 4; lastKnownFileType = sourcecode.swift; path = PGLFeatureTransitionFilter.swift; sourceTree = "<group>"; };
		A3BF508924D32A3400CD5114 /* PGLFilterAttributeAttributedString.swift */ = {isa = PBXFileReference; fileEncoding = 4; lastKnownFileType = sourcecode.swift; path = PGLFilterAttributeAttributedString.swift; sourceTree = "<group>"; };
		A3BF508A24D32A3400CD5114 /* CIFilterExtensions.swift */ = {isa = PBXFileReference; fileEncoding = 4; lastKnownFileType = sourcecode.swift; path = CIFilterExtensions.swift; sourceTree = "<group>"; };
		A3BF509124D32A3400CD5114 /* RiftEffects.xcdatamodel */ = {isa = PBXFileReference; explicitFileType = wrapper.xcdatamodel; path = RiftEffects.xcdatamodel; sourceTree = "<group>"; };
		A3BF509924D32A3400CD5114 /* AppDelegate.swift */ = {isa = PBXFileReference; fileEncoding = 4; lastKnownFileType = sourcecode.swift; path = AppDelegate.swift; sourceTree = "<group>"; };
		A3BF509C24D32A3400CD5114 /* PGLImageList.swift */ = {isa = PBXFileReference; fileEncoding = 4; lastKnownFileType = sourcecode.swift; path = PGLImageList.swift; sourceTree = "<group>"; };
		A3BF50A024D32A3400CD5114 /* PGLFilterStack.swift */ = {isa = PBXFileReference; fileEncoding = 4; lastKnownFileType = sourcecode.swift; path = PGLFilterStack.swift; sourceTree = "<group>"; };
		A3BF50A224D32A3400CD5114 /* PGLTransitionFilter.swift */ = {isa = PBXFileReference; fileEncoding = 4; lastKnownFileType = sourcecode.swift; path = PGLTransitionFilter.swift; sourceTree = "<group>"; };
		A3BF50A324D32A3400CD5114 /* PGLSelectParmController.swift */ = {isa = PBXFileReference; fileEncoding = 4; lastKnownFileType = sourcecode.swift; path = PGLSelectParmController.swift; sourceTree = "<group>"; };
		A3BF50A424D32A3400CD5114 /* StackCell.xib */ = {isa = PBXFileReference; fileEncoding = 4; lastKnownFileType = file.xib; path = StackCell.xib; sourceTree = "<group>"; };
		A3BF50A524D32A3400CD5114 /* PGLImageSourcePath.swift */ = {isa = PBXFileReference; fileEncoding = 4; lastKnownFileType = sourcecode.swift; path = PGLImageSourcePath.swift; sourceTree = "<group>"; };
		A3BF50A624D32A3400CD5114 /* Info.plist */ = {isa = PBXFileReference; fileEncoding = 4; lastKnownFileType = text.plist.xml; path = Info.plist; sourceTree = "<group>"; };
		A3BF50A724D32A3400CD5114 /* PGLFilterAttribute.swift */ = {isa = PBXFileReference; fileEncoding = 4; lastKnownFileType = sourcecode.swift; path = PGLFilterAttribute.swift; sourceTree = "<group>"; };
		A3BF50A924D32A3400CD5114 /* Renderer.swift */ = {isa = PBXFileReference; fileEncoding = 4; lastKnownFileType = sourcecode.swift; path = Renderer.swift; sourceTree = "<group>"; };
		A3BF50AF24D32A3400CD5114 /* PGLDataSource.swift */ = {isa = PBXFileReference; fileEncoding = 4; lastKnownFileType = sourcecode.swift; path = PGLDataSource.swift; sourceTree = "<group>"; };
		A3BF50B024D32A3400CD5114 /* PGLAssetController.swift */ = {isa = PBXFileReference; fileEncoding = 4; lastKnownFileType = sourcecode.swift; path = PGLAssetController.swift; sourceTree = "<group>"; };
		A3BF50B124D32A3400CD5114 /* PGLPhotoLists.swift */ = {isa = PBXFileReference; fileEncoding = 4; lastKnownFileType = sourcecode.swift; path = PGLPhotoLists.swift; sourceTree = "<group>"; };
		A3BF50B224D32A3400CD5114 /* PGLImagesSelectContainer.swift */ = {isa = PBXFileReference; fileEncoding = 4; lastKnownFileType = sourcecode.swift; path = PGLImagesSelectContainer.swift; sourceTree = "<group>"; };
		A3BF50B324D32A3400CD5114 /* PGLAssetCollection.swift */ = {isa = PBXFileReference; fileEncoding = 4; lastKnownFileType = sourcecode.swift; path = PGLAssetCollection.swift; sourceTree = "<group>"; };
		A3BF50B424D32A3400CD5114 /* PGLDiffableDataSource.swift */ = {isa = PBXFileReference; fileEncoding = 4; lastKnownFileType = sourcecode.swift; path = PGLDiffableDataSource.swift; sourceTree = "<group>"; };
		A3BF50B524D32A3400CD5114 /* PGLAssetGridController.swift */ = {isa = PBXFileReference; fileEncoding = 4; lastKnownFileType = sourcecode.swift; path = PGLAssetGridController.swift; sourceTree = "<group>"; };
		A3BF50B624D32A3400CD5114 /* PGLUserAssetSelection.swift */ = {isa = PBXFileReference; fileEncoding = 4; lastKnownFileType = sourcecode.swift; path = PGLUserAssetSelection.swift; sourceTree = "<group>"; };
		A3BF50B824D32A3400CD5114 /* GridViewCell.swift */ = {isa = PBXFileReference; fileEncoding = 4; lastKnownFileType = sourcecode.swift; path = GridViewCell.swift; sourceTree = "<group>"; };
		A3BF50B924D32A3400CD5114 /* PGLAssetSequenceController.swift */ = {isa = PBXFileReference; fileEncoding = 4; lastKnownFileType = sourcecode.swift; path = PGLAssetSequenceController.swift; sourceTree = "<group>"; };
		A3BF50BA24D32A3400CD5114 /* PGLImageCollectionMasterController.swift */ = {isa = PBXFileReference; fileEncoding = 4; lastKnownFileType = sourcecode.swift; path = PGLImageCollectionMasterController.swift; sourceTree = "<group>"; };
		A3BF50C924D32A3400CD5114 /* PGLFilterCIAbstract.swift */ = {isa = PBXFileReference; fileEncoding = 4; lastKnownFileType = sourcecode.swift; path = PGLFilterCIAbstract.swift; sourceTree = "<group>"; };
		A3BF50CA24D32A3400CD5114 /* PGLTabsController.swift */ = {isa = PBXFileReference; fileEncoding = 4; lastKnownFileType = sourcecode.swift; path = PGLTabsController.swift; sourceTree = "<group>"; };
		A3BF514A24D32D3400CD5114 /* PGLSourceFilterTests.swift */ = {isa = PBXFileReference; fileEncoding = 4; lastKnownFileType = sourcecode.swift; path = PGLSourceFilterTests.swift; sourceTree = "<group>"; };
		A3BF514B24D32D3400CD5114 /* PGLFilterDescriptorTests.swift */ = {isa = PBXFileReference; fileEncoding = 4; lastKnownFileType = sourcecode.swift; path = PGLFilterDescriptorTests.swift; sourceTree = "<group>"; };
		A3BF514C24D32D3400CD5114 /* PGLFilterStackTests.swift */ = {isa = PBXFileReference; fileEncoding = 4; lastKnownFileType = sourcecode.swift; path = PGLFilterStackTests.swift; sourceTree = "<group>"; };
		A3BF514E24D32D3400CD5114 /* GlanceTests.swift */ = {isa = PBXFileReference; fileEncoding = 4; lastKnownFileType = sourcecode.swift; path = GlanceTests.swift; sourceTree = "<group>"; };
		A3BF515724D32D7400CD5114 /* GlanceUITests.swift */ = {isa = PBXFileReference; fileEncoding = 4; lastKnownFileType = sourcecode.swift; path = GlanceUITests.swift; sourceTree = "<group>"; };
		A3C11A8A29E9D9F5001D0831 /* PGLPersonSegmentation.swift */ = {isa = PBXFileReference; lastKnownFileType = sourcecode.swift; path = PGLPersonSegmentation.swift; sourceTree = "<group>"; };
		A3CA2BFE295A01FD00502A8A /* PGLConvolutionFilter.swift */ = {isa = PBXFileReference; lastKnownFileType = sourcecode.swift; path = PGLConvolutionFilter.swift; sourceTree = "<group>"; };
		A3CE5B2D24DB5DA80062A98C /* PGLCategorySurvey.swift */ = {isa = PBXFileReference; lastKnownFileType = sourcecode.swift; path = PGLCategorySurvey.swift; sourceTree = "<group>"; };
		A3D04B122A8444A300E6DB16 /* PGLStackInfoHeader.swift */ = {isa = PBXFileReference; lastKnownFileType = sourcecode.swift; path = PGLStackInfoHeader.swift; sourceTree = "<group>"; };
		A3D04B132A8444A300E6DB16 /* PGLStackInfoHeader.xib */ = {isa = PBXFileReference; lastKnownFileType = file.xib; path = PGLStackInfoHeader.xib; sourceTree = "<group>"; };
		A3D9FF08292A9EFE00BAE158 /* VertexDescriptor.swift */ = {isa = PBXFileReference; fileEncoding = 4; lastKnownFileType = sourcecode.swift; path = VertexDescriptor.swift; sourceTree = "<group>"; };
		A3D9FF0A292A9F1400BAE158 /* Quad.swift */ = {isa = PBXFileReference; fileEncoding = 4; lastKnownFileType = sourcecode.swift; path = Quad.swift; sourceTree = "<group>"; };
		A3DC264E2698FD83003E48C2 /* PGLImageController.swift */ = {isa = PBXFileReference; fileEncoding = 4; lastKnownFileType = sourcecode.swift; path = PGLImageController.swift; sourceTree = "<group>"; };
		A3DC3DE127B17EF500E4C111 /* PGLCompactImageController.swift */ = {isa = PBXFileReference; lastKnownFileType = sourcecode.swift; path = PGLCompactImageController.swift; sourceTree = "<group>"; };
		A3DD2BD72919964700295DF1 /* PGLPopUpOpenStack.swift */ = {isa = PBXFileReference; lastKnownFileType = sourcecode.swift; path = PGLPopUpOpenStack.swift; sourceTree = "<group>"; };
		A3DD328625CC999C00ABEE61 /* PGLHelpPageController.swift */ = {isa = PBXFileReference; lastKnownFileType = sourcecode.swift; path = PGLHelpPageController.swift; sourceTree = "<group>"; };
		A3DDDEE629D85EF1003B8545 /* PGLFilterAttrChildStack.swift */ = {isa = PBXFileReference; lastKnownFileType = sourcecode.swift; path = PGLFilterAttrChildStack.swift; sourceTree = "<group>"; };
		A3E0A22A2649DE6100C43D69 /* PGLScalingFilter.swift */ = {isa = PBXFileReference; lastKnownFileType = sourcecode.swift; path = PGLScalingFilter.swift; sourceTree = "<group>"; };
		A3E17A1A29F5DBB2006A39A6 /* PGLFilterStackDemo.swift */ = {isa = PBXFileReference; lastKnownFileType = sourcecode.swift; path = PGLFilterStackDemo.swift; sourceTree = "<group>"; };
		A3E593B22541F0FD0001EDF9 /* PGLFilterCDDataTransformer.swift */ = {isa = PBXFileReference; lastKnownFileType = sourcecode.swift; path = PGLFilterCDDataTransformer.swift; sourceTree = "<group>"; };
		A3E6243C2691261A0017372F /* Settings.bundle */ = {isa = PBXFileReference; lastKnownFileType = "wrapper.plug-in"; path = Settings.bundle; sourceTree = "<group>"; };
		A3EBFB0B29EF2336005E4852 /* CIFilterToPGLFilter.swift */ = {isa = PBXFileReference; lastKnownFileType = sourcecode.swift; path = CIFilterToPGLFilter.swift; sourceTree = "<group>"; };
		A3EF3EF3294AA3A900AD0B10 /* PGLAttributeVectorExpand.swift */ = {isa = PBXFileReference; lastKnownFileType = sourcecode.swift; path = PGLAttributeVectorExpand.swift; sourceTree = "<group>"; };
		A3F64FCD24E85ACB00BB38BD /* PGLOffScreenRender.swift */ = {isa = PBXFileReference; lastKnownFileType = sourcecode.swift; path = PGLOffScreenRender.swift; sourceTree = "<group>"; };
		A3F8E97C295B55B900A1E014 /* PGLNumericSliderUI.swift */ = {isa = PBXFileReference; lastKnownFileType = sourcecode.swift; path = PGLNumericSliderUI.swift; sourceTree = "<group>"; };
		A3FB765B28D7AF6500595461 /* PGLWindowSceneDelegate.swift */ = {isa = PBXFileReference; lastKnownFileType = sourcecode.swift; path = PGLWindowSceneDelegate.swift; sourceTree = "<group>"; };
/* End PBXFileReference section */

/* Begin PBXFrameworksBuildPhase section */
		A3BF500624D3298F00CD5114 /* Frameworks */ = {
			isa = PBXFrameworksBuildPhase;
			buildActionMask = 2147483647;
			files = (
				A341186425C300F300587590 /* CloudKit.framework in Frameworks */,
			);
			runOnlyForDeploymentPostprocessing = 0;
		};
		A3BF501F24D3299100CD5114 /* Frameworks */ = {
			isa = PBXFrameworksBuildPhase;
			buildActionMask = 2147483647;
			files = (
			);
			runOnlyForDeploymentPostprocessing = 0;
		};
		A3BF502A24D3299100CD5114 /* Frameworks */ = {
			isa = PBXFrameworksBuildPhase;
			buildActionMask = 2147483647;
			files = (
			);
			runOnlyForDeploymentPostprocessing = 0;
		};
/* End PBXFrameworksBuildPhase section */

/* Begin PBXGroup section */
		A341186225C300F300587590 /* Frameworks */ = {
			isa = PBXGroup;
			children = (
				A341186325C300F300587590 /* CloudKit.framework */,
			);
			name = Frameworks;
			sourceTree = "<group>";
		};
		A35FF77A26DC320400D78252 /* License */ = {
			isa = PBXGroup;
			children = (
				A3BF509924D32A3400CD5114 /* AppDelegate.swift */,
				A35FF77B26DC324E00D78252 /* CoreDataSampleLicense.txt */,
			);
			path = License;
			sourceTree = "<group>";
		};
		A39F88092A4C8221000AE342 /* Library */ = {
			isa = PBXGroup;
			children = (
				A39F88012A4C7368000AE342 /* PGLLibraryController.swift */,
				A39F88032A4C7E6F000AE342 /* PGLLibraryCell.swift */,
				A39F88052A4C7F5C000AE342 /* PGLLibraryPropertiesView.swift */,
				A39F88072A4C7FF2000AE342 /* PGLAppearance.swift */,
				A39F880A2A4CA38B000AE342 /* PGLSectionBackgroundDecorationView.swift */,
			);
			path = Library;
			sourceTree = "<group>";
		};
		A3BF500024D3298F00CD5114 = {
			isa = PBXGroup;
			children = (
				A3712BFB2908628400993C5E /* CDStoredFilter+CoreDataClass.swift */,
				A3712BFC2908628400993C5E /* CDStoredFilter+CoreDataProperties.swift */,
				A3BF500B24D3298F00CD5114 /* RiftEffects */,
				A3BF502524D3299100CD5114 /* RiftEffectsTests */,
				A3BF503024D3299100CD5114 /* RiftEffectsUITests */,
				A3BF500A24D3298F00CD5114 /* Products */,
				A341186225C300F300587590 /* Frameworks */,
			);
			sourceTree = "<group>";
		};
		A3BF500A24D3298F00CD5114 /* Products */ = {
			isa = PBXGroup;
			children = (
				A3BF500924D3298F00CD5114 /* RiftEffects.app */,
				A3BF502224D3299100CD5114 /* RiftEffectsTests.xctest */,
				A3BF502D24D3299100CD5114 /* RiftEffectsUITests.xctest */,
			);
			name = Products;
			sourceTree = "<group>";
		};
		A3BF500B24D3298F00CD5114 /* RiftEffects */ = {
			isa = PBXGroup;
			children = (
				A3D9FF07292A9EE300BAE158 /* Metal Render */,
				A341185E25C3008100587590 /* RiftEffects.entitlements */,
				A3BF507624D32A3400CD5114 /* Main.storyboard */,
				A35FF77A26DC320400D78252 /* License */,
				A3E6243C2691261A0017372F /* Settings.bundle */,
				A308939E251E977400F244D6 /* Launch Screen.storyboard */,
				A3BF50A624D32A3400CD5114 /* Info.plist */,
				A3C716FF255C3C95005C2CAD /* Models */,
				A3C71701255C3DCB005C2CAD /* Filters */,
				A3C71700255C3D1F005C2CAD /* Controllers */,
				A3C7170C255C3FA7005C2CAD /* UI Support */,
				A3BF508B24D32A3400CD5114 /* StoredData support */,
				A3BF506224D32A3400CD5114 /* Assets.xcassets */,
			);
			path = RiftEffects;
			sourceTree = "<group>";
		};
		A3BF502524D3299100CD5114 /* RiftEffectsTests */ = {
			isa = PBXGroup;
			children = (
				A35C39A025DD61F500ADC02D /* TestPlan.xctestplan */,
				A316B9E325D9AD25000C8299 /* PGLDataStoreTests.swift */,
				A3BF514A24D32D3400CD5114 /* PGLSourceFilterTests.swift */,
				A3CE5B2D24DB5DA80062A98C /* PGLCategorySurvey.swift */,
				A3BF514B24D32D3400CD5114 /* PGLFilterDescriptorTests.swift */,
				A3BF514C24D32D3400CD5114 /* PGLFilterStackTests.swift */,
				A3BF514E24D32D3400CD5114 /* GlanceTests.swift */,
				A3BF514924D32D3400CD5114 /* GlanceTests */,
				A3BF502824D3299100CD5114 /* Info.plist */,
			);
			path = RiftEffectsTests;
			sourceTree = "<group>";
		};
		A3BF503024D3299100CD5114 /* RiftEffectsUITests */ = {
			isa = PBXGroup;
			children = (
				A3BF515624D32D7400CD5114 /* GlanceUITests */,
				A3BF503124D3299100CD5114 /* SurrealityUITests.swift */,
				A3BF515724D32D7400CD5114 /* GlanceUITests.swift */,
				A3BF503324D3299100CD5114 /* Info.plist */,
			);
			path = RiftEffectsUITests;
			sourceTree = "<group>";
		};
		A3BF506324D32A3400CD5114 /* CompositionalLayout */ = {
			isa = PBXGroup;
			children = (
				A3BF506424D32A3400CD5114 /* ListCell.swift */,
				A3BF506524D32A3400CD5114 /* BadgeSupplementrayView.swift */,
				A3F1075625604EB1005E86B4 /* cell xib */,
				A3BF506624D32A3400CD5114 /* TextCell.swift */,
				A3651FA12A9BD4E1006F50F6 /* PGLStackAlbumHeader.swift */,
				A3D04B122A8444A300E6DB16 /* PGLStackInfoHeader.swift */,
				A3BF506724D32A3400CD5114 /* OutlineItemCell.swift */,
				A3BF506924D32A3400CD5114 /* TitleSupplementaryView.swift */,
				A3BF506A24D32A3400CD5114 /* StackDataCell.swift */,
				A3BF506B24D32A3400CD5114 /* LICENSE.txt */,
			);
			path = CompositionalLayout;
			sourceTree = "<group>";
		};
		A3BF508B24D32A3400CD5114 /* StoredData support */ = {
			isa = PBXGroup;
			children = (
				A3BF504B24D32A3400CD5114 /* PGL-CDFilterStack.swift */,
				A375F25E26DFE47E00721D3A /* PGLStackProvider.swift */,
				A35FF77826DC316400D78252 /* PGLCoreDataStack.swift */,
				A35FF77D26DC346200D78252 /* PGLCoreData+Defns.swift */,
				A3E593B22541F0FD0001EDF9 /* PGLFilterCDDataTransformer.swift */,
				A3BF509024D32A3400CD5114 /* RiftEffects.xcdatamodeld */,
			);
			path = "StoredData support";
			sourceTree = "<group>";
		};
		A3BF514924D32D3400CD5114 /* GlanceTests */ = {
			isa = PBXGroup;
			children = (
			);
			path = GlanceTests;
			sourceTree = "<group>";
		};
		A3BF515624D32D7400CD5114 /* GlanceUITests */ = {
			isa = PBXGroup;
			children = (
			);
			path = GlanceUITests;
			sourceTree = "<group>";
		};
		A3C716FF255C3C95005C2CAD /* Models */ = {
			isa = PBXGroup;
			children = (
				A3BF507C24D32A3400CD5114 /* PGLFilterClasses.swift */,
				A392D5ED26C3EBDA00688952 /* PGLRandomFilterMaker.swift */,
				A3BF50A724D32A3400CD5114 /* PGLFilterAttribute.swift */,
				A3DDDEE629D85EF1003B8545 /* PGLFilterAttrChildStack.swift */,
				A3BF505424D32A3400CD5114 /* PGLFilterAttributeNumber.swift */,
				A3BF50A024D32A3400CD5114 /* PGLFilterStack.swift */,
				A3E17A1A29F5DBB2006A39A6 /* PGLFilterStackDemo.swift */,
				A353131028E37613001F2C87 /* PGLSequenceStack.swift */,
				A3BF508624D32A3400CD5114 /* PGLAppStack.swift */,
				A3BF509C24D32A3400CD5114 /* PGLImageList.swift */,
				A3BF50B624D32A3400CD5114 /* PGLUserAssetSelection.swift */,
				A3BF507024D32A3400CD5114 /* PGLFilterCategory.swift */,
				A3BF505F24D32A3400CD5114 /* PGLFilterDescriptor.swift */,
				A3BF505C24D32A3400CD5114 /* PGLVisionDetection.swift */,
				A3BF505524D32A3400CD5114 /* PGLFilterCategoryIndex.swift */,
				A3BF505D24D32A3400CD5114 /* PGLVisionProtocol.swift */,
				A3BF50B124D32A3400CD5114 /* PGLPhotoLists.swift */,
				A3BF507324D32A3400CD5114 /* PGLAttributeUI.swift */,
				A3F8E97C295B55B900A1E014 /* PGLNumericSliderUI.swift */,
				A33BD1B029626597007D3527 /* PGLButtonCellUI.swift */,
				A3552BEB29463C10002FBC72 /* PGLAttributeVectorNumericUI.swift */,
				A3552BED2946AA7D002FBC72 /* PGLAttributeVectorNumeric.swift */,
				A3EF3EF3294AA3A900AD0B10 /* PGLAttributeVectorExpand.swift */,
				A34BB8BD295E4834007BFBA7 /* PGLAttributeWeightsVector.swift */,
				A3BF50A524D32A3400CD5114 /* PGLImageSourcePath.swift */,
				A38F9D75250442B800B58F6B /* CVPixelBufferExtension.swift */,
			);
			path = Models;
			sourceTree = "<group>";
		};
		A3C71700255C3D1F005C2CAD /* Controllers */ = {
			isa = PBXGroup;
			children = (
				A3BF505324D32A3400CD5114 /* PGLStackController.swift */,
				A3BF507A24D32A3400CD5114 /* PGLSplitViewController.swift */,
				A3BF506024D32A3400CD5114 /* PGLMainFilterController.swift */,
				A3BF50A324D32A3400CD5114 /* PGLSelectParmController.swift */,
				A3BF505124D32A3400CD5114 /* PGLOpenStackController.swift */,
				A39F88092A4C8221000AE342 /* Library */,
				A3DD2BD72919964700295DF1 /* PGLPopUpOpenStack.swift */,
				A3719FA528233D5B009A9DBE /* PGLCommonParmController.swift */,
				A394667F2832DFDD00A67319 /* PGLStackImageContainerController.swift */,
				A32F213C283BBF3A006C026F /* PGLFilterImageContainerController.swift */,
				A37D23AD2825C27D00EE3723 /* PGLTwoContainerController.swift */,
				A39466812832E30A00A67319 /* PGLSupplementNavController.swift */,
				A32F2136283BB93C006C026F /* PGLNavStackImageController.swift */,
				A32F2138283BBA83006C026F /* PGLNavSecondaryController.swift */,
				A32F213A283BBAF1006C026F /* PGLNavPrimaryController.swift */,
				A3BF504124D32A3400CD5114 /* PGLResultsController.swift */,
				A35BADAB2614C8FF00C8B2AA /* PGLPopUpFilterInfo.swift */,
				A3DC264E2698FD83003E48C2 /* PGLImageController.swift */,
				A3DC3DE127B17EF500E4C111 /* PGLCompactImageController.swift */,
				A3BF505224D32A3400CD5114 /* PGLRectangleController.swift */,
				A3BF505724D32A3400CD5114 /* PGLMetalController.swift */,
				A3181C032974C84F00834D89 /* PGLNeedsRedraw.swift */,
				A320F6252669550E008F6090 /* PGLInfoPrivacyController.swift */,
				A3DD328625CC999C00ABEE61 /* PGLHelpPageController.swift */,
				A34DE10C25D050AF005DC3DD /* PGLHelpSinglePage.swift */,
				A3BF50B224D32A3400CD5114 /* PGLImagesSelectContainer.swift */,
				A3BF50BA24D32A3400CD5114 /* PGLImageCollectionMasterController.swift */,
				A3BF50B024D32A3400CD5114 /* PGLAssetController.swift */,
				A3BF50B324D32A3400CD5114 /* PGLAssetCollection.swift */,
				A3BF50B524D32A3400CD5114 /* PGLAssetGridController.swift */,
				A3BF50B924D32A3400CD5114 /* PGLAssetSequenceController.swift */,
				A3BF50CA24D32A3400CD5114 /* PGLTabsController.swift */,
				A303930E27AADED800E2A3D4 /* PGLCompactPresentationController.swift */,
			);
			path = Controllers;
			sourceTree = "<group>";
		};
		A3C71701255C3DCB005C2CAD /* Filters */ = {
			isa = PBXGroup;
			children = (
				A327122129775C30007DF04A /* MetalFilters.swift */,
				A3EBFB0B29EF2336005E4852 /* CIFilterToPGLFilter.swift */,
				A3BF50C924D32A3400CD5114 /* PGLFilterCIAbstract.swift */,
				A3BF505024D32A3400CD5114 /* TiltShift.swift */,
				A3BF504C24D32A3400CD5114 /* PGLBumpBlend.swift */,
				A3BF507B24D32A3400CD5114 /* PGLTextFilter.swift */,
				A3BF505B24D32A3400CD5114 /* PGLFilterChange.swift */,
				A3BF506C24D32A3400CD5114 /* PGLBumpFaceCIFilter.swift */,
				A3BF507524D32A3400CD5114 /* PGLFaceTiltShift.swift */,
				A3AF392B25B61D850035A5FF /* PGLSaliencyBlur.swift */,
				A39632D7250049F000F02CEC /* PGLDisparityFilter.swift */,
				A3E0A22A2649DE6100C43D69 /* PGLScalingFilter.swift */,
				A3C11A8A29E9D9F5001D0831 /* PGLPersonSegmentation.swift */,
				A3BF508424D32A3400CD5114 /* PGLImageCIFilter.swift */,
				A353130E28E31BD5001F2C87 /* PGLCISequenced.swift */,
				A342AE2F26C333BA00D14ECB /* PGLRandomFilterAction.swift */,
				A3BF508724D32A3400CD5114 /* PGLFaceCIFilter.swift */,
				A3BF508824D32A3400CD5114 /* PGLFeatureTransitionFilter.swift */,
				A31FAF9E28F5E619002DCFEA /* PGLSequenceDissolve.swift */,
				A3BF508A24D32A3400CD5114 /* CIFilterExtensions.swift */,
				A3BF50A224D32A3400CD5114 /* PGLTransitionFilter.swift */,
				A3552BE929463170002FBC72 /* PGLColorVectorNumeric.swift */,
				A35D412C294B678B00EDEB4E /* PGLVectorBasedFilter.swift */,
				A3CA2BFE295A01FD00502A8A /* PGLConvolutionFilter.swift */,
				A33C441C28E8D4E50096E7EE /* PGLSequencedFilters.swift */,
				A36324E725B247F7003F4C0F /* PGLExcludeFilters.swift */,
			);
			path = Filters;
			sourceTree = "<group>";
		};
		A3C7170C255C3FA7005C2CAD /* UI Support */ = {
			isa = PBXGroup;
			children = (
				A3BF506324D32A3400CD5114 /* CompositionalLayout */,
				A3BF505A24D32A3400CD5114 /* PGLTableCellAction.swift */,
				A3BF508924D32A3400CD5114 /* PGLFilterAttributeAttributedString.swift */,
				A3BF507924D32A3400CD5114 /* PGLDynamicDragBehavior.swift */,
				A3249AAF25BC728D00F7FAC2 /* PGLDemo.swift */,
				A3BF50AF24D32A3400CD5114 /* PGLDataSource.swift */,
				A3BF50B424D32A3400CD5114 /* PGLDiffableDataSource.swift */,
				A3BF50B824D32A3400CD5114 /* GridViewCell.swift */,
				A3BF507D24D32A3400CD5114 /* CIImage.swift */,
				A357B17B2950F60D00331980 /* CGAffineTransform.swift */,
				A3F64FCD24E85ACB00BB38BD /* PGLOffScreenRender.swift */,
				A320F62926699FA7008F6090 /* PrivacyPolicy.rtf */,
				A35506EB26BF376A00BAC9BD /* PGLUserDefaultKeys.swift */,
				A3FB765B28D7AF6500595461 /* PGLWindowSceneDelegate.swift */,
			);
			path = "UI Support";
			sourceTree = "<group>";
		};
		A3D9FF07292A9EE300BAE158 /* Metal Render */ = {
			isa = PBXGroup;
			children = (
				A3B5A13F2922753B003DBE92 /* AAPLShaderTypes.h */,
				A3D9FF0A292A9F1400BAE158 /* Quad.swift */,
				A3D9FF08292A9EFE00BAE158 /* VertexDescriptor.swift */,
				A3B5A1402922753B003DBE92 /* AAPLShaders.metal */,
				A3BF50A924D32A3400CD5114 /* Renderer.swift */,
			);
			path = "Metal Render";
			sourceTree = "<group>";
		};
		A3F1075625604EB1005E86B4 /* cell xib */ = {
			isa = PBXGroup;
			children = (
				A3BF50A424D32A3400CD5114 /* StackCell.xib */,
				A3BF506124D32A3400CD5114 /* TableCell.xib */,
				A3D04B132A8444A300E6DB16 /* PGLStackInfoHeader.xib */,
				A3651FA22A9BD4E1006F50F6 /* PGLStackAlbumHeader.xib */,
			);
			path = "cell xib";
			sourceTree = "<group>";
		};
/* End PBXGroup section */

/* Begin PBXNativeTarget section */
		A3BF500824D3298F00CD5114 /* RiftEffects */ = {
			isa = PBXNativeTarget;
			buildConfigurationList = A3BF503624D3299100CD5114 /* Build configuration list for PBXNativeTarget "RiftEffects" */;
			buildPhases = (
				A3BF500524D3298F00CD5114 /* Sources */,
				A3BF500624D3298F00CD5114 /* Frameworks */,
				A3BF500724D3298F00CD5114 /* Resources */,
			);
			buildRules = (
			);
			dependencies = (
			);
			name = RiftEffects;
			productName = Surreality;
			productReference = A3BF500924D3298F00CD5114 /* RiftEffects.app */;
			productType = "com.apple.product-type.application";
		};
		A3BF502124D3299100CD5114 /* RiftEffectsTests */ = {
			isa = PBXNativeTarget;
			buildConfigurationList = A3BF503924D3299100CD5114 /* Build configuration list for PBXNativeTarget "RiftEffectsTests" */;
			buildPhases = (
				A3BF501E24D3299100CD5114 /* Sources */,
				A3BF501F24D3299100CD5114 /* Frameworks */,
				A3BF502024D3299100CD5114 /* Resources */,
			);
			buildRules = (
			);
			dependencies = (
				A3BF502424D3299100CD5114 /* PBXTargetDependency */,
			);
			name = RiftEffectsTests;
			productName = SurrealityTests;
			productReference = A3BF502224D3299100CD5114 /* RiftEffectsTests.xctest */;
			productType = "com.apple.product-type.bundle.unit-test";
		};
		A3BF502C24D3299100CD5114 /* RiftEffectsUITests */ = {
			isa = PBXNativeTarget;
			buildConfigurationList = A3BF503C24D3299100CD5114 /* Build configuration list for PBXNativeTarget "RiftEffectsUITests" */;
			buildPhases = (
				A3BF502924D3299100CD5114 /* Sources */,
				A3BF502A24D3299100CD5114 /* Frameworks */,
				A3BF502B24D3299100CD5114 /* Resources */,
			);
			buildRules = (
			);
			dependencies = (
				A3BF502F24D3299100CD5114 /* PBXTargetDependency */,
			);
			name = RiftEffectsUITests;
			productName = SurrealityUITests;
			productReference = A3BF502D24D3299100CD5114 /* RiftEffectsUITests.xctest */;
			productType = "com.apple.product-type.bundle.ui-testing";
		};
/* End PBXNativeTarget section */

/* Begin PBXProject section */
		A3BF500124D3298F00CD5114 /* Project object */ = {
			isa = PBXProject;
			attributes = {
				LastSwiftUpdateCheck = 1160;
				LastUpgradeCheck = 1430;
				ORGANIZATIONNAME = "Will Loew-Blosser";
				TargetAttributes = {
					A3BF500824D3298F00CD5114 = {
						CreatedOnToolsVersion = 11.6;
					};
					A3BF502124D3299100CD5114 = {
						CreatedOnToolsVersion = 11.6;
						TestTargetID = A3BF500824D3298F00CD5114;
					};
					A3BF502C24D3299100CD5114 = {
						CreatedOnToolsVersion = 11.6;
						TestTargetID = A3BF500824D3298F00CD5114;
					};
				};
			};
			buildConfigurationList = A3BF500424D3298F00CD5114 /* Build configuration list for PBXProject "RiftEffects" */;
			compatibilityVersion = "Xcode 13.0";
			developmentRegion = en;
			hasScannedForEncodings = 0;
			knownRegions = (
				en,
				Base,
			);
			mainGroup = A3BF500024D3298F00CD5114;
			productRefGroup = A3BF500A24D3298F00CD5114 /* Products */;
			projectDirPath = "";
			projectRoot = "";
			targets = (
				A3BF500824D3298F00CD5114 /* RiftEffects */,
				A3BF502124D3299100CD5114 /* RiftEffectsTests */,
				A3BF502C24D3299100CD5114 /* RiftEffectsUITests */,
			);
		};
/* End PBXProject section */

/* Begin PBXResourcesBuildPhase section */
		A3BF500724D3298F00CD5114 /* Resources */ = {
			isa = PBXResourcesBuildPhase;
			buildActionMask = 2147483647;
			files = (
				A308939F251E977400F244D6 /* Launch Screen.storyboard in Resources */,
				A3BF512C24D32A3400CD5114 /* StackCell.xib in Resources */,
				A3BF510224D32A3400CD5114 /* Main.storyboard in Resources */,
				A320F62A26699FA8008F6090 /* PrivacyPolicy.rtf in Resources */,
				A3D04B152A8444A300E6DB16 /* PGLStackInfoHeader.xib in Resources */,
				A3BF50F024D32A3400CD5114 /* TableCell.xib in Resources */,
				A3BF50F124D32A3400CD5114 /* Assets.xcassets in Resources */,
				A3E6243D2691261A0017372F /* Settings.bundle in Resources */,
				A35FF77C26DC324E00D78252 /* CoreDataSampleLicense.txt in Resources */,
				A3651FA42A9BD4E1006F50F6 /* PGLStackAlbumHeader.xib in Resources */,
			);
			runOnlyForDeploymentPostprocessing = 0;
		};
		A3BF502024D3299100CD5114 /* Resources */ = {
			isa = PBXResourcesBuildPhase;
			buildActionMask = 2147483647;
			files = (
			);
			runOnlyForDeploymentPostprocessing = 0;
		};
		A3BF502B24D3299100CD5114 /* Resources */ = {
			isa = PBXResourcesBuildPhase;
			buildActionMask = 2147483647;
			files = (
			);
			runOnlyForDeploymentPostprocessing = 0;
		};
/* End PBXResourcesBuildPhase section */

/* Begin PBXSourcesBuildPhase section */
		A3BF500524D3298F00CD5114 /* Sources */ = {
			isa = PBXSourcesBuildPhase;
			buildActionMask = 2147483647;
			files = (
				A3BF511924D32A3400CD5114 /* RiftEffects.xcdatamodeld in Sources */,
				A303930F27AADED800E2A3D4 /* PGLCompactPresentationController.swift in Sources */,
				A3BF510E24D32A3400CD5114 /* PGLImageCIFilter.swift in Sources */,
				A3BF512124D32A3400CD5114 /* AppDelegate.swift in Sources */,
				A39F88042A4C7E6F000AE342 /* PGLLibraryCell.swift in Sources */,
				A3D9FF0B292A9F1400BAE158 /* Quad.swift in Sources */,
				A3181C042974C84F00834D89 /* PGLNeedsRedraw.swift in Sources */,
				A3BF512424D32A3400CD5114 /* PGLImageList.swift in Sources */,
				A3BF513424D32A3400CD5114 /* PGLPhotoLists.swift in Sources */,
				A353130F28E31BD5001F2C87 /* PGLCISequenced.swift in Sources */,
				A3249AB025BC728D00F7FAC2 /* PGLDemo.swift in Sources */,
				A3BF513D24D32A3400CD5114 /* PGLImageCollectionMasterController.swift in Sources */,
				A3712BFE2908628400993C5E /* CDStoredFilter+CoreDataProperties.swift in Sources */,
				A392D5EE26C3EBDA00688952 /* PGLRandomFilterMaker.swift in Sources */,
				A34DE10D25D050AF005DC3DD /* PGLHelpSinglePage.swift in Sources */,
				A33C441D28E8D4E50096E7EE /* PGLSequencedFilters.swift in Sources */,
				A3E0A22B2649DE6100C43D69 /* PGLScalingFilter.swift in Sources */,
				A3BF510524D32A3400CD5114 /* PGLDynamicDragBehavior.swift in Sources */,
				A320F6262669550E008F6090 /* PGLInfoPrivacyController.swift in Sources */,
				A3BF50EB24D32A3400CD5114 /* PGLVisionDetection.swift in Sources */,
				A3BF511324D32A3400CD5114 /* PGLFilterAttributeAttributedString.swift in Sources */,
				A3BF512824D32A3400CD5114 /* PGLFilterStack.swift in Sources */,
				A35BADAC2614C8FF00C8B2AA /* PGLPopUpFilterInfo.swift in Sources */,
				A375F25F26DFE47E00721D3A /* PGLStackProvider.swift in Sources */,
				A35506EC26BF376A00BAC9BD /* PGLUserDefaultKeys.swift in Sources */,
				A3BF513524D32A3400CD5114 /* PGLImagesSelectContainer.swift in Sources */,
				A3EBFB0C29EF2336005E4852 /* CIFilterToPGLFilter.swift in Sources */,
				A3BF50EF24D32A3400CD5114 /* PGLMainFilterController.swift in Sources */,
				A3BF50E924D32A3400CD5114 /* PGLTableCellAction.swift in Sources */,
				A3BF50DB24D32A3400CD5114 /* PGL-CDFilterStack.swift in Sources */,
				A3D04B142A8444A300E6DB16 /* PGLStackInfoHeader.swift in Sources */,
				A3BF513724D32A3400CD5114 /* PGLDiffableDataSource.swift in Sources */,
				A3BF510124D32A3400CD5114 /* PGLFaceTiltShift.swift in Sources */,
				A3BF50E724D32A3400CD5114 /* PGLMetalController.swift in Sources */,
				A3BF50FD24D32A3400CD5114 /* PGLFilterCategory.swift in Sources */,
				A3BF514724D32A3400CD5114 /* PGLFilterCIAbstract.swift in Sources */,
				A39466802832DFDD00A67319 /* PGLStackImageContainerController.swift in Sources */,
				A35FF77E26DC346200D78252 /* PGLCoreData+Defns.swift in Sources */,
				A3C11A8B29E9D9F5001D0831 /* PGLPersonSegmentation.swift in Sources */,
				A39466822832E30A00A67319 /* PGLSupplementNavController.swift in Sources */,
				A3DD328725CC999C00ABEE61 /* PGLHelpPageController.swift in Sources */,
				A3DC3DE227B17EF500E4C111 /* PGLCompactImageController.swift in Sources */,
				A3BF50E024D32A3400CD5114 /* TiltShift.swift in Sources */,
				A3BF513124D32A3400CD5114 /* Renderer.swift in Sources */,
				A3BF513324D32A3400CD5114 /* PGLAssetController.swift in Sources */,
				A3BF511424D32A3400CD5114 /* CIFilterExtensions.swift in Sources */,
				A3BF513B24D32A3400CD5114 /* GridViewCell.swift in Sources */,
				A3BF50FA24D32A3400CD5114 /* PGLBumpFaceCIFilter.swift in Sources */,
				A3BF512F24D32A3400CD5114 /* PGLFilterAttribute.swift in Sources */,
				A3BF50DC24D32A3400CD5114 /* PGLBumpBlend.swift in Sources */,
				A3BF510624D32A3400CD5114 /* PGLSplitViewController.swift in Sources */,
				A3DDDEE729D85EF1003B8545 /* PGLFilterAttrChildStack.swift in Sources */,
				A3BF513224D32A3400CD5114 /* PGLDataSource.swift in Sources */,
				A39F880B2A4CA38B000AE342 /* PGLSectionBackgroundDecorationView.swift in Sources */,
				A3BF50F424D32A3400CD5114 /* TextCell.swift in Sources */,
				A32F213B283BBAF1006C026F /* PGLNavPrimaryController.swift in Sources */,
				A327122229775C30007DF04A /* MetalFilters.swift in Sources */,
				A3E17A1B29F5DBB2006A39A6 /* PGLFilterStackDemo.swift in Sources */,
				A39F88082A4C7FF2000AE342 /* PGLAppearance.swift in Sources */,
				A3B5A1412922753B003DBE92 /* AAPLShaders.metal in Sources */,
				A38F9D76250442B800B58F6B /* CVPixelBufferExtension.swift in Sources */,
				A3BF513824D32A3400CD5114 /* PGLAssetGridController.swift in Sources */,
				A3BF513924D32A3400CD5114 /* PGLUserAssetSelection.swift in Sources */,
				A3BF50D224D32A3400CD5114 /* PGLResultsController.swift in Sources */,
				A3BF512B24D32A3400CD5114 /* PGLSelectParmController.swift in Sources */,
				A3BF512D24D32A3400CD5114 /* PGLImageSourcePath.swift in Sources */,
				A3BF50E124D32A3400CD5114 /* PGLOpenStackController.swift in Sources */,
				A3BF513C24D32A3400CD5114 /* PGLAssetSequenceController.swift in Sources */,
				A3BF510724D32A3400CD5114 /* PGLTextFilter.swift in Sources */,
				A3712BFD2908628400993C5E /* CDStoredFilter+CoreDataClass.swift in Sources */,
				A3F8E97D295B55B900A1E014 /* PGLNumericSliderUI.swift in Sources */,
				A31FAF9F28F5E619002DCFEA /* PGLSequenceDissolve.swift in Sources */,
				A3BF50EA24D32A3400CD5114 /* PGLFilterChange.swift in Sources */,
				A35D412D294B678B00EDEB4E /* PGLVectorBasedFilter.swift in Sources */,
				A3552BEA29463170002FBC72 /* PGLColorVectorNumeric.swift in Sources */,
				A3BF511224D32A3400CD5114 /* PGLFeatureTransitionFilter.swift in Sources */,
				A37D23AE2825C27D00EE3723 /* PGLTwoContainerController.swift in Sources */,
				A3AF392C25B61D850035A5FF /* PGLSaliencyBlur.swift in Sources */,
				A3BF50F324D32A3400CD5114 /* BadgeSupplementrayView.swift in Sources */,
				A3BF510824D32A3400CD5114 /* PGLFilterClasses.swift in Sources */,
				A3BF513624D32A3400CD5114 /* PGLAssetCollection.swift in Sources */,
				A3BF514824D32A3400CD5114 /* PGLTabsController.swift in Sources */,
				A3FB765C28D7AF6500595461 /* PGLWindowSceneDelegate.swift in Sources */,
				A34BB8BE295E4834007BFBA7 /* PGLAttributeWeightsVector.swift in Sources */,
				A3BF512A24D32A3400CD5114 /* PGLTransitionFilter.swift in Sources */,
				A32F2137283BB93C006C026F /* PGLNavStackImageController.swift in Sources */,
				A3552BEC29463C10002FBC72 /* PGLAttributeVectorNumericUI.swift in Sources */,
				A3BF50E324D32A3400CD5114 /* PGLStackController.swift in Sources */,
				A3F64FCE24E85ACB00BB38BD /* PGLOffScreenRender.swift in Sources */,
				A39632D8250049F000F02CEC /* PGLDisparityFilter.swift in Sources */,
				A3BF50F824D32A3400CD5114 /* StackDataCell.swift in Sources */,
				A32F2139283BBA83006C026F /* PGLNavSecondaryController.swift in Sources */,
				A36324E825B247F7003F4C0F /* PGLExcludeFilters.swift in Sources */,
				A353131128E37613001F2C87 /* PGLSequenceStack.swift in Sources */,
				A32F213D283BBF3A006C026F /* PGLFilterImageContainerController.swift in Sources */,
				A357B17C2950F60D00331980 /* CGAffineTransform.swift in Sources */,
				A3BF50E524D32A3400CD5114 /* PGLFilterCategoryIndex.swift in Sources */,
				A3BF511124D32A3400CD5114 /* PGLFaceCIFilter.swift in Sources */,
				A35FF77926DC316400D78252 /* PGLCoreDataStack.swift in Sources */,
				A342AE3026C333BA00D14ECB /* PGLRandomFilterAction.swift in Sources */,
				A3CA2BFF295A01FD00502A8A /* PGLConvolutionFilter.swift in Sources */,
				A3DD2BD82919964700295DF1 /* PGLPopUpOpenStack.swift in Sources */,
				A39F88022A4C7368000AE342 /* PGLLibraryController.swift in Sources */,
				A33BD1B129626597007D3527 /* PGLButtonCellUI.swift in Sources */,
				A3BF50EE24D32A3400CD5114 /* PGLFilterDescriptor.swift in Sources */,
				A3BF510924D32A3400CD5114 /* CIImage.swift in Sources */,
				A3BF50F524D32A3400CD5114 /* OutlineItemCell.swift in Sources */,
				A39F88062A4C7F5C000AE342 /* PGLLibraryPropertiesView.swift in Sources */,
				A3BF50E224D32A3400CD5114 /* PGLRectangleController.swift in Sources */,
				A3D9FF09292A9EFE00BAE158 /* VertexDescriptor.swift in Sources */,
				A3BF50FF24D32A3400CD5114 /* PGLAttributeUI.swift in Sources */,
				A3552BEE2946AA7D002FBC72 /* PGLAttributeVectorNumeric.swift in Sources */,
				A3BF50F224D32A3400CD5114 /* ListCell.swift in Sources */,
				A3BF50F724D32A3400CD5114 /* TitleSupplementaryView.swift in Sources */,
				A3BF511024D32A3400CD5114 /* PGLAppStack.swift in Sources */,
				A3E593B32541F0FD0001EDF9 /* PGLFilterCDDataTransformer.swift in Sources */,
				A3EF3EF4294AA3A900AD0B10 /* PGLAttributeVectorExpand.swift in Sources */,
				A3651FA32A9BD4E1006F50F6 /* PGLStackAlbumHeader.swift in Sources */,
				A3DC264F2698FD83003E48C2 /* PGLImageController.swift in Sources */,
				A3719FA628233D5B009A9DBE /* PGLCommonParmController.swift in Sources */,
				A3BF50E424D32A3400CD5114 /* PGLFilterAttributeNumber.swift in Sources */,
				A3BF50EC24D32A3400CD5114 /* PGLVisionProtocol.swift in Sources */,
			);
			runOnlyForDeploymentPostprocessing = 0;
		};
		A3BF501E24D3299100CD5114 /* Sources */ = {
			isa = PBXSourcesBuildPhase;
			buildActionMask = 2147483647;
			files = (
				A3BF515024D32D3400CD5114 /* PGLSourceFilterTests.swift in Sources */,
				A3CE5B2E24DB5DA80062A98C /* PGLCategorySurvey.swift in Sources */,
				A3BF515224D32D3400CD5114 /* PGLFilterStackTests.swift in Sources */,
				A3BF515124D32D3400CD5114 /* PGLFilterDescriptorTests.swift in Sources */,
				A3BF515424D32D3400CD5114 /* GlanceTests.swift in Sources */,
				A316B9E425D9AD25000C8299 /* PGLDataStoreTests.swift in Sources */,
			);
			runOnlyForDeploymentPostprocessing = 0;
		};
		A3BF502924D3299100CD5114 /* Sources */ = {
			isa = PBXSourcesBuildPhase;
			buildActionMask = 2147483647;
			files = (
				A3BF503224D3299100CD5114 /* SurrealityUITests.swift in Sources */,
				A3BF515924D32D7400CD5114 /* GlanceUITests.swift in Sources */,
			);
			runOnlyForDeploymentPostprocessing = 0;
		};
/* End PBXSourcesBuildPhase section */

/* Begin PBXTargetDependency section */
		A3BF502424D3299100CD5114 /* PBXTargetDependency */ = {
			isa = PBXTargetDependency;
			target = A3BF500824D3298F00CD5114 /* RiftEffects */;
			targetProxy = A3BF502324D3299100CD5114 /* PBXContainerItemProxy */;
		};
		A3BF502F24D3299100CD5114 /* PBXTargetDependency */ = {
			isa = PBXTargetDependency;
			target = A3BF500824D3298F00CD5114 /* RiftEffects */;
			targetProxy = A3BF502E24D3299100CD5114 /* PBXContainerItemProxy */;
		};
/* End PBXTargetDependency section */

/* Begin XCBuildConfiguration section */
		A3BF503424D3299100CD5114 /* Debug */ = {
			isa = XCBuildConfiguration;
			buildSettings = {
				ALWAYS_SEARCH_USER_PATHS = NO;
				CLANG_ANALYZER_NONNULL = YES;
				CLANG_ANALYZER_NUMBER_OBJECT_CONVERSION = YES_AGGRESSIVE;
				CLANG_CXX_LANGUAGE_STANDARD = "gnu++14";
				CLANG_CXX_LIBRARY = "libc++";
				CLANG_ENABLE_MODULES = YES;
				CLANG_ENABLE_OBJC_ARC = YES;
				CLANG_ENABLE_OBJC_WEAK = YES;
				CLANG_WARN_BLOCK_CAPTURE_AUTORELEASING = YES;
				CLANG_WARN_BOOL_CONVERSION = YES;
				CLANG_WARN_COMMA = YES;
				CLANG_WARN_CONSTANT_CONVERSION = YES;
				CLANG_WARN_DEPRECATED_OBJC_IMPLEMENTATIONS = YES;
				CLANG_WARN_DIRECT_OBJC_ISA_USAGE = YES_ERROR;
				CLANG_WARN_DOCUMENTATION_COMMENTS = YES;
				CLANG_WARN_EMPTY_BODY = YES;
				CLANG_WARN_ENUM_CONVERSION = YES;
				CLANG_WARN_INFINITE_RECURSION = YES;
				CLANG_WARN_INT_CONVERSION = YES;
				CLANG_WARN_NON_LITERAL_NULL_CONVERSION = YES;
				CLANG_WARN_OBJC_IMPLICIT_RETAIN_SELF = YES;
				CLANG_WARN_OBJC_LITERAL_CONVERSION = YES;
				CLANG_WARN_OBJC_ROOT_CLASS = YES_ERROR;
				CLANG_WARN_QUOTED_INCLUDE_IN_FRAMEWORK_HEADER = YES;
				CLANG_WARN_RANGE_LOOP_ANALYSIS = YES;
				CLANG_WARN_STRICT_PROTOTYPES = YES;
				CLANG_WARN_SUSPICIOUS_MOVE = YES;
				CLANG_WARN_UNGUARDED_AVAILABILITY = YES_AGGRESSIVE;
				CLANG_WARN_UNREACHABLE_CODE = YES;
				CLANG_WARN__DUPLICATE_METHOD_MATCH = YES;
				COPY_PHASE_STRIP = NO;
				DEBUG_INFORMATION_FORMAT = dwarf;
				ENABLE_STRICT_OBJC_MSGSEND = YES;
				ENABLE_TESTABILITY = YES;
				GCC_C_LANGUAGE_STANDARD = gnu99;
				GCC_DYNAMIC_NO_PIC = NO;
				GCC_NO_COMMON_BLOCKS = YES;
				GCC_OPTIMIZATION_LEVEL = 0;
				GCC_PREPROCESSOR_DEFINITIONS = (
					"DEBUG=1",
					"$(inherited)",
				);
				GCC_WARN_64_TO_32_BIT_CONVERSION = YES;
				GCC_WARN_ABOUT_RETURN_TYPE = YES_ERROR;
				GCC_WARN_UNDECLARED_SELECTOR = YES;
				GCC_WARN_UNINITIALIZED_AUTOS = YES_AGGRESSIVE;
				GCC_WARN_UNUSED_FUNCTION = YES;
				GCC_WARN_UNUSED_VARIABLE = YES;
				IPHONEOS_DEPLOYMENT_TARGET = 16.4;
				MTL_ENABLE_DEBUG_INFO = INCLUDE_SOURCE;
				MTL_FAST_MATH = YES;
				ONLY_ACTIVE_ARCH = YES;
				SDKROOT = iphoneos;
				SWIFT_ACTIVE_COMPILATION_CONDITIONS = DEBUG;
				SWIFT_OBJC_BRIDGING_HEADER = "RiftEffects/Metal Render/AAPLShaderTypes.h";
				SWIFT_OPTIMIZATION_LEVEL = "-Onone";
				SWIFT_VERSION = 5.0;
				VALIDATE_PRODUCT = NO;
			};
			name = Debug;
		};
		A3BF503524D3299100CD5114 /* Release */ = {
			isa = XCBuildConfiguration;
			buildSettings = {
				ALWAYS_SEARCH_USER_PATHS = NO;
				CLANG_ANALYZER_NONNULL = YES;
				CLANG_ANALYZER_NUMBER_OBJECT_CONVERSION = YES_AGGRESSIVE;
				CLANG_CXX_LANGUAGE_STANDARD = "gnu++14";
				CLANG_CXX_LIBRARY = "libc++";
				CLANG_ENABLE_MODULES = YES;
				CLANG_ENABLE_OBJC_ARC = YES;
				CLANG_ENABLE_OBJC_WEAK = YES;
				CLANG_WARN_BLOCK_CAPTURE_AUTORELEASING = YES;
				CLANG_WARN_BOOL_CONVERSION = YES;
				CLANG_WARN_COMMA = YES;
				CLANG_WARN_CONSTANT_CONVERSION = YES;
				CLANG_WARN_DEPRECATED_OBJC_IMPLEMENTATIONS = YES;
				CLANG_WARN_DIRECT_OBJC_ISA_USAGE = YES_ERROR;
				CLANG_WARN_DOCUMENTATION_COMMENTS = YES;
				CLANG_WARN_EMPTY_BODY = YES;
				CLANG_WARN_ENUM_CONVERSION = YES;
				CLANG_WARN_INFINITE_RECURSION = YES;
				CLANG_WARN_INT_CONVERSION = YES;
				CLANG_WARN_NON_LITERAL_NULL_CONVERSION = YES;
				CLANG_WARN_OBJC_IMPLICIT_RETAIN_SELF = YES;
				CLANG_WARN_OBJC_LITERAL_CONVERSION = YES;
				CLANG_WARN_OBJC_ROOT_CLASS = YES_ERROR;
				CLANG_WARN_QUOTED_INCLUDE_IN_FRAMEWORK_HEADER = YES;
				CLANG_WARN_RANGE_LOOP_ANALYSIS = YES;
				CLANG_WARN_STRICT_PROTOTYPES = YES;
				CLANG_WARN_SUSPICIOUS_MOVE = YES;
				CLANG_WARN_UNGUARDED_AVAILABILITY = YES_AGGRESSIVE;
				CLANG_WARN_UNREACHABLE_CODE = YES;
				CLANG_WARN__DUPLICATE_METHOD_MATCH = YES;
				COPY_PHASE_STRIP = NO;
				DEBUG_INFORMATION_FORMAT = "dwarf-with-dsym";
				ENABLE_NS_ASSERTIONS = NO;
				ENABLE_STRICT_OBJC_MSGSEND = YES;
				GCC_C_LANGUAGE_STANDARD = gnu99;
				GCC_NO_COMMON_BLOCKS = YES;
				GCC_WARN_64_TO_32_BIT_CONVERSION = YES;
				GCC_WARN_ABOUT_RETURN_TYPE = YES_ERROR;
				GCC_WARN_UNDECLARED_SELECTOR = YES;
				GCC_WARN_UNINITIALIZED_AUTOS = YES_AGGRESSIVE;
				GCC_WARN_UNUSED_FUNCTION = YES;
				GCC_WARN_UNUSED_VARIABLE = YES;
				IPHONEOS_DEPLOYMENT_TARGET = 16.4;
				MTL_ENABLE_DEBUG_INFO = NO;
				MTL_FAST_MATH = YES;
				ONLY_ACTIVE_ARCH = YES;
				SDKROOT = iphoneos;
				SWIFT_COMPILATION_MODE = wholemodule;
				SWIFT_OBJC_BRIDGING_HEADER = "RiftEffects/Metal Render/AAPLShaderTypes.h";
				SWIFT_OPTIMIZATION_LEVEL = "-O";
				SWIFT_VERSION = 5.0;
				VALIDATE_PRODUCT = YES;
			};
			name = Release;
		};
		A3BF503724D3299100CD5114 /* Debug */ = {
			isa = XCBuildConfiguration;
			buildSettings = {
				ASSETCATALOG_COMPILER_APPICON_NAME = AppIcon;
				ASSETCATALOG_COMPILER_INCLUDE_ALL_APPICON_ASSETS = YES;
				CODE_SIGN_ENTITLEMENTS = RiftEffects/RiftEffects.entitlements;
				CODE_SIGN_STYLE = Automatic;
				CURRENT_PROJECT_VERSION = 48;
				DEAD_CODE_STRIPPING = YES;
				DEVELOPMENT_TEAM = 9CZQPZ85AZ;
				ENABLE_PREVIEWS = NO;
				INFOPLIST_FILE = RiftEffects/Info.plist;
				INFOPLIST_KEY_CFBundleDisplayName = "Rift-Effex";
				INFOPLIST_KEY_LSApplicationCategoryType = "public.app-category.photography";
				IPHONEOS_DEPLOYMENT_TARGET = 16.4;
				LD_RUNPATH_SEARCH_PATHS = (
					"$(inherited)",
					"@executable_path/Frameworks",
				);
				MARKETING_VERSION = 2.5;
				MTL_COMPILER_FLAGS = "";
				PRODUCT_BUNDLE_IDENTIFIER = "L-BSoftwareArtist.Rift-Effex";
				PRODUCT_NAME = "$(TARGET_NAME)";
				SWIFT_OBJC_BRIDGING_HEADER = "RiftEffects/Metal Render/AAPLShaderTypes.h";
				SWIFT_VERSION = 5.0;
				TARGETED_DEVICE_FAMILY = "1,2";
			};
			name = Debug;
		};
		A3BF503824D3299100CD5114 /* Release */ = {
			isa = XCBuildConfiguration;
			buildSettings = {
				ASSETCATALOG_COMPILER_APPICON_NAME = AppIcon;
				ASSETCATALOG_COMPILER_INCLUDE_ALL_APPICON_ASSETS = YES;
				CODE_SIGN_ENTITLEMENTS = RiftEffects/RiftEffects.entitlements;
				CODE_SIGN_IDENTITY = "Apple Development";
				CODE_SIGN_STYLE = Automatic;
				CURRENT_PROJECT_VERSION = 48;
				DEAD_CODE_STRIPPING = YES;
				DEVELOPMENT_TEAM = 9CZQPZ85AZ;
				ENABLE_PREVIEWS = NO;
				INFOPLIST_FILE = RiftEffects/Info.plist;
				INFOPLIST_KEY_CFBundleDisplayName = "Rift-Effex";
				INFOPLIST_KEY_LSApplicationCategoryType = "public.app-category.photography";
				IPHONEOS_DEPLOYMENT_TARGET = 16.4;
				LD_RUNPATH_SEARCH_PATHS = (
					"$(inherited)",
					"@executable_path/Frameworks",
				);
				MARKETING_VERSION = 2.5;
				MTL_COMPILER_FLAGS = "";
				PRODUCT_BUNDLE_IDENTIFIER = "L-BSoftwareArtist.Rift-Effex";
				PRODUCT_NAME = "$(TARGET_NAME)";
				PROVISIONING_PROFILE_SPECIFIER = "";
				SWIFT_OBJC_BRIDGING_HEADER = "RiftEffects/Metal Render/AAPLShaderTypes.h";
				SWIFT_VERSION = 5.0;
				TARGETED_DEVICE_FAMILY = "1,2";
			};
			name = Release;
		};
		A3BF503A24D3299100CD5114 /* Debug */ = {
			isa = XCBuildConfiguration;
			buildSettings = {
				ALWAYS_EMBED_SWIFT_STANDARD_LIBRARIES = YES;
				BUNDLE_LOADER = "$(TEST_HOST)";
				CODE_SIGN_STYLE = Automatic;
				DEAD_CODE_STRIPPING = YES;
				DEVELOPMENT_TEAM = 9CZQPZ85AZ;
				INFOPLIST_FILE = RiftEffects/Info.plist;
				IPHONEOS_DEPLOYMENT_TARGET = 16.4;
				LD_RUNPATH_SEARCH_PATHS = (
					"$(inherited)",
					"@executable_path/Frameworks",
					"@loader_path/Frameworks",
				);
				PRODUCT_BUNDLE_IDENTIFIER = "L-BSoftwareArtist.RiftEffectsTests";
				PRODUCT_NAME = "$(TARGET_NAME)";
				SWIFT_VERSION = 5.0;
				TARGETED_DEVICE_FAMILY = 2;
				TEST_HOST = "$(BUILT_PRODUCTS_DIR)/RiftEffects.app/RiftEffects";
			};
			name = Debug;
		};
		A3BF503B24D3299100CD5114 /* Release */ = {
			isa = XCBuildConfiguration;
			buildSettings = {
				ALWAYS_EMBED_SWIFT_STANDARD_LIBRARIES = YES;
				BUNDLE_LOADER = "$(TEST_HOST)";
				CODE_SIGN_STYLE = Automatic;
				DEAD_CODE_STRIPPING = YES;
				DEVELOPMENT_TEAM = 9CZQPZ85AZ;
				INFOPLIST_FILE = RiftEffects/Info.plist;
				IPHONEOS_DEPLOYMENT_TARGET = 16.4;
				LD_RUNPATH_SEARCH_PATHS = (
					"$(inherited)",
					"@executable_path/Frameworks",
					"@loader_path/Frameworks",
				);
				PRODUCT_BUNDLE_IDENTIFIER = "L-BSoftwareArtist.RiftEffectsTests";
				PRODUCT_NAME = "$(TARGET_NAME)";
				SWIFT_VERSION = 5.0;
				TARGETED_DEVICE_FAMILY = 2;
				TEST_HOST = "$(BUILT_PRODUCTS_DIR)/RiftEffects.app/RiftEffects";
			};
			name = Release;
		};
		A3BF503D24D3299100CD5114 /* Debug */ = {
			isa = XCBuildConfiguration;
			buildSettings = {
				ALWAYS_EMBED_SWIFT_STANDARD_LIBRARIES = YES;
				CODE_SIGN_STYLE = Automatic;
				DEAD_CODE_STRIPPING = YES;
				DEVELOPMENT_TEAM = 9CZQPZ85AZ;
				INFOPLIST_FILE = RiftEfffectsUITests/Info.plist;
				IPHONEOS_DEPLOYMENT_TARGET = 16.4;
				LD_RUNPATH_SEARCH_PATHS = (
					"$(inherited)",
					"@executable_path/Frameworks",
					"@loader_path/Frameworks",
				);
				PRODUCT_BUNDLE_IDENTIFIER = "L-BSoftwareArtist.RiftEffectsUITests";
				PRODUCT_NAME = "$(TARGET_NAME)";
				SWIFT_VERSION = 5.0;
				TARGETED_DEVICE_FAMILY = "1,2";
				TEST_TARGET_NAME = RiftEffects;
			};
			name = Debug;
		};
		A3BF503E24D3299100CD5114 /* Release */ = {
			isa = XCBuildConfiguration;
			buildSettings = {
				ALWAYS_EMBED_SWIFT_STANDARD_LIBRARIES = YES;
				CODE_SIGN_STYLE = Automatic;
				DEAD_CODE_STRIPPING = YES;
				DEVELOPMENT_TEAM = 9CZQPZ85AZ;
				INFOPLIST_FILE = RiftEfffectsUITests/Info.plist;
				IPHONEOS_DEPLOYMENT_TARGET = 16.4;
				LD_RUNPATH_SEARCH_PATHS = (
					"$(inherited)",
					"@executable_path/Frameworks",
					"@loader_path/Frameworks",
				);
				PRODUCT_BUNDLE_IDENTIFIER = "L-BSoftwareArtist.RiftEffectsUITests";
				PRODUCT_NAME = "$(TARGET_NAME)";
				SWIFT_VERSION = 5.0;
				TARGETED_DEVICE_FAMILY = "1,2";
				TEST_TARGET_NAME = RiftEffects;
			};
			name = Release;
		};
/* End XCBuildConfiguration section */

/* Begin XCConfigurationList section */
		A3BF500424D3298F00CD5114 /* Build configuration list for PBXProject "RiftEffects" */ = {
			isa = XCConfigurationList;
			buildConfigurations = (
				A3BF503424D3299100CD5114 /* Debug */,
				A3BF503524D3299100CD5114 /* Release */,
			);
			defaultConfigurationIsVisible = 0;
			defaultConfigurationName = Release;
		};
		A3BF503624D3299100CD5114 /* Build configuration list for PBXNativeTarget "RiftEffects" */ = {
			isa = XCConfigurationList;
			buildConfigurations = (
				A3BF503724D3299100CD5114 /* Debug */,
				A3BF503824D3299100CD5114 /* Release */,
			);
			defaultConfigurationIsVisible = 0;
			defaultConfigurationName = Release;
		};
		A3BF503924D3299100CD5114 /* Build configuration list for PBXNativeTarget "RiftEffectsTests" */ = {
			isa = XCConfigurationList;
			buildConfigurations = (
				A3BF503A24D3299100CD5114 /* Debug */,
				A3BF503B24D3299100CD5114 /* Release */,
			);
			defaultConfigurationIsVisible = 0;
			defaultConfigurationName = Release;
		};
		A3BF503C24D3299100CD5114 /* Build configuration list for PBXNativeTarget "RiftEffectsUITests" */ = {
			isa = XCConfigurationList;
			buildConfigurations = (
				A3BF503D24D3299100CD5114 /* Debug */,
				A3BF503E24D3299100CD5114 /* Release */,
			);
			defaultConfigurationIsVisible = 0;
			defaultConfigurationName = Release;
		};
/* End XCConfigurationList section */

/* Begin XCVersionGroup section */
		A3BF509024D32A3400CD5114 /* RiftEffects.xcdatamodeld */ = {
			isa = XCVersionGroup;
			children = (
				A3BDD3CC290D95D000842B51 /* RiftEffects 2.2.xcdatamodel */,
				A3BF509124D32A3400CD5114 /* RiftEffects.xcdatamodel */,
			);
			currentVersion = A3BDD3CC290D95D000842B51 /* RiftEffects 2.2.xcdatamodel */;
			path = RiftEffects.xcdatamodeld;
			sourceTree = "<group>";
			versionGroupType = wrapper.xcdatamodel;
		};
/* End XCVersionGroup section */
	};
	rootObject = A3BF500124D3298F00CD5114 /* Project object */;
}
