// !$*UTF8*$!
{
	archiveVersion = 1;
	classes = {
	};
	objectVersion = 55;
	objects = {

/* Begin PBXBuildFile section */
		A308939F251E977400F244D6 /* Launch Screen.storyboard in Resources */ = {isa = PBXBuildFile; fileRef = A308939E251E977400F244D6 /* Launch Screen.storyboard */; };
		A316B9E425D9AD25000C8299 /* PGLDataStoreTests.swift in Sources */ = {isa = PBXBuildFile; fileRef = A316B9E325D9AD25000C8299 /* PGLDataStoreTests.swift */; };
		A318F31F24FC0D8B00569349 /* PGLFilterGroup.swift in Sources */ = {isa = PBXBuildFile; fileRef = A318F31E24FC0D8B00569349 /* PGLFilterGroup.swift */; };
		A320F6262669550E008F6090 /* PGLInfoPrivacyController.swift in Sources */ = {isa = PBXBuildFile; fileRef = A320F6252669550E008F6090 /* PGLInfoPrivacyController.swift */; };
		A320F62A26699FA8008F6090 /* PrivacyPolicy.rtf in Resources */ = {isa = PBXBuildFile; fileRef = A320F62926699FA7008F6090 /* PrivacyPolicy.rtf */; };
		A3249AB025BC728D00F7FAC2 /* PGLDemo.swift in Sources */ = {isa = PBXBuildFile; fileRef = A3249AAF25BC728D00F7FAC2 /* PGLDemo.swift */; };
		A341186425C300F300587590 /* CloudKit.framework in Frameworks */ = {isa = PBXBuildFile; fileRef = A341186325C300F300587590 /* CloudKit.framework */; };
		A342AE3026C333BA00D14ECB /* PGLRandomFilterAction.swift in Sources */ = {isa = PBXBuildFile; fileRef = A342AE2F26C333BA00D14ECB /* PGLRandomFilterAction.swift */; };
		A349E85F26E8ED2E0017D77F /* CDStoredFilter+CoreDataClass.swift in Sources */ = {isa = PBXBuildFile; fileRef = A349E85D26E8ED2E0017D77F /* CDStoredFilter+CoreDataClass.swift */; };
		A349E86026E8ED2E0017D77F /* CDStoredFilter+CoreDataProperties.swift in Sources */ = {isa = PBXBuildFile; fileRef = A349E85E26E8ED2E0017D77F /* CDStoredFilter+CoreDataProperties.swift */; };
		A34DE10D25D050AF005DC3DD /* PGLHelpSinglePage.swift in Sources */ = {isa = PBXBuildFile; fileRef = A34DE10C25D050AF005DC3DD /* PGLHelpSinglePage.swift */; };
		A35506EC26BF376A00BAC9BD /* PGLUserDefaultKeys.swift in Sources */ = {isa = PBXBuildFile; fileRef = A35506EB26BF376A00BAC9BD /* PGLUserDefaultKeys.swift */; };
		A35BADAC2614C8FF00C8B2AA /* PGLPopUpFilterInfo.swift in Sources */ = {isa = PBXBuildFile; fileRef = A35BADAB2614C8FF00C8B2AA /* PGLPopUpFilterInfo.swift */; };
		A35FF77926DC316400D78252 /* PGLCoreDataStack.swift in Sources */ = {isa = PBXBuildFile; fileRef = A35FF77826DC316400D78252 /* PGLCoreDataStack.swift */; };
		A35FF77C26DC324E00D78252 /* CoreDataSampleLicense.txt in Resources */ = {isa = PBXBuildFile; fileRef = A35FF77B26DC324E00D78252 /* CoreDataSampleLicense.txt */; };
		A35FF77E26DC346200D78252 /* PGLCoreData+Defns.swift in Sources */ = {isa = PBXBuildFile; fileRef = A35FF77D26DC346200D78252 /* PGLCoreData+Defns.swift */; };
		A36324E825B247F7003F4C0F /* PGLExcludeFilters.swift in Sources */ = {isa = PBXBuildFile; fileRef = A36324E725B247F7003F4C0F /* PGLExcludeFilters.swift */; };
		A375F25F26DFE47E00721D3A /* PGLStackProvider.swift in Sources */ = {isa = PBXBuildFile; fileRef = A375F25E26DFE47E00721D3A /* PGLStackProvider.swift */; };
		A38F9D76250442B800B58F6B /* CVPixelBufferExtension.swift in Sources */ = {isa = PBXBuildFile; fileRef = A38F9D75250442B800B58F6B /* CVPixelBufferExtension.swift */; };
		A392D5EE26C3EBDA00688952 /* PGLRandomFilterMaker.swift in Sources */ = {isa = PBXBuildFile; fileRef = A392D5ED26C3EBDA00688952 /* PGLRandomFilterMaker.swift */; };
		A39632D8250049F000F02CEC /* PGLDisparityFilter.swift in Sources */ = {isa = PBXBuildFile; fileRef = A39632D7250049F000F02CEC /* PGLDisparityFilter.swift */; };
		A39AB51E25E2B2C2004690F7 /* PGLSaveDialogController.swift in Sources */ = {isa = PBXBuildFile; fileRef = A39AB51D25E2B2C2004690F7 /* PGLSaveDialogController.swift */; };
		A3AF392C25B61D850035A5FF /* PGLSaliencyBlur.swift in Sources */ = {isa = PBXBuildFile; fileRef = A3AF392B25B61D850035A5FF /* PGLSaliencyBlur.swift */; };
		A3BF503224D3299100CD5114 /* SurrealityUITests.swift in Sources */ = {isa = PBXBuildFile; fileRef = A3BF503124D3299100CD5114 /* SurrealityUITests.swift */; };
		A3BF50D224D32A3400CD5114 /* PGLResultsController.swift in Sources */ = {isa = PBXBuildFile; fileRef = A3BF504124D32A3400CD5114 /* PGLResultsController.swift */; };
		A3BF50D324D32A3400CD5114 /* Sobel.m in Sources */ = {isa = PBXBuildFile; fileRef = A3BF504324D32A3400CD5114 /* Sobel.m */; };
		A3BF50D424D32A3400CD5114 /* ChromaKey.m in Sources */ = {isa = PBXBuildFile; fileRef = A3BF504424D32A3400CD5114 /* ChromaKey.m */; };
		A3BF50D524D32A3400CD5114 /* OldeFilm.m in Sources */ = {isa = PBXBuildFile; fileRef = A3BF504524D32A3400CD5114 /* OldeFilm.m */; };
		A3BF50D624D32A3400CD5114 /* TiltShift.m in Sources */ = {isa = PBXBuildFile; fileRef = A3BF504624D32A3400CD5114 /* TiltShift.m */; };
		A3BF50D724D32A3400CD5114 /* DistortionsDemo.m in Sources */ = {isa = PBXBuildFile; fileRef = A3BF504724D32A3400CD5114 /* DistortionsDemo.m */; };
		A3BF50D824D32A3400CD5114 /* PixellatedPeople.m in Sources */ = {isa = PBXBuildFile; fileRef = A3BF504824D32A3400CD5114 /* PixellatedPeople.m */; };
		A3BF50D924D32A3400CD5114 /* PixellateTransition.m in Sources */ = {isa = PBXBuildFile; fileRef = A3BF504924D32A3400CD5114 /* PixellateTransition.m */; };
		A3BF50DA24D32A3400CD5114 /* PGLFilterTableController.swift in Sources */ = {isa = PBXBuildFile; fileRef = A3BF504A24D32A3400CD5114 /* PGLFilterTableController.swift */; };
		A3BF50DB24D32A3400CD5114 /* PGL-CDFilterStack.swift in Sources */ = {isa = PBXBuildFile; fileRef = A3BF504B24D32A3400CD5114 /* PGL-CDFilterStack.swift */; };
		A3BF50DC24D32A3400CD5114 /* PGLBumpBlend.swift in Sources */ = {isa = PBXBuildFile; fileRef = A3BF504C24D32A3400CD5114 /* PGLBumpBlend.swift */; };
		A3BF50E024D32A3400CD5114 /* TiltShift.swift in Sources */ = {isa = PBXBuildFile; fileRef = A3BF505024D32A3400CD5114 /* TiltShift.swift */; };
		A3BF50E124D32A3400CD5114 /* PGLOpenStackViewController.swift in Sources */ = {isa = PBXBuildFile; fileRef = A3BF505124D32A3400CD5114 /* PGLOpenStackViewController.swift */; };
		A3BF50E224D32A3400CD5114 /* PGLRectangleController.swift in Sources */ = {isa = PBXBuildFile; fileRef = A3BF505224D32A3400CD5114 /* PGLRectangleController.swift */; };
		A3BF50E324D32A3400CD5114 /* PGLStackController.swift in Sources */ = {isa = PBXBuildFile; fileRef = A3BF505324D32A3400CD5114 /* PGLStackController.swift */; };
		A3BF50E424D32A3400CD5114 /* PGLFilterAttributeNumber.swift in Sources */ = {isa = PBXBuildFile; fileRef = A3BF505424D32A3400CD5114 /* PGLFilterAttributeNumber.swift */; };
		A3BF50E524D32A3400CD5114 /* PGLFilterCategoryIndex.swift in Sources */ = {isa = PBXBuildFile; fileRef = A3BF505524D32A3400CD5114 /* PGLFilterCategoryIndex.swift */; };
		A3BF50E724D32A3400CD5114 /* PGLMetalController.swift in Sources */ = {isa = PBXBuildFile; fileRef = A3BF505724D32A3400CD5114 /* PGLMetalController.swift */; };
		A3BF50E924D32A3400CD5114 /* PGLTableCellAction.swift in Sources */ = {isa = PBXBuildFile; fileRef = A3BF505A24D32A3400CD5114 /* PGLTableCellAction.swift */; };
		A3BF50EA24D32A3400CD5114 /* PGLFilterChange.swift in Sources */ = {isa = PBXBuildFile; fileRef = A3BF505B24D32A3400CD5114 /* PGLFilterChange.swift */; };
		A3BF50EB24D32A3400CD5114 /* PGLVisionDetection.swift in Sources */ = {isa = PBXBuildFile; fileRef = A3BF505C24D32A3400CD5114 /* PGLVisionDetection.swift */; };
		A3BF50EC24D32A3400CD5114 /* PGLVisionProtocol.swift in Sources */ = {isa = PBXBuildFile; fileRef = A3BF505D24D32A3400CD5114 /* PGLVisionProtocol.swift */; };
		A3BF50ED24D32A3400CD5114 /* MetalFilters.swift in Sources */ = {isa = PBXBuildFile; fileRef = A3BF505E24D32A3400CD5114 /* MetalFilters.swift */; };
		A3BF50EE24D32A3400CD5114 /* PGLFilterDescriptor.swift in Sources */ = {isa = PBXBuildFile; fileRef = A3BF505F24D32A3400CD5114 /* PGLFilterDescriptor.swift */; };
		A3BF50EF24D32A3400CD5114 /* PGLMainFilterController.swift in Sources */ = {isa = PBXBuildFile; fileRef = A3BF506024D32A3400CD5114 /* PGLMainFilterController.swift */; };
		A3BF50F024D32A3400CD5114 /* TableCell.xib in Resources */ = {isa = PBXBuildFile; fileRef = A3BF506124D32A3400CD5114 /* TableCell.xib */; };
		A3BF50F124D32A3400CD5114 /* Assets.xcassets in Resources */ = {isa = PBXBuildFile; fileRef = A3BF506224D32A3400CD5114 /* Assets.xcassets */; };
		A3BF50F224D32A3400CD5114 /* ListCell.swift in Sources */ = {isa = PBXBuildFile; fileRef = A3BF506424D32A3400CD5114 /* ListCell.swift */; };
		A3BF50F324D32A3400CD5114 /* BadgeSupplementrayView.swift in Sources */ = {isa = PBXBuildFile; fileRef = A3BF506524D32A3400CD5114 /* BadgeSupplementrayView.swift */; };
		A3BF50F424D32A3400CD5114 /* TextCell.swift in Sources */ = {isa = PBXBuildFile; fileRef = A3BF506624D32A3400CD5114 /* TextCell.swift */; };
		A3BF50F524D32A3400CD5114 /* OutlineItemCell.swift in Sources */ = {isa = PBXBuildFile; fileRef = A3BF506724D32A3400CD5114 /* OutlineItemCell.swift */; };
		A3BF50F724D32A3400CD5114 /* TitleSupplementaryView.swift in Sources */ = {isa = PBXBuildFile; fileRef = A3BF506924D32A3400CD5114 /* TitleSupplementaryView.swift */; };
		A3BF50F824D32A3400CD5114 /* StackDataCell.swift in Sources */ = {isa = PBXBuildFile; fileRef = A3BF506A24D32A3400CD5114 /* StackDataCell.swift */; };
		A3BF50FA24D32A3400CD5114 /* PGLBumpFaceCIFilter.swift in Sources */ = {isa = PBXBuildFile; fileRef = A3BF506C24D32A3400CD5114 /* PGLBumpFaceCIFilter.swift */; };
		A3BF50FD24D32A3400CD5114 /* PGLFilterCategory.swift in Sources */ = {isa = PBXBuildFile; fileRef = A3BF507024D32A3400CD5114 /* PGLFilterCategory.swift */; };
		A3BF50FF24D32A3400CD5114 /* PGLAttributeUI.swift in Sources */ = {isa = PBXBuildFile; fileRef = A3BF507324D32A3400CD5114 /* PGLAttributeUI.swift */; };
		A3BF510124D32A3400CD5114 /* PGLFaceTiltShift.swift in Sources */ = {isa = PBXBuildFile; fileRef = A3BF507524D32A3400CD5114 /* PGLFaceTiltShift.swift */; };
		A3BF510224D32A3400CD5114 /* Main.storyboard in Resources */ = {isa = PBXBuildFile; fileRef = A3BF507624D32A3400CD5114 /* Main.storyboard */; };
		A3BF510524D32A3400CD5114 /* PGLDynamicDragBehavior.swift in Sources */ = {isa = PBXBuildFile; fileRef = A3BF507924D32A3400CD5114 /* PGLDynamicDragBehavior.swift */; };
		A3BF510624D32A3400CD5114 /* PGLSplitViewController.swift in Sources */ = {isa = PBXBuildFile; fileRef = A3BF507A24D32A3400CD5114 /* PGLSplitViewController.swift */; };
		A3BF510724D32A3400CD5114 /* PGLTextFilter.swift in Sources */ = {isa = PBXBuildFile; fileRef = A3BF507B24D32A3400CD5114 /* PGLTextFilter.swift */; };
		A3BF510824D32A3400CD5114 /* PGLFilterClasses.swift in Sources */ = {isa = PBXBuildFile; fileRef = A3BF507C24D32A3400CD5114 /* PGLFilterClasses.swift */; };
		A3BF510924D32A3400CD5114 /* CIImage.swift in Sources */ = {isa = PBXBuildFile; fileRef = A3BF507D24D32A3400CD5114 /* CIImage.swift */; };
		A3BF510A24D32A3400CD5114 /* MetalFilter.swift in Sources */ = {isa = PBXBuildFile; fileRef = A3BF507F24D32A3400CD5114 /* MetalFilter.swift */; };
		A3BF510C24D32A3400CD5114 /* MetalCIFilters.swift in Sources */ = {isa = PBXBuildFile; fileRef = A3BF508124D32A3400CD5114 /* MetalCIFilters.swift */; };
		A3BF510E24D32A3400CD5114 /* PGLImageCIFilter.swift in Sources */ = {isa = PBXBuildFile; fileRef = A3BF508424D32A3400CD5114 /* PGLImageCIFilter.swift */; };
		A3BF511024D32A3400CD5114 /* PGLAppStack.swift in Sources */ = {isa = PBXBuildFile; fileRef = A3BF508624D32A3400CD5114 /* PGLAppStack.swift */; };
		A3BF511124D32A3400CD5114 /* PGLFaceCIFilter.swift in Sources */ = {isa = PBXBuildFile; fileRef = A3BF508724D32A3400CD5114 /* PGLFaceCIFilter.swift */; };
		A3BF511224D32A3400CD5114 /* PGLFeatureTransitionFilter.swift in Sources */ = {isa = PBXBuildFile; fileRef = A3BF508824D32A3400CD5114 /* PGLFeatureTransitionFilter.swift */; };
		A3BF511324D32A3400CD5114 /* PGLFilterAttributeAttributedString.swift in Sources */ = {isa = PBXBuildFile; fileRef = A3BF508924D32A3400CD5114 /* PGLFilterAttributeAttributedString.swift */; };
		A3BF511424D32A3400CD5114 /* CIFilterExtensions.swift in Sources */ = {isa = PBXBuildFile; fileRef = A3BF508A24D32A3400CD5114 /* CIFilterExtensions.swift */; };
		A3BF511924D32A3400CD5114 /* WillsFilterTool.xcdatamodeld in Sources */ = {isa = PBXBuildFile; fileRef = A3BF509024D32A3400CD5114 /* WillsFilterTool.xcdatamodeld */; };
		A3BF512024D32A3400CD5114 /* CoreImageKernels.metal in Sources */ = {isa = PBXBuildFile; fileRef = A3BF509824D32A3400CD5114 /* CoreImageKernels.metal */; };
		A3BF512124D32A3400CD5114 /* AppDelegate.swift in Sources */ = {isa = PBXBuildFile; fileRef = A3BF509924D32A3400CD5114 /* AppDelegate.swift */; };
		A3BF512424D32A3400CD5114 /* PGLImageList.swift in Sources */ = {isa = PBXBuildFile; fileRef = A3BF509C24D32A3400CD5114 /* PGLImageList.swift */; };
		A3BF512524D32A3400CD5114 /* PGLTestImage.swift in Sources */ = {isa = PBXBuildFile; fileRef = A3BF509D24D32A3400CD5114 /* PGLTestImage.swift */; };
		A3BF512824D32A3400CD5114 /* PGLFilterStack.swift in Sources */ = {isa = PBXBuildFile; fileRef = A3BF50A024D32A3400CD5114 /* PGLFilterStack.swift */; };
		A3BF512924D32A3400CD5114 /* PGLSourceMetalFilter.swift in Sources */ = {isa = PBXBuildFile; fileRef = A3BF50A124D32A3400CD5114 /* PGLSourceMetalFilter.swift */; };
		A3BF512A24D32A3400CD5114 /* PGLTransitionFilter.swift in Sources */ = {isa = PBXBuildFile; fileRef = A3BF50A224D32A3400CD5114 /* PGLTransitionFilter.swift */; };
		A3BF512B24D32A3400CD5114 /* PGLSelectParmController.swift in Sources */ = {isa = PBXBuildFile; fileRef = A3BF50A324D32A3400CD5114 /* PGLSelectParmController.swift */; };
		A3BF512C24D32A3400CD5114 /* StackCell.xib in Resources */ = {isa = PBXBuildFile; fileRef = A3BF50A424D32A3400CD5114 /* StackCell.xib */; };
		A3BF512D24D32A3400CD5114 /* PGLImageSourcePath.swift in Sources */ = {isa = PBXBuildFile; fileRef = A3BF50A524D32A3400CD5114 /* PGLImageSourcePath.swift */; };
		A3BF512F24D32A3400CD5114 /* PGLFilterAttribute.swift in Sources */ = {isa = PBXBuildFile; fileRef = A3BF50A724D32A3400CD5114 /* PGLFilterAttribute.swift */; };
		A3BF513124D32A3400CD5114 /* Renderer.swift in Sources */ = {isa = PBXBuildFile; fileRef = A3BF50A924D32A3400CD5114 /* Renderer.swift */; };
		A3BF513224D32A3400CD5114 /* PGLDataSource.swift in Sources */ = {isa = PBXBuildFile; fileRef = A3BF50AF24D32A3400CD5114 /* PGLDataSource.swift */; };
		A3BF513324D32A3400CD5114 /* PGLAssetController.swift in Sources */ = {isa = PBXBuildFile; fileRef = A3BF50B024D32A3400CD5114 /* PGLAssetController.swift */; };
		A3BF513424D32A3400CD5114 /* PGLPhotoLists.swift in Sources */ = {isa = PBXBuildFile; fileRef = A3BF50B124D32A3400CD5114 /* PGLPhotoLists.swift */; };
		A3BF513524D32A3400CD5114 /* PGLImagesSelectContainer.swift in Sources */ = {isa = PBXBuildFile; fileRef = A3BF50B224D32A3400CD5114 /* PGLImagesSelectContainer.swift */; };
		A3BF513624D32A3400CD5114 /* PGLAssetCollection.swift in Sources */ = {isa = PBXBuildFile; fileRef = A3BF50B324D32A3400CD5114 /* PGLAssetCollection.swift */; };
		A3BF513724D32A3400CD5114 /* PGLDiffableDataSource.swift in Sources */ = {isa = PBXBuildFile; fileRef = A3BF50B424D32A3400CD5114 /* PGLDiffableDataSource.swift */; };
		A3BF513824D32A3400CD5114 /* PGLAssetGridController.swift in Sources */ = {isa = PBXBuildFile; fileRef = A3BF50B524D32A3400CD5114 /* PGLAssetGridController.swift */; };
		A3BF513924D32A3400CD5114 /* PGLUserAssetSelection.swift in Sources */ = {isa = PBXBuildFile; fileRef = A3BF50B624D32A3400CD5114 /* PGLUserAssetSelection.swift */; };
		A3BF513B24D32A3400CD5114 /* GridViewCell.swift in Sources */ = {isa = PBXBuildFile; fileRef = A3BF50B824D32A3400CD5114 /* GridViewCell.swift */; };
		A3BF513C24D32A3400CD5114 /* PGLAssetSequenceController.swift in Sources */ = {isa = PBXBuildFile; fileRef = A3BF50B924D32A3400CD5114 /* PGLAssetSequenceController.swift */; };
		A3BF513D24D32A3400CD5114 /* PGLImageCollectionMasterController.swift in Sources */ = {isa = PBXBuildFile; fileRef = A3BF50BA24D32A3400CD5114 /* PGLImageCollectionMasterController.swift */; };
		A3BF514724D32A3400CD5114 /* PGLFilterCIAbstract.swift in Sources */ = {isa = PBXBuildFile; fileRef = A3BF50C924D32A3400CD5114 /* PGLFilterCIAbstract.swift */; };
		A3BF514824D32A3400CD5114 /* PGLTabsController.swift in Sources */ = {isa = PBXBuildFile; fileRef = A3BF50CA24D32A3400CD5114 /* PGLTabsController.swift */; };
		A3BF515024D32D3400CD5114 /* PGLSourceFilterTests.swift in Sources */ = {isa = PBXBuildFile; fileRef = A3BF514A24D32D3400CD5114 /* PGLSourceFilterTests.swift */; };
		A3BF515124D32D3400CD5114 /* PGLFilterDescriptorTests.swift in Sources */ = {isa = PBXBuildFile; fileRef = A3BF514B24D32D3400CD5114 /* PGLFilterDescriptorTests.swift */; };
		A3BF515224D32D3400CD5114 /* PGLFilterStackTests.swift in Sources */ = {isa = PBXBuildFile; fileRef = A3BF514C24D32D3400CD5114 /* PGLFilterStackTests.swift */; };
		A3BF515424D32D3400CD5114 /* GlanceTests.swift in Sources */ = {isa = PBXBuildFile; fileRef = A3BF514E24D32D3400CD5114 /* GlanceTests.swift */; };
		A3BF515924D32D7400CD5114 /* GlanceUITests.swift in Sources */ = {isa = PBXBuildFile; fileRef = A3BF515724D32D7400CD5114 /* GlanceUITests.swift */; };
		A3CE5B2E24DB5DA80062A98C /* PGLCategorySurvey.swift in Sources */ = {isa = PBXBuildFile; fileRef = A3CE5B2D24DB5DA80062A98C /* PGLCategorySurvey.swift */; };
		A3DC264F2698FD83003E48C2 /* PGLImageController.swift in Sources */ = {isa = PBXBuildFile; fileRef = A3DC264E2698FD83003E48C2 /* PGLImageController.swift */; };
		A3DD328725CC999C00ABEE61 /* PGLHelpPageController.swift in Sources */ = {isa = PBXBuildFile; fileRef = A3DD328625CC999C00ABEE61 /* PGLHelpPageController.swift */; };
		A3E0A22B2649DE6100C43D69 /* PGLScalingFilter.swift in Sources */ = {isa = PBXBuildFile; fileRef = A3E0A22A2649DE6100C43D69 /* PGLScalingFilter.swift */; };
		A3E593B32541F0FD0001EDF9 /* PGLFilterCDDataTransformer.swift in Sources */ = {isa = PBXBuildFile; fileRef = A3E593B22541F0FD0001EDF9 /* PGLFilterCDDataTransformer.swift */; };
		A3E6243D2691261A0017372F /* Settings.bundle in Resources */ = {isa = PBXBuildFile; fileRef = A3E6243C2691261A0017372F /* Settings.bundle */; };
		A3F64FCE24E85ACB00BB38BD /* PGLOffScreenRender.swift in Sources */ = {isa = PBXBuildFile; fileRef = A3F64FCD24E85ACB00BB38BD /* PGLOffScreenRender.swift */; };
/* End PBXBuildFile section */

/* Begin PBXContainerItemProxy section */
		A3BF502324D3299100CD5114 /* PBXContainerItemProxy */ = {
			isa = PBXContainerItemProxy;
			containerPortal = A3BF500124D3298F00CD5114 /* Project object */;
			proxyType = 1;
			remoteGlobalIDString = A3BF500824D3298F00CD5114;
			remoteInfo = Surreality;
		};
		A3BF502E24D3299100CD5114 /* PBXContainerItemProxy */ = {
			isa = PBXContainerItemProxy;
			containerPortal = A3BF500124D3298F00CD5114 /* Project object */;
			proxyType = 1;
			remoteGlobalIDString = A3BF500824D3298F00CD5114;
			remoteInfo = Surreality;
		};
/* End PBXContainerItemProxy section */

/* Begin PBXFileReference section */
		A308939E251E977400F244D6 /* Launch Screen.storyboard */ = {isa = PBXFileReference; lastKnownFileType = file.storyboard; path = "Launch Screen.storyboard"; sourceTree = "<group>"; };
		A316B9E325D9AD25000C8299 /* PGLDataStoreTests.swift */ = {isa = PBXFileReference; fileEncoding = 4; lastKnownFileType = sourcecode.swift; path = PGLDataStoreTests.swift; sourceTree = "<group>"; };
		A318F31E24FC0D8B00569349 /* PGLFilterGroup.swift */ = {isa = PBXFileReference; lastKnownFileType = sourcecode.swift; path = PGLFilterGroup.swift; sourceTree = "<group>"; };
		A320F6252669550E008F6090 /* PGLInfoPrivacyController.swift */ = {isa = PBXFileReference; lastKnownFileType = sourcecode.swift; path = PGLInfoPrivacyController.swift; sourceTree = "<group>"; };
		A320F62926699FA7008F6090 /* PrivacyPolicy.rtf */ = {isa = PBXFileReference; fileEncoding = 4; lastKnownFileType = text.rtf; path = PrivacyPolicy.rtf; sourceTree = "<group>"; };
		A3249AAF25BC728D00F7FAC2 /* PGLDemo.swift */ = {isa = PBXFileReference; lastKnownFileType = sourcecode.swift; path = PGLDemo.swift; sourceTree = "<group>"; };
		A341185E25C3008100587590 /* RiftEffects.entitlements */ = {isa = PBXFileReference; lastKnownFileType = text.plist.entitlements; path = RiftEffects.entitlements; sourceTree = "<group>"; };
		A341186325C300F300587590 /* CloudKit.framework */ = {isa = PBXFileReference; lastKnownFileType = wrapper.framework; name = CloudKit.framework; path = System/Library/Frameworks/CloudKit.framework; sourceTree = SDKROOT; };
		A342AE2F26C333BA00D14ECB /* PGLRandomFilterAction.swift */ = {isa = PBXFileReference; lastKnownFileType = sourcecode.swift; path = PGLRandomFilterAction.swift; sourceTree = "<group>"; };
		A349E85D26E8ED2E0017D77F /* CDStoredFilter+CoreDataClass.swift */ = {isa = PBXFileReference; lastKnownFileType = sourcecode.swift; path = "CDStoredFilter+CoreDataClass.swift"; sourceTree = "<group>"; };
		A349E85E26E8ED2E0017D77F /* CDStoredFilter+CoreDataProperties.swift */ = {isa = PBXFileReference; lastKnownFileType = sourcecode.swift; path = "CDStoredFilter+CoreDataProperties.swift"; sourceTree = "<group>"; };
		A34DE10C25D050AF005DC3DD /* PGLHelpSinglePage.swift */ = {isa = PBXFileReference; fileEncoding = 4; lastKnownFileType = sourcecode.swift; path = PGLHelpSinglePage.swift; sourceTree = "<group>"; };
		A35506EB26BF376A00BAC9BD /* PGLUserDefaultKeys.swift */ = {isa = PBXFileReference; lastKnownFileType = sourcecode.swift; path = PGLUserDefaultKeys.swift; sourceTree = "<group>"; };
		A35BADAB2614C8FF00C8B2AA /* PGLPopUpFilterInfo.swift */ = {isa = PBXFileReference; lastKnownFileType = sourcecode.swift; path = PGLPopUpFilterInfo.swift; sourceTree = "<group>"; };
		A35C39A025DD61F500ADC02D /* TestPlan.xctestplan */ = {isa = PBXFileReference; lastKnownFileType = text; path = TestPlan.xctestplan; sourceTree = "<group>"; };
		A35FF77826DC316400D78252 /* PGLCoreDataStack.swift */ = {isa = PBXFileReference; lastKnownFileType = sourcecode.swift; path = PGLCoreDataStack.swift; sourceTree = "<group>"; };
		A35FF77B26DC324E00D78252 /* CoreDataSampleLicense.txt */ = {isa = PBXFileReference; lastKnownFileType = text; path = CoreDataSampleLicense.txt; sourceTree = "<group>"; };
		A35FF77D26DC346200D78252 /* PGLCoreData+Defns.swift */ = {isa = PBXFileReference; lastKnownFileType = sourcecode.swift; path = "PGLCoreData+Defns.swift"; sourceTree = "<group>"; };
		A36324E725B247F7003F4C0F /* PGLExcludeFilters.swift */ = {isa = PBXFileReference; lastKnownFileType = sourcecode.swift; path = PGLExcludeFilters.swift; sourceTree = "<group>"; };
		A375F25E26DFE47E00721D3A /* PGLStackProvider.swift */ = {isa = PBXFileReference; lastKnownFileType = sourcecode.swift; path = PGLStackProvider.swift; sourceTree = "<group>"; };
		A38F9D75250442B800B58F6B /* CVPixelBufferExtension.swift */ = {isa = PBXFileReference; fileEncoding = 4; lastKnownFileType = sourcecode.swift; path = CVPixelBufferExtension.swift; sourceTree = "<group>"; };
		A392D5ED26C3EBDA00688952 /* PGLRandomFilterMaker.swift */ = {isa = PBXFileReference; lastKnownFileType = sourcecode.swift; path = PGLRandomFilterMaker.swift; sourceTree = "<group>"; };
		A39632D7250049F000F02CEC /* PGLDisparityFilter.swift */ = {isa = PBXFileReference; lastKnownFileType = sourcecode.swift; path = PGLDisparityFilter.swift; sourceTree = "<group>"; };
		A39AB51D25E2B2C2004690F7 /* PGLSaveDialogController.swift */ = {isa = PBXFileReference; lastKnownFileType = sourcecode.swift; path = PGLSaveDialogController.swift; sourceTree = "<group>"; };
		A3AF392B25B61D850035A5FF /* PGLSaliencyBlur.swift */ = {isa = PBXFileReference; lastKnownFileType = sourcecode.swift; path = PGLSaliencyBlur.swift; sourceTree = "<group>"; };
		A3BF500924D3298F00CD5114 /* RiftEffects.app */ = {isa = PBXFileReference; explicitFileType = wrapper.application; includeInIndex = 0; path = RiftEffects.app; sourceTree = BUILT_PRODUCTS_DIR; };
		A3BF502224D3299100CD5114 /* RiftEffectsTests.xctest */ = {isa = PBXFileReference; explicitFileType = wrapper.cfbundle; includeInIndex = 0; path = RiftEffectsTests.xctest; sourceTree = BUILT_PRODUCTS_DIR; };
		A3BF502824D3299100CD5114 /* Info.plist */ = {isa = PBXFileReference; lastKnownFileType = text.plist.xml; path = Info.plist; sourceTree = "<group>"; };
		A3BF502D24D3299100CD5114 /* RiftEffectsUITests.xctest */ = {isa = PBXFileReference; explicitFileType = wrapper.cfbundle; includeInIndex = 0; path = RiftEffectsUITests.xctest; sourceTree = BUILT_PRODUCTS_DIR; };
		A3BF503124D3299100CD5114 /* SurrealityUITests.swift */ = {isa = PBXFileReference; lastKnownFileType = sourcecode.swift; path = SurrealityUITests.swift; sourceTree = "<group>"; };
		A3BF503324D3299100CD5114 /* Info.plist */ = {isa = PBXFileReference; lastKnownFileType = text.plist.xml; path = Info.plist; sourceTree = "<group>"; };
		A3BF504124D32A3400CD5114 /* PGLResultsController.swift */ = {isa = PBXFileReference; fileEncoding = 4; lastKnownFileType = sourcecode.swift; path = PGLResultsController.swift; sourceTree = "<group>"; };
		A3BF504324D32A3400CD5114 /* Sobel.m */ = {isa = PBXFileReference; fileEncoding = 4; lastKnownFileType = sourcecode.c.objc; path = Sobel.m; sourceTree = "<group>"; };
		A3BF504424D32A3400CD5114 /* ChromaKey.m */ = {isa = PBXFileReference; fileEncoding = 4; lastKnownFileType = sourcecode.c.objc; path = ChromaKey.m; sourceTree = "<group>"; };
		A3BF504524D32A3400CD5114 /* OldeFilm.m */ = {isa = PBXFileReference; fileEncoding = 4; lastKnownFileType = sourcecode.c.objc; path = OldeFilm.m; sourceTree = "<group>"; };
		A3BF504624D32A3400CD5114 /* TiltShift.m */ = {isa = PBXFileReference; fileEncoding = 4; lastKnownFileType = sourcecode.c.objc; path = TiltShift.m; sourceTree = "<group>"; };
		A3BF504724D32A3400CD5114 /* DistortionsDemo.m */ = {isa = PBXFileReference; fileEncoding = 4; lastKnownFileType = sourcecode.c.objc; path = DistortionsDemo.m; sourceTree = "<group>"; };
		A3BF504824D32A3400CD5114 /* PixellatedPeople.m */ = {isa = PBXFileReference; fileEncoding = 4; lastKnownFileType = sourcecode.c.objc; path = PixellatedPeople.m; sourceTree = "<group>"; };
		A3BF504924D32A3400CD5114 /* PixellateTransition.m */ = {isa = PBXFileReference; fileEncoding = 4; lastKnownFileType = sourcecode.c.objc; path = PixellateTransition.m; sourceTree = "<group>"; };
		A3BF504A24D32A3400CD5114 /* PGLFilterTableController.swift */ = {isa = PBXFileReference; fileEncoding = 4; lastKnownFileType = sourcecode.swift; path = PGLFilterTableController.swift; sourceTree = "<group>"; };
		A3BF504B24D32A3400CD5114 /* PGL-CDFilterStack.swift */ = {isa = PBXFileReference; fileEncoding = 4; lastKnownFileType = sourcecode.swift; path = "PGL-CDFilterStack.swift"; sourceTree = "<group>"; };
		A3BF504C24D32A3400CD5114 /* PGLBumpBlend.swift */ = {isa = PBXFileReference; fileEncoding = 4; lastKnownFileType = sourcecode.swift; path = PGLBumpBlend.swift; sourceTree = "<group>"; };
		A3BF505024D32A3400CD5114 /* TiltShift.swift */ = {isa = PBXFileReference; fileEncoding = 4; lastKnownFileType = sourcecode.swift; path = TiltShift.swift; sourceTree = "<group>"; };
		A3BF505124D32A3400CD5114 /* PGLOpenStackViewController.swift */ = {isa = PBXFileReference; fileEncoding = 4; lastKnownFileType = sourcecode.swift; path = PGLOpenStackViewController.swift; sourceTree = "<group>"; };
		A3BF505224D32A3400CD5114 /* PGLRectangleController.swift */ = {isa = PBXFileReference; fileEncoding = 4; lastKnownFileType = sourcecode.swift; path = PGLRectangleController.swift; sourceTree = "<group>"; };
		A3BF505324D32A3400CD5114 /* PGLStackController.swift */ = {isa = PBXFileReference; fileEncoding = 4; lastKnownFileType = sourcecode.swift; path = PGLStackController.swift; sourceTree = "<group>"; };
		A3BF505424D32A3400CD5114 /* PGLFilterAttributeNumber.swift */ = {isa = PBXFileReference; fileEncoding = 4; lastKnownFileType = sourcecode.swift; path = PGLFilterAttributeNumber.swift; sourceTree = "<group>"; };
		A3BF505524D32A3400CD5114 /* PGLFilterCategoryIndex.swift */ = {isa = PBXFileReference; fileEncoding = 4; lastKnownFileType = sourcecode.swift; path = PGLFilterCategoryIndex.swift; sourceTree = "<group>"; };
		A3BF505724D32A3400CD5114 /* PGLMetalController.swift */ = {isa = PBXFileReference; fileEncoding = 4; lastKnownFileType = sourcecode.swift; path = PGLMetalController.swift; sourceTree = "<group>"; };
		A3BF505A24D32A3400CD5114 /* PGLTableCellAction.swift */ = {isa = PBXFileReference; fileEncoding = 4; lastKnownFileType = sourcecode.swift; path = PGLTableCellAction.swift; sourceTree = "<group>"; };
		A3BF505B24D32A3400CD5114 /* PGLFilterChange.swift */ = {isa = PBXFileReference; fileEncoding = 4; lastKnownFileType = sourcecode.swift; path = PGLFilterChange.swift; sourceTree = "<group>"; };
		A3BF505C24D32A3400CD5114 /* PGLVisionDetection.swift */ = {isa = PBXFileReference; fileEncoding = 4; lastKnownFileType = sourcecode.swift; path = PGLVisionDetection.swift; sourceTree = "<group>"; };
		A3BF505D24D32A3400CD5114 /* PGLVisionProtocol.swift */ = {isa = PBXFileReference; fileEncoding = 4; lastKnownFileType = sourcecode.swift; path = PGLVisionProtocol.swift; sourceTree = "<group>"; };
		A3BF505E24D32A3400CD5114 /* MetalFilters.swift */ = {isa = PBXFileReference; fileEncoding = 4; lastKnownFileType = sourcecode.swift; path = MetalFilters.swift; sourceTree = "<group>"; };
		A3BF505F24D32A3400CD5114 /* PGLFilterDescriptor.swift */ = {isa = PBXFileReference; fileEncoding = 4; lastKnownFileType = sourcecode.swift; path = PGLFilterDescriptor.swift; sourceTree = "<group>"; };
		A3BF506024D32A3400CD5114 /* PGLMainFilterController.swift */ = {isa = PBXFileReference; fileEncoding = 4; lastKnownFileType = sourcecode.swift; path = PGLMainFilterController.swift; sourceTree = "<group>"; };
		A3BF506124D32A3400CD5114 /* TableCell.xib */ = {isa = PBXFileReference; fileEncoding = 4; lastKnownFileType = file.xib; path = TableCell.xib; sourceTree = "<group>"; };
		A3BF506224D32A3400CD5114 /* Assets.xcassets */ = {isa = PBXFileReference; lastKnownFileType = folder.assetcatalog; path = Assets.xcassets; sourceTree = "<group>"; };
		A3BF506424D32A3400CD5114 /* ListCell.swift */ = {isa = PBXFileReference; fileEncoding = 4; lastKnownFileType = sourcecode.swift; path = ListCell.swift; sourceTree = "<group>"; };
		A3BF506524D32A3400CD5114 /* BadgeSupplementrayView.swift */ = {isa = PBXFileReference; fileEncoding = 4; lastKnownFileType = sourcecode.swift; path = BadgeSupplementrayView.swift; sourceTree = "<group>"; };
		A3BF506624D32A3400CD5114 /* TextCell.swift */ = {isa = PBXFileReference; fileEncoding = 4; lastKnownFileType = sourcecode.swift; path = TextCell.swift; sourceTree = "<group>"; };
		A3BF506724D32A3400CD5114 /* OutlineItemCell.swift */ = {isa = PBXFileReference; fileEncoding = 4; lastKnownFileType = sourcecode.swift; path = OutlineItemCell.swift; sourceTree = "<group>"; };
		A3BF506924D32A3400CD5114 /* TitleSupplementaryView.swift */ = {isa = PBXFileReference; fileEncoding = 4; lastKnownFileType = sourcecode.swift; path = TitleSupplementaryView.swift; sourceTree = "<group>"; };
		A3BF506A24D32A3400CD5114 /* StackDataCell.swift */ = {isa = PBXFileReference; fileEncoding = 4; lastKnownFileType = sourcecode.swift; path = StackDataCell.swift; sourceTree = "<group>"; };
		A3BF506B24D32A3400CD5114 /* LICENSE.txt */ = {isa = PBXFileReference; fileEncoding = 4; lastKnownFileType = text; path = LICENSE.txt; sourceTree = "<group>"; };
		A3BF506C24D32A3400CD5114 /* PGLBumpFaceCIFilter.swift */ = {isa = PBXFileReference; fileEncoding = 4; lastKnownFileType = sourcecode.swift; path = PGLBumpFaceCIFilter.swift; sourceTree = "<group>"; };
		A3BF506D24D32A3400CD5114 /* Glance-Bridging-Header.h */ = {isa = PBXFileReference; fileEncoding = 4; lastKnownFileType = sourcecode.c.h; path = "Glance-Bridging-Header.h"; sourceTree = "<group>"; };
		A3BF507024D32A3400CD5114 /* PGLFilterCategory.swift */ = {isa = PBXFileReference; fileEncoding = 4; lastKnownFileType = sourcecode.swift; path = PGLFilterCategory.swift; sourceTree = "<group>"; };
		A3BF507324D32A3400CD5114 /* PGLAttributeUI.swift */ = {isa = PBXFileReference; fileEncoding = 4; lastKnownFileType = sourcecode.swift; path = PGLAttributeUI.swift; sourceTree = "<group>"; };
		A3BF507524D32A3400CD5114 /* PGLFaceTiltShift.swift */ = {isa = PBXFileReference; fileEncoding = 4; lastKnownFileType = sourcecode.swift; path = PGLFaceTiltShift.swift; sourceTree = "<group>"; };
		A3BF507624D32A3400CD5114 /* Main.storyboard */ = {isa = PBXFileReference; fileEncoding = 4; lastKnownFileType = file.storyboard; path = Main.storyboard; sourceTree = "<group>"; };
		A3BF507924D32A3400CD5114 /* PGLDynamicDragBehavior.swift */ = {isa = PBXFileReference; fileEncoding = 4; lastKnownFileType = sourcecode.swift; path = PGLDynamicDragBehavior.swift; sourceTree = "<group>"; };
		A3BF507A24D32A3400CD5114 /* PGLSplitViewController.swift */ = {isa = PBXFileReference; fileEncoding = 4; lastKnownFileType = sourcecode.swift; path = PGLSplitViewController.swift; sourceTree = "<group>"; };
		A3BF507B24D32A3400CD5114 /* PGLTextFilter.swift */ = {isa = PBXFileReference; fileEncoding = 4; lastKnownFileType = sourcecode.swift; path = PGLTextFilter.swift; sourceTree = "<group>"; };
		A3BF507C24D32A3400CD5114 /* PGLFilterClasses.swift */ = {isa = PBXFileReference; fileEncoding = 4; lastKnownFileType = sourcecode.swift; path = PGLFilterClasses.swift; sourceTree = "<group>"; };
		A3BF507D24D32A3400CD5114 /* CIImage.swift */ = {isa = PBXFileReference; fileEncoding = 4; lastKnownFileType = sourcecode.swift; path = CIImage.swift; sourceTree = "<group>"; };
		A3BF507F24D32A3400CD5114 /* MetalFilter.swift */ = {isa = PBXFileReference; fileEncoding = 4; lastKnownFileType = sourcecode.swift; path = MetalFilter.swift; sourceTree = "<group>"; };
		A3BF508124D32A3400CD5114 /* MetalCIFilters.swift */ = {isa = PBXFileReference; fileEncoding = 4; lastKnownFileType = sourcecode.swift; path = MetalCIFilters.swift; sourceTree = "<group>"; };
		A3BF508424D32A3400CD5114 /* PGLImageCIFilter.swift */ = {isa = PBXFileReference; fileEncoding = 4; lastKnownFileType = sourcecode.swift; path = PGLImageCIFilter.swift; sourceTree = "<group>"; };
		A3BF508624D32A3400CD5114 /* PGLAppStack.swift */ = {isa = PBXFileReference; fileEncoding = 4; lastKnownFileType = sourcecode.swift; path = PGLAppStack.swift; sourceTree = "<group>"; };
		A3BF508724D32A3400CD5114 /* PGLFaceCIFilter.swift */ = {isa = PBXFileReference; fileEncoding = 4; lastKnownFileType = sourcecode.swift; path = PGLFaceCIFilter.swift; sourceTree = "<group>"; };
		A3BF508824D32A3400CD5114 /* PGLFeatureTransitionFilter.swift */ = {isa = PBXFileReference; fileEncoding = 4; lastKnownFileType = sourcecode.swift; path = PGLFeatureTransitionFilter.swift; sourceTree = "<group>"; };
		A3BF508924D32A3400CD5114 /* PGLFilterAttributeAttributedString.swift */ = {isa = PBXFileReference; fileEncoding = 4; lastKnownFileType = sourcecode.swift; path = PGLFilterAttributeAttributedString.swift; sourceTree = "<group>"; };
		A3BF508A24D32A3400CD5114 /* CIFilterExtensions.swift */ = {isa = PBXFileReference; fileEncoding = 4; lastKnownFileType = sourcecode.swift; path = CIFilterExtensions.swift; sourceTree = "<group>"; };
		A3BF509124D32A3400CD5114 /* GlanceData.xcdatamodel */ = {isa = PBXFileReference; lastKnownFileType = wrapper.xcdatamodel; path = GlanceData.xcdatamodel; sourceTree = "<group>"; };
		A3BF509824D32A3400CD5114 /* CoreImageKernels.metal */ = {isa = PBXFileReference; fileEncoding = 4; lastKnownFileType = sourcecode.metal; path = CoreImageKernels.metal; sourceTree = "<group>"; };
		A3BF509924D32A3400CD5114 /* AppDelegate.swift */ = {isa = PBXFileReference; fileEncoding = 4; lastKnownFileType = sourcecode.swift; path = AppDelegate.swift; sourceTree = "<group>"; };
		A3BF509C24D32A3400CD5114 /* PGLImageList.swift */ = {isa = PBXFileReference; fileEncoding = 4; lastKnownFileType = sourcecode.swift; path = PGLImageList.swift; sourceTree = "<group>"; };
		A3BF509D24D32A3400CD5114 /* PGLTestImage.swift */ = {isa = PBXFileReference; fileEncoding = 4; lastKnownFileType = sourcecode.swift; path = PGLTestImage.swift; sourceTree = "<group>"; };
		A3BF50A024D32A3400CD5114 /* PGLFilterStack.swift */ = {isa = PBXFileReference; fileEncoding = 4; lastKnownFileType = sourcecode.swift; path = PGLFilterStack.swift; sourceTree = "<group>"; };
		A3BF50A124D32A3400CD5114 /* PGLSourceMetalFilter.swift */ = {isa = PBXFileReference; fileEncoding = 4; lastKnownFileType = sourcecode.swift; path = PGLSourceMetalFilter.swift; sourceTree = "<group>"; };
		A3BF50A224D32A3400CD5114 /* PGLTransitionFilter.swift */ = {isa = PBXFileReference; fileEncoding = 4; lastKnownFileType = sourcecode.swift; path = PGLTransitionFilter.swift; sourceTree = "<group>"; };
		A3BF50A324D32A3400CD5114 /* PGLSelectParmController.swift */ = {isa = PBXFileReference; fileEncoding = 4; lastKnownFileType = sourcecode.swift; path = PGLSelectParmController.swift; sourceTree = "<group>"; };
		A3BF50A424D32A3400CD5114 /* StackCell.xib */ = {isa = PBXFileReference; fileEncoding = 4; lastKnownFileType = file.xib; path = StackCell.xib; sourceTree = "<group>"; };
		A3BF50A524D32A3400CD5114 /* PGLImageSourcePath.swift */ = {isa = PBXFileReference; fileEncoding = 4; lastKnownFileType = sourcecode.swift; path = PGLImageSourcePath.swift; sourceTree = "<group>"; };
		A3BF50A624D32A3400CD5114 /* Info.plist */ = {isa = PBXFileReference; fileEncoding = 4; lastKnownFileType = text.plist.xml; path = Info.plist; sourceTree = "<group>"; };
		A3BF50A724D32A3400CD5114 /* PGLFilterAttribute.swift */ = {isa = PBXFileReference; fileEncoding = 4; lastKnownFileType = sourcecode.swift; path = PGLFilterAttribute.swift; sourceTree = "<group>"; };
		A3BF50A924D32A3400CD5114 /* Renderer.swift */ = {isa = PBXFileReference; fileEncoding = 4; lastKnownFileType = sourcecode.swift; path = Renderer.swift; sourceTree = "<group>"; };
		A3BF50AF24D32A3400CD5114 /* PGLDataSource.swift */ = {isa = PBXFileReference; fileEncoding = 4; lastKnownFileType = sourcecode.swift; path = PGLDataSource.swift; sourceTree = "<group>"; };
		A3BF50B024D32A3400CD5114 /* PGLAssetController.swift */ = {isa = PBXFileReference; fileEncoding = 4; lastKnownFileType = sourcecode.swift; path = PGLAssetController.swift; sourceTree = "<group>"; };
		A3BF50B124D32A3400CD5114 /* PGLPhotoLists.swift */ = {isa = PBXFileReference; fileEncoding = 4; lastKnownFileType = sourcecode.swift; path = PGLPhotoLists.swift; sourceTree = "<group>"; };
		A3BF50B224D32A3400CD5114 /* PGLImagesSelectContainer.swift */ = {isa = PBXFileReference; fileEncoding = 4; lastKnownFileType = sourcecode.swift; path = PGLImagesSelectContainer.swift; sourceTree = "<group>"; };
		A3BF50B324D32A3400CD5114 /* PGLAssetCollection.swift */ = {isa = PBXFileReference; fileEncoding = 4; lastKnownFileType = sourcecode.swift; path = PGLAssetCollection.swift; sourceTree = "<group>"; };
		A3BF50B424D32A3400CD5114 /* PGLDiffableDataSource.swift */ = {isa = PBXFileReference; fileEncoding = 4; lastKnownFileType = sourcecode.swift; path = PGLDiffableDataSource.swift; sourceTree = "<group>"; };
		A3BF50B524D32A3400CD5114 /* PGLAssetGridController.swift */ = {isa = PBXFileReference; fileEncoding = 4; lastKnownFileType = sourcecode.swift; path = PGLAssetGridController.swift; sourceTree = "<group>"; };
		A3BF50B624D32A3400CD5114 /* PGLUserAssetSelection.swift */ = {isa = PBXFileReference; fileEncoding = 4; lastKnownFileType = sourcecode.swift; path = PGLUserAssetSelection.swift; sourceTree = "<group>"; };
		A3BF50B824D32A3400CD5114 /* GridViewCell.swift */ = {isa = PBXFileReference; fileEncoding = 4; lastKnownFileType = sourcecode.swift; path = GridViewCell.swift; sourceTree = "<group>"; };
		A3BF50B924D32A3400CD5114 /* PGLAssetSequenceController.swift */ = {isa = PBXFileReference; fileEncoding = 4; lastKnownFileType = sourcecode.swift; path = PGLAssetSequenceController.swift; sourceTree = "<group>"; };
		A3BF50BA24D32A3400CD5114 /* PGLImageCollectionMasterController.swift */ = {isa = PBXFileReference; fileEncoding = 4; lastKnownFileType = sourcecode.swift; path = PGLImageCollectionMasterController.swift; sourceTree = "<group>"; };
		A3BF50C924D32A3400CD5114 /* PGLFilterCIAbstract.swift */ = {isa = PBXFileReference; fileEncoding = 4; lastKnownFileType = sourcecode.swift; path = PGLFilterCIAbstract.swift; sourceTree = "<group>"; };
		A3BF50CA24D32A3400CD5114 /* PGLTabsController.swift */ = {isa = PBXFileReference; fileEncoding = 4; lastKnownFileType = sourcecode.swift; path = PGLTabsController.swift; sourceTree = "<group>"; };
		A3BF514A24D32D3400CD5114 /* PGLSourceFilterTests.swift */ = {isa = PBXFileReference; fileEncoding = 4; lastKnownFileType = sourcecode.swift; path = PGLSourceFilterTests.swift; sourceTree = "<group>"; };
		A3BF514B24D32D3400CD5114 /* PGLFilterDescriptorTests.swift */ = {isa = PBXFileReference; fileEncoding = 4; lastKnownFileType = sourcecode.swift; path = PGLFilterDescriptorTests.swift; sourceTree = "<group>"; };
		A3BF514C24D32D3400CD5114 /* PGLFilterStackTests.swift */ = {isa = PBXFileReference; fileEncoding = 4; lastKnownFileType = sourcecode.swift; path = PGLFilterStackTests.swift; sourceTree = "<group>"; };
		A3BF514E24D32D3400CD5114 /* GlanceTests.swift */ = {isa = PBXFileReference; fileEncoding = 4; lastKnownFileType = sourcecode.swift; path = GlanceTests.swift; sourceTree = "<group>"; };
		A3BF515724D32D7400CD5114 /* GlanceUITests.swift */ = {isa = PBXFileReference; fileEncoding = 4; lastKnownFileType = sourcecode.swift; path = GlanceUITests.swift; sourceTree = "<group>"; };
		A3CE5B2D24DB5DA80062A98C /* PGLCategorySurvey.swift */ = {isa = PBXFileReference; lastKnownFileType = sourcecode.swift; path = PGLCategorySurvey.swift; sourceTree = "<group>"; };
		A3DC264E2698FD83003E48C2 /* PGLImageController.swift */ = {isa = PBXFileReference; fileEncoding = 4; lastKnownFileType = sourcecode.swift; path = PGLImageController.swift; sourceTree = "<group>"; };
		A3DD328625CC999C00ABEE61 /* PGLHelpPageController.swift */ = {isa = PBXFileReference; lastKnownFileType = sourcecode.swift; path = PGLHelpPageController.swift; sourceTree = "<group>"; };
		A3E0A22A2649DE6100C43D69 /* PGLScalingFilter.swift */ = {isa = PBXFileReference; lastKnownFileType = sourcecode.swift; path = PGLScalingFilter.swift; sourceTree = "<group>"; };
		A3E593B22541F0FD0001EDF9 /* PGLFilterCDDataTransformer.swift */ = {isa = PBXFileReference; lastKnownFileType = sourcecode.swift; path = PGLFilterCDDataTransformer.swift; sourceTree = "<group>"; };
		A3E6243C2691261A0017372F /* Settings.bundle */ = {isa = PBXFileReference; lastKnownFileType = "wrapper.plug-in"; path = Settings.bundle; sourceTree = "<group>"; };
		A3F64FCD24E85ACB00BB38BD /* PGLOffScreenRender.swift */ = {isa = PBXFileReference; lastKnownFileType = sourcecode.swift; path = PGLOffScreenRender.swift; sourceTree = "<group>"; };
/* End PBXFileReference section */

/* Begin PBXFrameworksBuildPhase section */
		A3BF500624D3298F00CD5114 /* Frameworks */ = {
			isa = PBXFrameworksBuildPhase;
			buildActionMask = 2147483647;
			files = (
				A341186425C300F300587590 /* CloudKit.framework in Frameworks */,
			);
			runOnlyForDeploymentPostprocessing = 0;
		};
		A3BF501F24D3299100CD5114 /* Frameworks */ = {
			isa = PBXFrameworksBuildPhase;
			buildActionMask = 2147483647;
			files = (
			);
			runOnlyForDeploymentPostprocessing = 0;
		};
		A3BF502A24D3299100CD5114 /* Frameworks */ = {
			isa = PBXFrameworksBuildPhase;
			buildActionMask = 2147483647;
			files = (
			);
			runOnlyForDeploymentPostprocessing = 0;
		};
/* End PBXFrameworksBuildPhase section */

/* Begin PBXGroup section */
		A341186225C300F300587590 /* Frameworks */ = {
			isa = PBXGroup;
			children = (
				A341186325C300F300587590 /* CloudKit.framework */,
			);
			name = Frameworks;
			sourceTree = "<group>";
		};
		A35FF77A26DC320400D78252 /* License */ = {
			isa = PBXGroup;
			children = (
				A35FF77B26DC324E00D78252 /* CoreDataSampleLicense.txt */,
			);
			path = License;
			sourceTree = "<group>";
		};
		A3BF500024D3298F00CD5114 = {
			isa = PBXGroup;
			children = (
				A3BF500B24D3298F00CD5114 /* RiftEffects */,
				A3BF502524D3299100CD5114 /* RiftEffectsTests */,
				A3BF503024D3299100CD5114 /* RiftEffectsUITests */,
				A3BF500A24D3298F00CD5114 /* Products */,
				A341186225C300F300587590 /* Frameworks */,
			);
			sourceTree = "<group>";
		};
		A3BF500A24D3298F00CD5114 /* Products */ = {
			isa = PBXGroup;
			children = (
				A3BF500924D3298F00CD5114 /* RiftEffects.app */,
				A3BF502224D3299100CD5114 /* RiftEffectsTests.xctest */,
				A3BF502D24D3299100CD5114 /* RiftEffectsUITests.xctest */,
			);
			name = Products;
			sourceTree = "<group>";
		};
		A3BF500B24D3298F00CD5114 /* RiftEffects */ = {
			isa = PBXGroup;
			children = (
				A341185E25C3008100587590 /* RiftEffects.entitlements */,
				A35FF77A26DC320400D78252 /* License */,
				A3BF507624D32A3400CD5114 /* Main.storyboard */,
				A3E6243C2691261A0017372F /* Settings.bundle */,
				A308939E251E977400F244D6 /* Launch Screen.storyboard */,
				A3BF50A624D32A3400CD5114 /* Info.plist */,
				A3BF509924D32A3400CD5114 /* AppDelegate.swift */,
				A3C71701255C3DCB005C2CAD /* Filters */,
				A3BF504224D32A3400CD5114 /* ImportedFilters */,
				A3BF507E24D32A3400CD5114 /* MetalFilters - Unused */,
				A3C716FF255C3C95005C2CAD /* Models */,
				A3C71700255C3D1F005C2CAD /* Controllers */,
				A3C7170C255C3FA7005C2CAD /* UI Support */,
				A3BF508B24D32A3400CD5114 /* StoredData support */,
				A3BF506224D32A3400CD5114 /* Assets.xcassets */,
				A3C71708255C3E93005C2CAD /* obsolete */,
			);
			path = RiftEffects;
			sourceTree = "<group>";
		};
		A3BF502524D3299100CD5114 /* RiftEffectsTests */ = {
			isa = PBXGroup;
			children = (
				A35C39A025DD61F500ADC02D /* TestPlan.xctestplan */,
				A316B9E325D9AD25000C8299 /* PGLDataStoreTests.swift */,
				A3BF514A24D32D3400CD5114 /* PGLSourceFilterTests.swift */,
				A3CE5B2D24DB5DA80062A98C /* PGLCategorySurvey.swift */,
				A3BF514B24D32D3400CD5114 /* PGLFilterDescriptorTests.swift */,
				A3BF514C24D32D3400CD5114 /* PGLFilterStackTests.swift */,
				A3BF514E24D32D3400CD5114 /* GlanceTests.swift */,
				A3BF514924D32D3400CD5114 /* GlanceTests */,
				A3BF502824D3299100CD5114 /* Info.plist */,
			);
			path = RiftEffectsTests;
			sourceTree = "<group>";
		};
		A3BF503024D3299100CD5114 /* RiftEffectsUITests */ = {
			isa = PBXGroup;
			children = (
				A3BF515624D32D7400CD5114 /* GlanceUITests */,
				A3BF503124D3299100CD5114 /* SurrealityUITests.swift */,
				A3BF515724D32D7400CD5114 /* GlanceUITests.swift */,
				A3BF503324D3299100CD5114 /* Info.plist */,
			);
			path = RiftEffectsUITests;
			sourceTree = "<group>";
		};
		A3BF504224D32A3400CD5114 /* ImportedFilters */ = {
			isa = PBXGroup;
			children = (
				A3BF504324D32A3400CD5114 /* Sobel.m */,
				A3BF504424D32A3400CD5114 /* ChromaKey.m */,
				A3BF504524D32A3400CD5114 /* OldeFilm.m */,
				A3BF504624D32A3400CD5114 /* TiltShift.m */,
				A3BF504724D32A3400CD5114 /* DistortionsDemo.m */,
				A3BF504824D32A3400CD5114 /* PixellatedPeople.m */,
				A3BF504924D32A3400CD5114 /* PixellateTransition.m */,
			);
			path = ImportedFilters;
			sourceTree = "<group>";
		};
		A3BF506324D32A3400CD5114 /* CompositionalLayout */ = {
			isa = PBXGroup;
			children = (
				A3BF506424D32A3400CD5114 /* ListCell.swift */,
				A3BF506524D32A3400CD5114 /* BadgeSupplementrayView.swift */,
				A3F1075625604EB1005E86B4 /* cell xib */,
				A3BF506624D32A3400CD5114 /* TextCell.swift */,
				A3BF506724D32A3400CD5114 /* OutlineItemCell.swift */,
				A3BF506924D32A3400CD5114 /* TitleSupplementaryView.swift */,
				A3BF506A24D32A3400CD5114 /* StackDataCell.swift */,
				A3BF506B24D32A3400CD5114 /* LICENSE.txt */,
			);
			path = CompositionalLayout;
			sourceTree = "<group>";
		};
		A3BF507E24D32A3400CD5114 /* MetalFilters - Unused */ = {
			isa = PBXGroup;
			children = (
				A3BF507F24D32A3400CD5114 /* MetalFilter.swift */,
				A3BF508124D32A3400CD5114 /* MetalCIFilters.swift */,
			);
			path = "MetalFilters - Unused";
			sourceTree = "<group>";
		};
		A3BF508B24D32A3400CD5114 /* StoredData support */ = {
			isa = PBXGroup;
			children = (
				A349E85D26E8ED2E0017D77F /* CDStoredFilter+CoreDataClass.swift */,
				A349E85E26E8ED2E0017D77F /* CDStoredFilter+CoreDataProperties.swift */,
				A3BF504B24D32A3400CD5114 /* PGL-CDFilterStack.swift */,
				A375F25E26DFE47E00721D3A /* PGLStackProvider.swift */,
				A35FF77826DC316400D78252 /* PGLCoreDataStack.swift */,
				A35FF77D26DC346200D78252 /* PGLCoreData+Defns.swift */,
				A3E593B22541F0FD0001EDF9 /* PGLFilterCDDataTransformer.swift */,
				A3BF509024D32A3400CD5114 /* WillsFilterTool.xcdatamodeld */,
			);
			path = "StoredData support";
			sourceTree = "<group>";
		};
		A3BF514924D32D3400CD5114 /* GlanceTests */ = {
			isa = PBXGroup;
			children = (
			);
			path = GlanceTests;
			sourceTree = "<group>";
		};
		A3BF515624D32D7400CD5114 /* GlanceUITests */ = {
			isa = PBXGroup;
			children = (
			);
			path = GlanceUITests;
			sourceTree = "<group>";
		};
		A3C716FF255C3C95005C2CAD /* Models */ = {
			isa = PBXGroup;
			children = (
				A3BF507C24D32A3400CD5114 /* PGLFilterClasses.swift */,
				A392D5ED26C3EBDA00688952 /* PGLRandomFilterMaker.swift */,
				A3BF50A724D32A3400CD5114 /* PGLFilterAttribute.swift */,
				A3BF505424D32A3400CD5114 /* PGLFilterAttributeNumber.swift */,
				A3BF50A024D32A3400CD5114 /* PGLFilterStack.swift */,
				A3BF508624D32A3400CD5114 /* PGLAppStack.swift */,
				A3BF509C24D32A3400CD5114 /* PGLImageList.swift */,
				A3BF50B624D32A3400CD5114 /* PGLUserAssetSelection.swift */,
				A3BF507024D32A3400CD5114 /* PGLFilterCategory.swift */,
				A3BF505F24D32A3400CD5114 /* PGLFilterDescriptor.swift */,
				A3BF505C24D32A3400CD5114 /* PGLVisionDetection.swift */,
				A3BF505524D32A3400CD5114 /* PGLFilterCategoryIndex.swift */,
				A3BF505D24D32A3400CD5114 /* PGLVisionProtocol.swift */,
				A3BF50B124D32A3400CD5114 /* PGLPhotoLists.swift */,
				A3BF507324D32A3400CD5114 /* PGLAttributeUI.swift */,
				A3BF50A524D32A3400CD5114 /* PGLImageSourcePath.swift */,
				A38F9D75250442B800B58F6B /* CVPixelBufferExtension.swift */,
			);
			path = Models;
			sourceTree = "<group>";
		};
		A3C71700255C3D1F005C2CAD /* Controllers */ = {
			isa = PBXGroup;
			children = (
				A3BF504A24D32A3400CD5114 /* PGLFilterTableController.swift */,
				A3BF505324D32A3400CD5114 /* PGLStackController.swift */,
				A3BF50A324D32A3400CD5114 /* PGLSelectParmController.swift */,
				A3BF504124D32A3400CD5114 /* PGLResultsController.swift */,
				A3BF505124D32A3400CD5114 /* PGLOpenStackViewController.swift */,
				A35BADAB2614C8FF00C8B2AA /* PGLPopUpFilterInfo.swift */,
				A3BF505224D32A3400CD5114 /* PGLRectangleController.swift */,
				A3DC264E2698FD83003E48C2 /* PGLImageController.swift */,
				A3BF505724D32A3400CD5114 /* PGLMetalController.swift */,
				A320F6252669550E008F6090 /* PGLInfoPrivacyController.swift */,
				A39AB51D25E2B2C2004690F7 /* PGLSaveDialogController.swift */,
				A3DD328625CC999C00ABEE61 /* PGLHelpPageController.swift */,
				A34DE10C25D050AF005DC3DD /* PGLHelpSinglePage.swift */,
				A3BF506024D32A3400CD5114 /* PGLMainFilterController.swift */,
				A3BF507A24D32A3400CD5114 /* PGLSplitViewController.swift */,
				A3BF50B224D32A3400CD5114 /* PGLImagesSelectContainer.swift */,
				A3BF50B024D32A3400CD5114 /* PGLAssetController.swift */,
				A3BF50B324D32A3400CD5114 /* PGLAssetCollection.swift */,
				A3BF50B524D32A3400CD5114 /* PGLAssetGridController.swift */,
				A3BF50B924D32A3400CD5114 /* PGLAssetSequenceController.swift */,
				A3BF50BA24D32A3400CD5114 /* PGLImageCollectionMasterController.swift */,
				A3BF50CA24D32A3400CD5114 /* PGLTabsController.swift */,
			);
			path = Controllers;
			sourceTree = "<group>";
		};
		A3C71701255C3DCB005C2CAD /* Filters */ = {
			isa = PBXGroup;
			children = (
				A3BF506D24D32A3400CD5114 /* Glance-Bridging-Header.h */,
				A3BF50C924D32A3400CD5114 /* PGLFilterCIAbstract.swift */,
				A3BF505024D32A3400CD5114 /* TiltShift.swift */,
				A3BF504C24D32A3400CD5114 /* PGLBumpBlend.swift */,
				A3BF507B24D32A3400CD5114 /* PGLTextFilter.swift */,
				A3BF505B24D32A3400CD5114 /* PGLFilterChange.swift */,
				A3BF505E24D32A3400CD5114 /* MetalFilters.swift */,
				A3BF506C24D32A3400CD5114 /* PGLBumpFaceCIFilter.swift */,
				A3BF507524D32A3400CD5114 /* PGLFaceTiltShift.swift */,
				A3AF392B25B61D850035A5FF /* PGLSaliencyBlur.swift */,
				A39632D7250049F000F02CEC /* PGLDisparityFilter.swift */,
				A3E0A22A2649DE6100C43D69 /* PGLScalingFilter.swift */,
				A3BF508424D32A3400CD5114 /* PGLImageCIFilter.swift */,
				A342AE2F26C333BA00D14ECB /* PGLRandomFilterAction.swift */,
				A3BF508724D32A3400CD5114 /* PGLFaceCIFilter.swift */,
				A3BF508824D32A3400CD5114 /* PGLFeatureTransitionFilter.swift */,
				A3BF508A24D32A3400CD5114 /* CIFilterExtensions.swift */,
				A3BF509824D32A3400CD5114 /* CoreImageKernels.metal */,
				A3BF50A124D32A3400CD5114 /* PGLSourceMetalFilter.swift */,
				A3BF50A224D32A3400CD5114 /* PGLTransitionFilter.swift */,
				A36324E725B247F7003F4C0F /* PGLExcludeFilters.swift */,
			);
			path = Filters;
			sourceTree = "<group>";
		};
		A3C71708255C3E93005C2CAD /* obsolete */ = {
			isa = PBXGroup;
			children = (
				A3BF509D24D32A3400CD5114 /* PGLTestImage.swift */,
				A318F31E24FC0D8B00569349 /* PGLFilterGroup.swift */,
			);
			path = obsolete;
			sourceTree = "<group>";
		};
		A3C7170C255C3FA7005C2CAD /* UI Support */ = {
			isa = PBXGroup;
			children = (
				A3BF506324D32A3400CD5114 /* CompositionalLayout */,
				A3BF505A24D32A3400CD5114 /* PGLTableCellAction.swift */,
				A3BF508924D32A3400CD5114 /* PGLFilterAttributeAttributedString.swift */,
				A3BF507924D32A3400CD5114 /* PGLDynamicDragBehavior.swift */,
				A3249AAF25BC728D00F7FAC2 /* PGLDemo.swift */,
				A3BF50AF24D32A3400CD5114 /* PGLDataSource.swift */,
				A3BF50B424D32A3400CD5114 /* PGLDiffableDataSource.swift */,
				A3BF50B824D32A3400CD5114 /* GridViewCell.swift */,
				A3BF50A924D32A3400CD5114 /* Renderer.swift */,
				A3BF507D24D32A3400CD5114 /* CIImage.swift */,
				A3F64FCD24E85ACB00BB38BD /* PGLOffScreenRender.swift */,
				A320F62926699FA7008F6090 /* PrivacyPolicy.rtf */,
				A35506EB26BF376A00BAC9BD /* PGLUserDefaultKeys.swift */,
			);
			path = "UI Support";
			sourceTree = "<group>";
		};
		A3F1075625604EB1005E86B4 /* cell xib */ = {
			isa = PBXGroup;
			children = (
				A3BF50A424D32A3400CD5114 /* StackCell.xib */,
				A3BF506124D32A3400CD5114 /* TableCell.xib */,
			);
			path = "cell xib";
			sourceTree = "<group>";
		};
/* End PBXGroup section */

/* Begin PBXNativeTarget section */
		A3BF500824D3298F00CD5114 /* RiftEffects */ = {
			isa = PBXNativeTarget;
			buildConfigurationList = A3BF503624D3299100CD5114 /* Build configuration list for PBXNativeTarget "RiftEffects" */;
			buildPhases = (
				A3BF500524D3298F00CD5114 /* Sources */,
				A3BF500624D3298F00CD5114 /* Frameworks */,
				A3BF500724D3298F00CD5114 /* Resources */,
			);
			buildRules = (
			);
			dependencies = (
			);
			name = RiftEffects;
			productName = Surreality;
			productReference = A3BF500924D3298F00CD5114 /* RiftEffects.app */;
			productType = "com.apple.product-type.application";
		};
		A3BF502124D3299100CD5114 /* RiftEffectsTests */ = {
			isa = PBXNativeTarget;
			buildConfigurationList = A3BF503924D3299100CD5114 /* Build configuration list for PBXNativeTarget "RiftEffectsTests" */;
			buildPhases = (
				A3BF501E24D3299100CD5114 /* Sources */,
				A3BF501F24D3299100CD5114 /* Frameworks */,
				A3BF502024D3299100CD5114 /* Resources */,
			);
			buildRules = (
			);
			dependencies = (
				A3BF502424D3299100CD5114 /* PBXTargetDependency */,
			);
			name = RiftEffectsTests;
			productName = SurrealityTests;
			productReference = A3BF502224D3299100CD5114 /* RiftEffectsTests.xctest */;
			productType = "com.apple.product-type.bundle.unit-test";
		};
		A3BF502C24D3299100CD5114 /* RiftEffectsUITests */ = {
			isa = PBXNativeTarget;
			buildConfigurationList = A3BF503C24D3299100CD5114 /* Build configuration list for PBXNativeTarget "RiftEffectsUITests" */;
			buildPhases = (
				A3BF502924D3299100CD5114 /* Sources */,
				A3BF502A24D3299100CD5114 /* Frameworks */,
				A3BF502B24D3299100CD5114 /* Resources */,
			);
			buildRules = (
			);
			dependencies = (
				A3BF502F24D3299100CD5114 /* PBXTargetDependency */,
			);
			name = RiftEffectsUITests;
			productName = SurrealityUITests;
			productReference = A3BF502D24D3299100CD5114 /* RiftEffectsUITests.xctest */;
			productType = "com.apple.product-type.bundle.ui-testing";
		};
/* End PBXNativeTarget section */

/* Begin PBXProject section */
		A3BF500124D3298F00CD5114 /* Project object */ = {
			isa = PBXProject;
			attributes = {
				LastSwiftUpdateCheck = 1160;
				LastUpgradeCheck = 1250;
				ORGANIZATIONNAME = "Will Loew-Blosser";
				TargetAttributes = {
					A3BF500824D3298F00CD5114 = {
						CreatedOnToolsVersion = 11.6;
					};
					A3BF502124D3299100CD5114 = {
						CreatedOnToolsVersion = 11.6;
						TestTargetID = A3BF500824D3298F00CD5114;
					};
					A3BF502C24D3299100CD5114 = {
						CreatedOnToolsVersion = 11.6;
						TestTargetID = A3BF500824D3298F00CD5114;
					};
				};
			};
			buildConfigurationList = A3BF500424D3298F00CD5114 /* Build configuration list for PBXProject "RiftEffects" */;
			compatibilityVersion = "Xcode 13.0";
			developmentRegion = en;
			hasScannedForEncodings = 0;
			knownRegions = (
				en,
				Base,
			);
			mainGroup = A3BF500024D3298F00CD5114;
			productRefGroup = A3BF500A24D3298F00CD5114 /* Products */;
			projectDirPath = "";
			projectRoot = "";
			targets = (
				A3BF500824D3298F00CD5114 /* RiftEffects */,
				A3BF502124D3299100CD5114 /* RiftEffectsTests */,
				A3BF502C24D3299100CD5114 /* RiftEffectsUITests */,
			);
		};
/* End PBXProject section */

/* Begin PBXResourcesBuildPhase section */
		A3BF500724D3298F00CD5114 /* Resources */ = {
			isa = PBXResourcesBuildPhase;
			buildActionMask = 2147483647;
			files = (
				A308939F251E977400F244D6 /* Launch Screen.storyboard in Resources */,
				A3BF512C24D32A3400CD5114 /* StackCell.xib in Resources */,
				A3BF510224D32A3400CD5114 /* Main.storyboard in Resources */,
				A320F62A26699FA8008F6090 /* PrivacyPolicy.rtf in Resources */,
				A3BF50F024D32A3400CD5114 /* TableCell.xib in Resources */,
				A3BF50F124D32A3400CD5114 /* Assets.xcassets in Resources */,
				A3E6243D2691261A0017372F /* Settings.bundle in Resources */,
				A35FF77C26DC324E00D78252 /* CoreDataSampleLicense.txt in Resources */,
			);
			runOnlyForDeploymentPostprocessing = 0;
		};
		A3BF502024D3299100CD5114 /* Resources */ = {
			isa = PBXResourcesBuildPhase;
			buildActionMask = 2147483647;
			files = (
			);
			runOnlyForDeploymentPostprocessing = 0;
		};
		A3BF502B24D3299100CD5114 /* Resources */ = {
			isa = PBXResourcesBuildPhase;
			buildActionMask = 2147483647;
			files = (
			);
			runOnlyForDeploymentPostprocessing = 0;
		};
/* End PBXResourcesBuildPhase section */

/* Begin PBXSourcesBuildPhase section */
		A3BF500524D3298F00CD5114 /* Sources */ = {
			isa = PBXSourcesBuildPhase;
			buildActionMask = 2147483647;
			files = (
				A3BF511924D32A3400CD5114 /* WillsFilterTool.xcdatamodeld in Sources */,
				A3BF510E24D32A3400CD5114 /* PGLImageCIFilter.swift in Sources */,
				A3BF512124D32A3400CD5114 /* AppDelegate.swift in Sources */,
				A39AB51E25E2B2C2004690F7 /* PGLSaveDialogController.swift in Sources */,
				A3BF512424D32A3400CD5114 /* PGLImageList.swift in Sources */,
				A3BF513424D32A3400CD5114 /* PGLPhotoLists.swift in Sources */,
				A3BF510A24D32A3400CD5114 /* MetalFilter.swift in Sources */,
				A3249AB025BC728D00F7FAC2 /* PGLDemo.swift in Sources */,
				A3BF513D24D32A3400CD5114 /* PGLImageCollectionMasterController.swift in Sources */,
				A392D5EE26C3EBDA00688952 /* PGLRandomFilterMaker.swift in Sources */,
				A34DE10D25D050AF005DC3DD /* PGLHelpSinglePage.swift in Sources */,
				A3E0A22B2649DE6100C43D69 /* PGLScalingFilter.swift in Sources */,
				A3BF510524D32A3400CD5114 /* PGLDynamicDragBehavior.swift in Sources */,
				A3BF50D724D32A3400CD5114 /* DistortionsDemo.m in Sources */,
				A320F6262669550E008F6090 /* PGLInfoPrivacyController.swift in Sources */,
				A3BF50D424D32A3400CD5114 /* ChromaKey.m in Sources */,
				A3BF50EB24D32A3400CD5114 /* PGLVisionDetection.swift in Sources */,
				A3BF511324D32A3400CD5114 /* PGLFilterAttributeAttributedString.swift in Sources */,
				A3BF512824D32A3400CD5114 /* PGLFilterStack.swift in Sources */,
				A35BADAC2614C8FF00C8B2AA /* PGLPopUpFilterInfo.swift in Sources */,
				A375F25F26DFE47E00721D3A /* PGLStackProvider.swift in Sources */,
				A3BF512524D32A3400CD5114 /* PGLTestImage.swift in Sources */,
				A3BF50ED24D32A3400CD5114 /* MetalFilters.swift in Sources */,
				A35506EC26BF376A00BAC9BD /* PGLUserDefaultKeys.swift in Sources */,
				A3BF513524D32A3400CD5114 /* PGLImagesSelectContainer.swift in Sources */,
				A3BF50EF24D32A3400CD5114 /* PGLMainFilterController.swift in Sources */,
				A3BF50E924D32A3400CD5114 /* PGLTableCellAction.swift in Sources */,
				A349E86026E8ED2E0017D77F /* CDStoredFilter+CoreDataProperties.swift in Sources */,
				A3BF50DB24D32A3400CD5114 /* PGL-CDFilterStack.swift in Sources */,
				A3BF513724D32A3400CD5114 /* PGLDiffableDataSource.swift in Sources */,
				A3BF510124D32A3400CD5114 /* PGLFaceTiltShift.swift in Sources */,
				A3BF50E724D32A3400CD5114 /* PGLMetalController.swift in Sources */,
				A3BF50FD24D32A3400CD5114 /* PGLFilterCategory.swift in Sources */,
				A3BF514724D32A3400CD5114 /* PGLFilterCIAbstract.swift in Sources */,
				A35FF77E26DC346200D78252 /* PGLCoreData+Defns.swift in Sources */,
				A3DD328725CC999C00ABEE61 /* PGLHelpPageController.swift in Sources */,
				A3BF50D324D32A3400CD5114 /* Sobel.m in Sources */,
				A3BF50E024D32A3400CD5114 /* TiltShift.swift in Sources */,
				A3BF513124D32A3400CD5114 /* Renderer.swift in Sources */,
				A3BF513324D32A3400CD5114 /* PGLAssetController.swift in Sources */,
				A3BF511424D32A3400CD5114 /* CIFilterExtensions.swift in Sources */,
				A3BF50DA24D32A3400CD5114 /* PGLFilterTableController.swift in Sources */,
				A3BF513B24D32A3400CD5114 /* GridViewCell.swift in Sources */,
				A3BF50FA24D32A3400CD5114 /* PGLBumpFaceCIFilter.swift in Sources */,
				A3BF512F24D32A3400CD5114 /* PGLFilterAttribute.swift in Sources */,
				A3BF50DC24D32A3400CD5114 /* PGLBumpBlend.swift in Sources */,
				A3BF510624D32A3400CD5114 /* PGLSplitViewController.swift in Sources */,
				A3BF513224D32A3400CD5114 /* PGLDataSource.swift in Sources */,
				A349E85F26E8ED2E0017D77F /* CDStoredFilter+CoreDataClass.swift in Sources */,
				A3BF50F424D32A3400CD5114 /* TextCell.swift in Sources */,
				A38F9D76250442B800B58F6B /* CVPixelBufferExtension.swift in Sources */,
				A3BF513824D32A3400CD5114 /* PGLAssetGridController.swift in Sources */,
				A3BF513924D32A3400CD5114 /* PGLUserAssetSelection.swift in Sources */,
				A3BF50D224D32A3400CD5114 /* PGLResultsController.swift in Sources */,
				A3BF512B24D32A3400CD5114 /* PGLSelectParmController.swift in Sources */,
				A3BF512D24D32A3400CD5114 /* PGLImageSourcePath.swift in Sources */,
				A3BF50E124D32A3400CD5114 /* PGLOpenStackViewController.swift in Sources */,
				A3BF512924D32A3400CD5114 /* PGLSourceMetalFilter.swift in Sources */,
				A3BF510C24D32A3400CD5114 /* MetalCIFilters.swift in Sources */,
				A3BF513C24D32A3400CD5114 /* PGLAssetSequenceController.swift in Sources */,
				A3BF510724D32A3400CD5114 /* PGLTextFilter.swift in Sources */,
				A3BF50EA24D32A3400CD5114 /* PGLFilterChange.swift in Sources */,
				A3BF511224D32A3400CD5114 /* PGLFeatureTransitionFilter.swift in Sources */,
				A3AF392C25B61D850035A5FF /* PGLSaliencyBlur.swift in Sources */,
				A3BF50F324D32A3400CD5114 /* BadgeSupplementrayView.swift in Sources */,
				A318F31F24FC0D8B00569349 /* PGLFilterGroup.swift in Sources */,
				A3BF510824D32A3400CD5114 /* PGLFilterClasses.swift in Sources */,
				A3BF513624D32A3400CD5114 /* PGLAssetCollection.swift in Sources */,
				A3BF514824D32A3400CD5114 /* PGLTabsController.swift in Sources */,
				A3BF50D524D32A3400CD5114 /* OldeFilm.m in Sources */,
				A3BF512A24D32A3400CD5114 /* PGLTransitionFilter.swift in Sources */,
				A3BF50D924D32A3400CD5114 /* PixellateTransition.m in Sources */,
				A3BF50E324D32A3400CD5114 /* PGLStackController.swift in Sources */,
				A3F64FCE24E85ACB00BB38BD /* PGLOffScreenRender.swift in Sources */,
				A39632D8250049F000F02CEC /* PGLDisparityFilter.swift in Sources */,
				A3BF50F824D32A3400CD5114 /* StackDataCell.swift in Sources */,
				A36324E825B247F7003F4C0F /* PGLExcludeFilters.swift in Sources */,
				A3BF50D824D32A3400CD5114 /* PixellatedPeople.m in Sources */,
				A3BF50D624D32A3400CD5114 /* TiltShift.m in Sources */,
				A3BF50E524D32A3400CD5114 /* PGLFilterCategoryIndex.swift in Sources */,
				A3BF511124D32A3400CD5114 /* PGLFaceCIFilter.swift in Sources */,
				A35FF77926DC316400D78252 /* PGLCoreDataStack.swift in Sources */,
				A342AE3026C333BA00D14ECB /* PGLRandomFilterAction.swift in Sources */,
				A3BF50EE24D32A3400CD5114 /* PGLFilterDescriptor.swift in Sources */,
				A3BF510924D32A3400CD5114 /* CIImage.swift in Sources */,
				A3BF50F524D32A3400CD5114 /* OutlineItemCell.swift in Sources */,
				A3BF50E224D32A3400CD5114 /* PGLRectangleController.swift in Sources */,
				A3BF50FF24D32A3400CD5114 /* PGLAttributeUI.swift in Sources */,
				A3BF50F224D32A3400CD5114 /* ListCell.swift in Sources */,
				A3BF512024D32A3400CD5114 /* CoreImageKernels.metal in Sources */,
				A3BF50F724D32A3400CD5114 /* TitleSupplementaryView.swift in Sources */,
				A3BF511024D32A3400CD5114 /* PGLAppStack.swift in Sources */,
				A3E593B32541F0FD0001EDF9 /* PGLFilterCDDataTransformer.swift in Sources */,
				A3DC264F2698FD83003E48C2 /* PGLImageController.swift in Sources */,
				A3BF50E424D32A3400CD5114 /* PGLFilterAttributeNumber.swift in Sources */,
				A3BF50EC24D32A3400CD5114 /* PGLVisionProtocol.swift in Sources */,
			);
			runOnlyForDeploymentPostprocessing = 0;
		};
		A3BF501E24D3299100CD5114 /* Sources */ = {
			isa = PBXSourcesBuildPhase;
			buildActionMask = 2147483647;
			files = (
				A3BF515024D32D3400CD5114 /* PGLSourceFilterTests.swift in Sources */,
				A3CE5B2E24DB5DA80062A98C /* PGLCategorySurvey.swift in Sources */,
				A3BF515224D32D3400CD5114 /* PGLFilterStackTests.swift in Sources */,
				A3BF515124D32D3400CD5114 /* PGLFilterDescriptorTests.swift in Sources */,
				A3BF515424D32D3400CD5114 /* GlanceTests.swift in Sources */,
				A316B9E425D9AD25000C8299 /* PGLDataStoreTests.swift in Sources */,
			);
			runOnlyForDeploymentPostprocessing = 0;
		};
		A3BF502924D3299100CD5114 /* Sources */ = {
			isa = PBXSourcesBuildPhase;
			buildActionMask = 2147483647;
			files = (
				A3BF503224D3299100CD5114 /* SurrealityUITests.swift in Sources */,
				A3BF515924D32D7400CD5114 /* GlanceUITests.swift in Sources */,
			);
			runOnlyForDeploymentPostprocessing = 0;
		};
/* End PBXSourcesBuildPhase section */

/* Begin PBXTargetDependency section */
		A3BF502424D3299100CD5114 /* PBXTargetDependency */ = {
			isa = PBXTargetDependency;
			target = A3BF500824D3298F00CD5114 /* RiftEffects */;
			targetProxy = A3BF502324D3299100CD5114 /* PBXContainerItemProxy */;
		};
		A3BF502F24D3299100CD5114 /* PBXTargetDependency */ = {
			isa = PBXTargetDependency;
			target = A3BF500824D3298F00CD5114 /* RiftEffects */;
			targetProxy = A3BF502E24D3299100CD5114 /* PBXContainerItemProxy */;
		};
/* End PBXTargetDependency section */

/* Begin XCBuildConfiguration section */
		A3BF503424D3299100CD5114 /* Debug */ = {
			isa = XCBuildConfiguration;
			buildSettings = {
				ALWAYS_SEARCH_USER_PATHS = NO;
				CLANG_ANALYZER_NONNULL = YES;
				CLANG_ANALYZER_NUMBER_OBJECT_CONVERSION = YES_AGGRESSIVE;
				CLANG_CXX_LANGUAGE_STANDARD = "gnu++14";
				CLANG_CXX_LIBRARY = "libc++";
				CLANG_ENABLE_MODULES = YES;
				CLANG_ENABLE_OBJC_ARC = YES;
				CLANG_ENABLE_OBJC_WEAK = YES;
				CLANG_WARN_BLOCK_CAPTURE_AUTORELEASING = YES;
				CLANG_WARN_BOOL_CONVERSION = YES;
				CLANG_WARN_COMMA = YES;
				CLANG_WARN_CONSTANT_CONVERSION = YES;
				CLANG_WARN_DEPRECATED_OBJC_IMPLEMENTATIONS = YES;
				CLANG_WARN_DIRECT_OBJC_ISA_USAGE = YES_ERROR;
				CLANG_WARN_DOCUMENTATION_COMMENTS = YES;
				CLANG_WARN_EMPTY_BODY = YES;
				CLANG_WARN_ENUM_CONVERSION = YES;
				CLANG_WARN_INFINITE_RECURSION = YES;
				CLANG_WARN_INT_CONVERSION = YES;
				CLANG_WARN_NON_LITERAL_NULL_CONVERSION = YES;
				CLANG_WARN_OBJC_IMPLICIT_RETAIN_SELF = YES;
				CLANG_WARN_OBJC_LITERAL_CONVERSION = YES;
				CLANG_WARN_OBJC_ROOT_CLASS = YES_ERROR;
				CLANG_WARN_QUOTED_INCLUDE_IN_FRAMEWORK_HEADER = YES;
				CLANG_WARN_RANGE_LOOP_ANALYSIS = YES;
				CLANG_WARN_STRICT_PROTOTYPES = YES;
				CLANG_WARN_SUSPICIOUS_MOVE = YES;
				CLANG_WARN_UNGUARDED_AVAILABILITY = YES_AGGRESSIVE;
				CLANG_WARN_UNREACHABLE_CODE = YES;
				CLANG_WARN__DUPLICATE_METHOD_MATCH = YES;
				COPY_PHASE_STRIP = NO;
				DEAD_CODE_STRIPPING = NO;
				DEBUG_INFORMATION_FORMAT = dwarf;
				ENABLE_STRICT_OBJC_MSGSEND = YES;
				ENABLE_TESTABILITY = YES;
				GCC_C_LANGUAGE_STANDARD = gnu11;
				GCC_DYNAMIC_NO_PIC = NO;
				GCC_NO_COMMON_BLOCKS = YES;
				GCC_OPTIMIZATION_LEVEL = 0;
				GCC_PREPROCESSOR_DEFINITIONS = (
					"DEBUG=1",
					"$(inherited)",
				);
				GCC_WARN_64_TO_32_BIT_CONVERSION = YES;
				GCC_WARN_ABOUT_RETURN_TYPE = YES_ERROR;
				GCC_WARN_UNDECLARED_SELECTOR = YES;
				GCC_WARN_UNINITIALIZED_AUTOS = YES_AGGRESSIVE;
				GCC_WARN_UNUSED_FUNCTION = YES;
				GCC_WARN_UNUSED_VARIABLE = YES;
				IPHONEOS_DEPLOYMENT_TARGET = 15.2;
				MTL_ENABLE_DEBUG_INFO = INCLUDE_SOURCE;
				MTL_FAST_MATH = YES;
				ONLY_ACTIVE_ARCH = YES;
				SDKROOT = iphoneos;
				SWIFT_ACTIVE_COMPILATION_CONDITIONS = DEBUG;
				SWIFT_OPTIMIZATION_LEVEL = "-Onone";
				SWIFT_VERSION = 5.0;
			};
			name = Debug;
		};
		A3BF503524D3299100CD5114 /* Release */ = {
			isa = XCBuildConfiguration;
			buildSettings = {
				ALWAYS_SEARCH_USER_PATHS = NO;
				CLANG_ANALYZER_NONNULL = YES;
				CLANG_ANALYZER_NUMBER_OBJECT_CONVERSION = YES_AGGRESSIVE;
				CLANG_CXX_LANGUAGE_STANDARD = "gnu++14";
				CLANG_CXX_LIBRARY = "libc++";
				CLANG_ENABLE_MODULES = YES;
				CLANG_ENABLE_OBJC_ARC = YES;
				CLANG_ENABLE_OBJC_WEAK = YES;
				CLANG_WARN_BLOCK_CAPTURE_AUTORELEASING = YES;
				CLANG_WARN_BOOL_CONVERSION = YES;
				CLANG_WARN_COMMA = YES;
				CLANG_WARN_CONSTANT_CONVERSION = YES;
				CLANG_WARN_DEPRECATED_OBJC_IMPLEMENTATIONS = YES;
				CLANG_WARN_DIRECT_OBJC_ISA_USAGE = YES_ERROR;
				CLANG_WARN_DOCUMENTATION_COMMENTS = YES;
				CLANG_WARN_EMPTY_BODY = YES;
				CLANG_WARN_ENUM_CONVERSION = YES;
				CLANG_WARN_INFINITE_RECURSION = YES;
				CLANG_WARN_INT_CONVERSION = YES;
				CLANG_WARN_NON_LITERAL_NULL_CONVERSION = YES;
				CLANG_WARN_OBJC_IMPLICIT_RETAIN_SELF = YES;
				CLANG_WARN_OBJC_LITERAL_CONVERSION = YES;
				CLANG_WARN_OBJC_ROOT_CLASS = YES_ERROR;
				CLANG_WARN_QUOTED_INCLUDE_IN_FRAMEWORK_HEADER = YES;
				CLANG_WARN_RANGE_LOOP_ANALYSIS = YES;
				CLANG_WARN_STRICT_PROTOTYPES = YES;
				CLANG_WARN_SUSPICIOUS_MOVE = YES;
				CLANG_WARN_UNGUARDED_AVAILABILITY = YES_AGGRESSIVE;
				CLANG_WARN_UNREACHABLE_CODE = YES;
				CLANG_WARN__DUPLICATE_METHOD_MATCH = YES;
				COPY_PHASE_STRIP = NO;
				DEAD_CODE_STRIPPING = NO;
				DEBUG_INFORMATION_FORMAT = "dwarf-with-dsym";
				ENABLE_NS_ASSERTIONS = NO;
				ENABLE_STRICT_OBJC_MSGSEND = YES;
				GCC_C_LANGUAGE_STANDARD = gnu11;
				GCC_NO_COMMON_BLOCKS = YES;
				GCC_WARN_64_TO_32_BIT_CONVERSION = YES;
				GCC_WARN_ABOUT_RETURN_TYPE = YES_ERROR;
				GCC_WARN_UNDECLARED_SELECTOR = YES;
				GCC_WARN_UNINITIALIZED_AUTOS = YES_AGGRESSIVE;
				GCC_WARN_UNUSED_FUNCTION = YES;
				GCC_WARN_UNUSED_VARIABLE = YES;
				IPHONEOS_DEPLOYMENT_TARGET = 15.2;
				MTL_ENABLE_DEBUG_INFO = NO;
				MTL_FAST_MATH = YES;
				SDKROOT = iphoneos;
				SWIFT_COMPILATION_MODE = wholemodule;
				SWIFT_OPTIMIZATION_LEVEL = "-O";
				SWIFT_VERSION = 5.0;
				VALIDATE_PRODUCT = YES;
			};
			name = Release;
		};
		A3BF503724D3299100CD5114 /* Debug */ = {
			isa = XCBuildConfiguration;
			buildSettings = {
				ASSETCATALOG_COMPILER_APPICON_NAME = AppIcon;
				CODE_SIGN_ENTITLEMENTS = RiftEffects/RiftEffects.entitlements;
				CODE_SIGN_STYLE = Automatic;
				CURRENT_PROJECT_VERSION = 24;
				DEVELOPMENT_TEAM = 9CZQPZ85AZ;
				ENABLE_PREVIEWS = NO;
				INFOPLIST_FILE = "$(SRCROOT)/RiftEffects/Info.plist";
				IPHONEOS_DEPLOYMENT_TARGET = 15.2;
				LD_RUNPATH_SEARCH_PATHS = (
					"$(inherited)",
					"@executable_path/Frameworks",
				);
				MARKETING_VERSION = 2.0;
				MTLLINKER_FLAGS = "-fcikernel";
				MTL_COMPILER_FLAGS = "-fcikernel";
				PRODUCT_BUNDLE_IDENTIFIER = "L-BSoftwareArtist.RiftEffects";
				PRODUCT_NAME = "$(TARGET_NAME)";
				SWIFT_OBJC_BRIDGING_HEADER = "";
				SWIFT_VERSION = 5.0;
				TARGETED_DEVICE_FAMILY = "1,2";
			};
			name = Debug;
		};
		A3BF503824D3299100CD5114 /* Release */ = {
			isa = XCBuildConfiguration;
			buildSettings = {
				ASSETCATALOG_COMPILER_APPICON_NAME = AppIcon;
				CODE_SIGN_ENTITLEMENTS = RiftEffects/RiftEffects.entitlements;
				CODE_SIGN_IDENTITY = "Apple Development";
				CODE_SIGN_STYLE = Automatic;
				CURRENT_PROJECT_VERSION = 24;
				DEVELOPMENT_TEAM = 9CZQPZ85AZ;
				ENABLE_PREVIEWS = NO;
				INFOPLIST_FILE = "$(SRCROOT)/RiftEffects/Info.plist";
				IPHONEOS_DEPLOYMENT_TARGET = 15.2;
				LD_RUNPATH_SEARCH_PATHS = (
					"$(inherited)",
					"@executable_path/Frameworks",
				);
				MARKETING_VERSION = 2.0;
				MTLLINKER_FLAGS = "-fcikernel";
				MTL_COMPILER_FLAGS = "-fcikernel";
				PRODUCT_BUNDLE_IDENTIFIER = "L-BSoftwareArtist.RiftEffects";
				PRODUCT_NAME = "$(TARGET_NAME)";
				PROVISIONING_PROFILE_SPECIFIER = "";
				SWIFT_OBJC_BRIDGING_HEADER = "";
				SWIFT_VERSION = 5.0;
				TARGETED_DEVICE_FAMILY = "1,2";
			};
			name = Release;
		};
		A3BF503A24D3299100CD5114 /* Debug */ = {
			isa = XCBuildConfiguration;
			buildSettings = {
				ALWAYS_EMBED_SWIFT_STANDARD_LIBRARIES = YES;
				BUNDLE_LOADER = "$(TEST_HOST)";
				CODE_SIGN_STYLE = Automatic;
				DEVELOPMENT_TEAM = 9CZQPZ85AZ;
				INFOPLIST_FILE = WillsFilterTool/Info.plist;
				IPHONEOS_DEPLOYMENT_TARGET = 15.2;
				LD_RUNPATH_SEARCH_PATHS = (
					"$(inherited)",
					"@executable_path/Frameworks",
					"@loader_path/Frameworks",
				);
				PRODUCT_BUNDLE_IDENTIFIER = "L-BSoftwareArtist.WillsFilterToolTests";
				PRODUCT_NAME = "$(TARGET_NAME)";
				SWIFT_VERSION = 5.0;
				TARGETED_DEVICE_FAMILY = 2;
				TEST_HOST = "$(BUILT_PRODUCTS_DIR)/RiftEffects.app/RiftEffects";
			};
			name = Debug;
		};
		A3BF503B24D3299100CD5114 /* Release */ = {
			isa = XCBuildConfiguration;
			buildSettings = {
				ALWAYS_EMBED_SWIFT_STANDARD_LIBRARIES = YES;
				BUNDLE_LOADER = "$(TEST_HOST)";
				CODE_SIGN_STYLE = Automatic;
				DEVELOPMENT_TEAM = 9CZQPZ85AZ;
				INFOPLIST_FILE = WillsFilterTool/Info.plist;
				IPHONEOS_DEPLOYMENT_TARGET = 15.2;
				LD_RUNPATH_SEARCH_PATHS = (
					"$(inherited)",
					"@executable_path/Frameworks",
					"@loader_path/Frameworks",
				);
				PRODUCT_BUNDLE_IDENTIFIER = "L-BSoftwareArtist.WillsFilterToolTests";
				PRODUCT_NAME = "$(TARGET_NAME)";
				SWIFT_VERSION = 5.0;
				TARGETED_DEVICE_FAMILY = 2;
				TEST_HOST = "$(BUILT_PRODUCTS_DIR)/RiftEffects.app/RiftEffects";
			};
			name = Release;
		};
		A3BF503D24D3299100CD5114 /* Debug */ = {
			isa = XCBuildConfiguration;
			buildSettings = {
				ALWAYS_EMBED_SWIFT_STANDARD_LIBRARIES = YES;
				CODE_SIGN_STYLE = Automatic;
				DEVELOPMENT_TEAM = 9CZQPZ85AZ;
				INFOPLIST_FILE = WillsFilterToolUITests/Info.plist;
				IPHONEOS_DEPLOYMENT_TARGET = 15.2;
				LD_RUNPATH_SEARCH_PATHS = (
					"$(inherited)",
					"@executable_path/Frameworks",
					"@loader_path/Frameworks",
				);
				PRODUCT_BUNDLE_IDENTIFIER = "L-BSoftwareArtist.WillsFilterToolUITests";
				PRODUCT_NAME = "$(TARGET_NAME)";
				SWIFT_VERSION = 5.0;
				TARGETED_DEVICE_FAMILY = "1,2";
				TEST_TARGET_NAME = WillsFilterTool;
			};
			name = Debug;
		};
		A3BF503E24D3299100CD5114 /* Release */ = {
			isa = XCBuildConfiguration;
			buildSettings = {
				ALWAYS_EMBED_SWIFT_STANDARD_LIBRARIES = YES;
				CODE_SIGN_STYLE = Automatic;
				DEVELOPMENT_TEAM = 9CZQPZ85AZ;
				INFOPLIST_FILE = WillsFilterToolUITests/Info.plist;
				IPHONEOS_DEPLOYMENT_TARGET = 15.2;
				LD_RUNPATH_SEARCH_PATHS = (
					"$(inherited)",
					"@executable_path/Frameworks",
					"@loader_path/Frameworks",
				);
				PRODUCT_BUNDLE_IDENTIFIER = "L-BSoftwareArtist.WillsFilterToolUITests";
				PRODUCT_NAME = "$(TARGET_NAME)";
				SWIFT_VERSION = 5.0;
				TARGETED_DEVICE_FAMILY = "1,2";
				TEST_TARGET_NAME = WillsFilterTool;
			};
			name = Release;
		};
/* End XCBuildConfiguration section */

/* Begin XCConfigurationList section */
		A3BF500424D3298F00CD5114 /* Build configuration list for PBXProject "RiftEffects" */ = {
			isa = XCConfigurationList;
			buildConfigurations = (
				A3BF503424D3299100CD5114 /* Debug */,
				A3BF503524D3299100CD5114 /* Release */,
			);
			defaultConfigurationIsVisible = 0;
			defaultConfigurationName = Release;
		};
		A3BF503624D3299100CD5114 /* Build configuration list for PBXNativeTarget "RiftEffects" */ = {
			isa = XCConfigurationList;
			buildConfigurations = (
				A3BF503724D3299100CD5114 /* Debug */,
				A3BF503824D3299100CD5114 /* Release */,
			);
			defaultConfigurationIsVisible = 0;
			defaultConfigurationName = Release;
		};
		A3BF503924D3299100CD5114 /* Build configuration list for PBXNativeTarget "RiftEffectsTests" */ = {
			isa = XCConfigurationList;
			buildConfigurations = (
				A3BF503A24D3299100CD5114 /* Debug */,
				A3BF503B24D3299100CD5114 /* Release */,
			);
			defaultConfigurationIsVisible = 0;
			defaultConfigurationName = Release;
		};
		A3BF503C24D3299100CD5114 /* Build configuration list for PBXNativeTarget "RiftEffectsUITests" */ = {
			isa = XCConfigurationList;
			buildConfigurations = (
				A3BF503D24D3299100CD5114 /* Debug */,
				A3BF503E24D3299100CD5114 /* Release */,
			);
			defaultConfigurationIsVisible = 0;
			defaultConfigurationName = Release;
		};
/* End XCConfigurationList section */

/* Begin XCVersionGroup section */
		A3BF509024D32A3400CD5114 /* WillsFilterTool.xcdatamodeld */ = {
			isa = XCVersionGroup;
			children = (
				A3BF509124D32A3400CD5114 /* GlanceData.xcdatamodel */,
			);
			currentVersion = A3BF509124D32A3400CD5114 /* GlanceData.xcdatamodel */;
			path = WillsFilterTool.xcdatamodeld;
			sourceTree = "<group>";
			versionGroupType = wrapper.xcdatamodel;
		};
/* End XCVersionGroup section */
	};
	rootObject = A3BF500124D3298F00CD5114 /* Project object */;
}
